PODS:
  - AAPullToRefresh (1.0.2)
  - AFNetworking (2.1.0):
    - AFNetworking/NSURLConnection
    - AFNetworking/NSURLSession
    - AFNetworking/Reachability
    - AFNetworking/Security
    - AFNetworking/Serialization
    - AFNetworking/UIKit
  - AFNetworking/NSURLConnection (2.1.0):
    - AFNetworking/Reachability
    - AFNetworking/Security
    - AFNetworking/Serialization
  - AFNetworking/NSURLSession (2.1.0):
    - AFNetworking/NSURLConnection
  - AFNetworking/Reachability (2.1.0)
  - AFNetworking/Security (2.1.0)
  - AFNetworking/Serialization (2.1.0)
  - AFNetworking/UIKit (2.1.0):
    - AFNetworking/NSURLConnection
  - Appirater (2.0.2)
  - ECSlidingViewController (2.0.1)
  - hpple (0.2.0)
  - MBProgressHUD (0.8)
  - SDWebImage (3.5.2):
    - SDWebImage/Core
  - SDWebImage/Core (3.5.2)
  - UIActivityIndicator-for-SDWebImage (1.0.3):
    - SDWebImage (~> 3.2)

DEPENDENCIES:
  - AAPullToRefresh
  - AFNetworking
  - Appirater (~> 2.0.2)
  - ECSlidingViewController (~> 2.0.0)
  - hpple (~> 0.2.0)
  - MBProgressHUD (~> 0.8)
  - SDWebImage (~> 3.5.2)
  - UIActivityIndicator-for-SDWebImage

SPEC CHECKSUMS:
  AAPullToRefresh: cb06c382ebbcdd2b396e9b1b564d33e7580e44c5
  AFNetworking: c7d7901a83f631414c7eda1737261f696101a5cd
  Appirater: 32fb9089615b5e542c7ad7b5749741a8aed55290
  ECSlidingViewController: d7bb96ee5bbe261ed80ee16a513f94b9fd3c9767
  hpple: dde62f905f482bbec50186280d1a1be2c881241b
  MBProgressHUD: 2bbc6f470111daf7f3eaa4eb12b8cbf01c4c0622
  SDWebImage: fe7ce01ae4e0a884d168f59c9dd82d35baf8429e
  UIActivityIndicator-for-SDWebImage: e712b97826395022ce7b4a4b56eb7194090c19d5

COCOAPODS: 0.29.0
