// !$*UTF8*$!
{
	archiveVersion = 1;
	classes = {
	};
	objectVersion = 46;
	objects = {

/* Begin PBXBuildFile section */
		052144AB15C9A0FC00E8B090 /* new context.png in Resources */ = {isa = PBXBuildFile; fileRef = 052144AA15C9A0FC00E8B090 /* new context.png */; };
		0531B93815B222B10015A003 /* PelotoniaWeb.m in Sources */ = {isa = PBXBuildFile; fileRef = 0531B93715B222B10015A003 /* PelotoniaWeb.m */; };
		0531B94015B24FF00015A003 /* profile_default_thumb.jpg in Resources */ = {isa = PBXBuildFile; fileRef = 0531B93F15B24FF00015A003 /* profile_default_thumb.jpg */; };
		0531B94215B3206D0015A003 /* profile_default.jpg in Resources */ = {isa = PBXBuildFile; fileRef = 0531B94115B3206D0015A003 /* profile_default.jpg */; };
		4D15DDDC1621C9140050DB17 /* UIImage+Alpha.m in Sources */ = {isa = PBXBuildFile; fileRef = 4D15DDD71621C9140050DB17 /* UIImage+Alpha.m */; };
		4D15DDDD1621C9140050DB17 /* UIImage+Resize.m in Sources */ = {isa = PBXBuildFile; fileRef = 4D15DDD91621C9140050DB17 /* UIImage+Resize.m */; };
		4D15DDDE1621C9140050DB17 /* UIImage+RoundedCorner.m in Sources */ = {isa = PBXBuildFile; fileRef = 4D15DDDB1621C9140050DB17 /* UIImage+RoundedCorner.m */; };
		4D18B2D915FD0B90003F8416 /* AboutTableViewController.m in Sources */ = {isa = PBXBuildFile; fileRef = 4D18B2D815FD0B90003F8416 /* AboutTableViewController.m */; };
		4D35C72915B116E5006E5D5D /* RiderDataController.m in Sources */ = {isa = PBXBuildFile; fileRef = 4D35C72815B116E5006E5D5D /* RiderDataController.m */; };
		4D3CBA2915BE7F97006CB6C3 /* one-goal-wallpaper.jpg in Resources */ = {isa = PBXBuildFile; fileRef = 4D3CBA2815BE7F97006CB6C3 /* one-goal-wallpaper.jpg */; };
		4D3CBA2A15BE7FFE006CB6C3 /* ImageCache.m in Sources */ = {isa = PBXBuildFile; fileRef = 4D3CBA2715BE7F50006CB6C3 /* ImageCache.m */; };
		4D3ED0A215C38F5B006FFE04 /* PF_EULA_online.pdf in Resources */ = {isa = PBXBuildFile; fileRef = 4D3ED09215C38F5B006FFE04 /* PF_EULA_online.pdf */; };
		4D465A0C15C222CA00C7C506 /* Pelotonia_arrow.png in Resources */ = {isa = PBXBuildFile; fileRef = 4D465A0B15C222CA00C7C506 /* Pelotonia_arrow.png */; };
		4D465A0F15C222D300C7C506 /* Pelotonia_logo.png in Resources */ = {isa = PBXBuildFile; fileRef = 4D465A0E15C222D300C7C506 /* Pelotonia_logo.png */; };
		4D465A1115C224D500C7C506 /* Pelotonia_logo_22x216.png in Resources */ = {isa = PBXBuildFile; fileRef = 4D465A1015C224D500C7C506 /* Pelotonia_logo_22x216.png */; };
		4D465A1815C229D400C7C506 /* arrow.png in Resources */ = {isa = PBXBuildFile; fileRef = 4D465A1315C229D400C7C506 /* arrow.png */; };
		4D465A1915C229D400C7C506 /* arrow@2x.png in Resources */ = {isa = PBXBuildFile; fileRef = 4D465A1415C229D400C7C506 /* arrow@2x.png */; };
		4D465A1A15C229D400C7C506 /* PullToRefreshView.m in Sources */ = {isa = PBXBuildFile; fileRef = 4D465A1615C229D400C7C506 /* PullToRefreshView.m */; };
		4D465A1B15C229D400C7C506 /* README in Resources */ = {isa = PBXBuildFile; fileRef = 4D465A1715C229D400C7C506 /* README */; };
		4D465A1D15C22AB500C7C506 /* QuartzCore.framework in Frameworks */ = {isa = PBXBuildFile; fileRef = 4D465A1C15C22AB500C7C506 /* QuartzCore.framework */; };
		4D465A2015C233FE00C7C506 /* pelotonia-icon.png in Resources */ = {isa = PBXBuildFile; fileRef = 4D465A1E15C233FE00C7C506 /* pelotonia-icon.png */; };
		4D465A2115C233FE00C7C506 /* pelotonia-icon@2x.png in Resources */ = {isa = PBXBuildFile; fileRef = 4D465A1F15C233FE00C7C506 /* pelotonia-icon@2x.png */; };
		4D465A2415C2381300C7C506 /* one-goal-wallpaper.png in Resources */ = {isa = PBXBuildFile; fileRef = 4D465A2215C2381300C7C506 /* one-goal-wallpaper.png */; };
		4D465A2515C2381300C7C506 /* one-goal-wallpaper@2x.png in Resources */ = {isa = PBXBuildFile; fileRef = 4D465A2315C2381300C7C506 /* one-goal-wallpaper@2x.png */; };
		4D465A2715C2382600C7C506 /* Default.png in Resources */ = {isa = PBXBuildFile; fileRef = 4D465A2615C2382600C7C506 /* Default.png */; };
		4D465A2915C2382F00C7C506 /* Default@2x.png in Resources */ = {isa = PBXBuildFile; fileRef = 4D465A2815C2382F00C7C506 /* Default@2x.png */; };
		4D4A5B7415D2008C000174CE /* CoreLocation.framework in Frameworks */ = {isa = PBXBuildFile; fileRef = 4D4A5B7315D2008C000174CE /* CoreLocation.framework */; };
		4D4A5B7615D2009B000174CE /* MapKit.framework in Frameworks */ = {isa = PBXBuildFile; fileRef = 4D4A5B7515D2009B000174CE /* MapKit.framework */; };
		4D57C4E716171D1300ED7660 /* one-goal-wallpaper-586h@2x.png in Resources */ = {isa = PBXBuildFile; fileRef = 4D57C4E616171D1300ED7660 /* one-goal-wallpaper-586h@2x.png */; };
		4D57C4EA16171D3200ED7660 /* Default-568h@2x.png in Resources */ = {isa = PBXBuildFile; fileRef = 4D57C4E916171D3200ED7660 /* Default-568h@2x.png */; };
		4D99DE3F15D23A6300DA2B3D /* CoreLocation.framework in Frameworks */ = {isa = PBXBuildFile; fileRef = 4D99DE3E15D23A6300DA2B3D /* CoreLocation.framework */; };
		4DB3347715D229430056E794 /* libShareKit.a in Frameworks */ = {isa = PBXBuildFile; fileRef = 4DB3346D15D2290E0056E794 /* libShareKit.a */; };
		4DB3347815D229650056E794 /* ShareKit.bundle in Resources */ = {isa = PBXBuildFile; fileRef = 4DB3346F15D2290E0056E794 /* ShareKit.bundle */; };
		4DB3347A15D229C40056E794 /* Twitter.framework in Frameworks */ = {isa = PBXBuildFile; fileRef = 4DB3347915D229C40056E794 /* Twitter.framework */; };
		4DB3347C15D229DD0056E794 /* Security.framework in Frameworks */ = {isa = PBXBuildFile; fileRef = 4DB3347B15D229DC0056E794 /* Security.framework */; };
		4DB3347E15D229F70056E794 /* CoreFoundation.framework in Frameworks */ = {isa = PBXBuildFile; fileRef = 4DB3347D15D229F70056E794 /* CoreFoundation.framework */; };
		4DB3348115D22ED80056E794 /* PelotoniaSHKConfigurator.m in Sources */ = {isa = PBXBuildFile; fileRef = 4DB3348015D22ED80056E794 /* PelotoniaSHKConfigurator.m */; };
		4DB6490315C60D1A00980FCB /* TPKeyboardAvoidingScrollView.m in Sources */ = {isa = PBXBuildFile; fileRef = 4DB6490215C60D1A00980FCB /* TPKeyboardAvoidingScrollView.m */; };
		4DB6491615C60D4F00980FCB /* Appirater.m in Sources */ = {isa = PBXBuildFile; fileRef = 4DB6490615C60D4F00980FCB /* Appirater.m */; };
		4DB6491715C60D4F00980FCB /* Localizable.strings in Resources */ = {isa = PBXBuildFile; fileRef = 4DB6490715C60D4F00980FCB /* Localizable.strings */; };
		4DB6491815C60D4F00980FCB /* README.md in Resources */ = {isa = PBXBuildFile; fileRef = 4DB6491315C60D4F00980FCB /* README.md */; };
		4DB6492815C60F2E00980FCB /* PFDinTextPro-Bold.ttf in Resources */ = {isa = PBXBuildFile; fileRef = 4DB6491915C60F2E00980FCB /* PFDinTextPro-Bold.ttf */; };
		4DB6492915C60F2E00980FCB /* PFDinTextPro-BoldItalic.ttf in Resources */ = {isa = PBXBuildFile; fileRef = 4DB6491A15C60F2E00980FCB /* PFDinTextPro-BoldItalic.ttf */; };
		4DB6492A15C60F2E00980FCB /* PFDinTextPro-ExtraBlack.ttf in Resources */ = {isa = PBXBuildFile; fileRef = 4DB6491B15C60F2E00980FCB /* PFDinTextPro-ExtraBlack.ttf */; };
		4DB6492B15C60F2E00980FCB /* PFDinTextPro-ExtraBlackItalic.ttf in Resources */ = {isa = PBXBuildFile; fileRef = 4DB6491C15C60F2E00980FCB /* PFDinTextPro-ExtraBlackItalic.ttf */; };
		4DB6492C15C60F2E00980FCB /* PFDinTextPro-ExtraThin.ttf in Resources */ = {isa = PBXBuildFile; fileRef = 4DB6491D15C60F2E00980FCB /* PFDinTextPro-ExtraThin.ttf */; };
		4DB6492D15C60F2E00980FCB /* PFDinTextPro-ExtraThinItalic.ttf in Resources */ = {isa = PBXBuildFile; fileRef = 4DB6491E15C60F2E00980FCB /* PFDinTextPro-ExtraThinItalic.ttf */; };
		4DB6492E15C60F2E00980FCB /* PFDinTextPro-Hairline.ttf in Resources */ = {isa = PBXBuildFile; fileRef = 4DB6491F15C60F2E00980FCB /* PFDinTextPro-Hairline.ttf */; };
		4DB6492F15C60F2E00980FCB /* PFDinTextPro-Italic.ttf in Resources */ = {isa = PBXBuildFile; fileRef = 4DB6492015C60F2E00980FCB /* PFDinTextPro-Italic.ttf */; };
		4DB6493015C60F2E00980FCB /* PFDinTextPro-Light.ttf in Resources */ = {isa = PBXBuildFile; fileRef = 4DB6492115C60F2E00980FCB /* PFDinTextPro-Light.ttf */; };
		4DB6493115C60F2E00980FCB /* PFDinTextPro-LightItalic.ttf in Resources */ = {isa = PBXBuildFile; fileRef = 4DB6492215C60F2E00980FCB /* PFDinTextPro-LightItalic.ttf */; };
		4DB6493215C60F2E00980FCB /* PFDinTextPro-Medium.ttf in Resources */ = {isa = PBXBuildFile; fileRef = 4DB6492315C60F2E00980FCB /* PFDinTextPro-Medium.ttf */; };
		4DB6493315C60F2E00980FCB /* PFDinTextPro-MediumItalic.ttf in Resources */ = {isa = PBXBuildFile; fileRef = 4DB6492415C60F2E00980FCB /* PFDinTextPro-MediumItalic.ttf */; };
		4DB6493415C60F2E00980FCB /* PFDinTextPro-Regular.ttf in Resources */ = {isa = PBXBuildFile; fileRef = 4DB6492515C60F2E00980FCB /* PFDinTextPro-Regular.ttf */; };
		4DB6493515C60F2E00980FCB /* PFDinTextPro-Thin.ttf in Resources */ = {isa = PBXBuildFile; fileRef = 4DB6492615C60F2E00980FCB /* PFDinTextPro-Thin.ttf */; };
		4DB6493615C60F2E00980FCB /* PFDinTextPro-ThinItalic.ttf in Resources */ = {isa = PBXBuildFile; fileRef = 4DB6492715C60F2E00980FCB /* PFDinTextPro-ThinItalic.ttf */; };
		4DB6494515C6100400980FCB /* Baksheesh-Bold.ttf in Resources */ = {isa = PBXBuildFile; fileRef = 4DB6493915C6100400980FCB /* Baksheesh-Bold.ttf */; };
		4DB6494615C6100400980FCB /* Baksheesh-BoldExpert.ttf in Resources */ = {isa = PBXBuildFile; fileRef = 4DB6493A15C6100400980FCB /* Baksheesh-BoldExpert.ttf */; };
		4DB6494715C6100400980FCB /* Baksheesh-BoldItalic.ttf in Resources */ = {isa = PBXBuildFile; fileRef = 4DB6493B15C6100400980FCB /* Baksheesh-BoldItalic.ttf */; };
		4DB6494815C6100400980FCB /* Baksheesh-BoldItalicExpert.ttf in Resources */ = {isa = PBXBuildFile; fileRef = 4DB6493C15C6100400980FCB /* Baksheesh-BoldItalicExpert.ttf */; };
		4DB6494915C6100400980FCB /* Baksheesh-Italic.ttf in Resources */ = {isa = PBXBuildFile; fileRef = 4DB6493D15C6100400980FCB /* Baksheesh-Italic.ttf */; };
		4DB6494A15C6100400980FCB /* Baksheesh-ItalicExpert.ttf in Resources */ = {isa = PBXBuildFile; fileRef = 4DB6493E15C6100400980FCB /* Baksheesh-ItalicExpert.ttf */; };
		4DB6494B15C6100400980FCB /* Baksheesh-Regular.ttf in Resources */ = {isa = PBXBuildFile; fileRef = 4DB6493F15C6100400980FCB /* Baksheesh-Regular.ttf */; };
		4DB6494C15C6100400980FCB /* Baksheesh-RegularExpert.ttf in Resources */ = {isa = PBXBuildFile; fileRef = 4DB6494015C6100400980FCB /* Baksheesh-RegularExpert.ttf */; };
		4DB6494D15C6100400980FCB /* Baksheesh-Thin.ttf in Resources */ = {isa = PBXBuildFile; fileRef = 4DB6494115C6100400980FCB /* Baksheesh-Thin.ttf */; };
		4DB6494E15C6100400980FCB /* Baksheesh-ThinExpert.ttf in Resources */ = {isa = PBXBuildFile; fileRef = 4DB6494215C6100400980FCB /* Baksheesh-ThinExpert.ttf */; };
		4DB6494F15C6100400980FCB /* Baksheesh-ThinItalic.ttf in Resources */ = {isa = PBXBuildFile; fileRef = 4DB6494315C6100400980FCB /* Baksheesh-ThinItalic.ttf */; };
		4DB6495015C6100400980FCB /* Baksheesh-ThinItalicExpert.ttf in Resources */ = {isa = PBXBuildFile; fileRef = 4DB6494415C6100400980FCB /* Baksheesh-ThinItalicExpert.ttf */; };
		4DB6495715C619AC00980FCB /* (null) in Sources */ = {isa = PBXBuildFile; };
		4DB6495915C61B5600980FCB /* sandlot-logo.png in Resources */ = {isa = PBXBuildFile; fileRef = 4DB6495815C61B5600980FCB /* sandlot-logo.png */; };
		4DD0407A15B36E320073E7B6 /* 1.1_LOGOTYPE_RGB_GRN.png in Resources */ = {isa = PBXBuildFile; fileRef = 4DD0407915B36E320073E7B6 /* 1.1_LOGOTYPE_RGB_GRN.png */; };
		4DD7F53B15B5108300B1DF42 /* AddressBook.framework in Frameworks */ = {isa = PBXBuildFile; fileRef = 4DD7F53915B5108300B1DF42 /* AddressBook.framework */; };
		4DD7F53C15B5108300B1DF42 /* AddressBookUI.framework in Frameworks */ = {isa = PBXBuildFile; fileRef = 4DD7F53A15B5108300B1DF42 /* AddressBookUI.framework */; };
		4DD7F53F15B5108B00B1DF42 /* MessageUI.framework in Frameworks */ = {isa = PBXBuildFile; fileRef = 4DD7F53E15B5108B00B1DF42 /* MessageUI.framework */; };
		4DF7E28415DE8CBC00809BA2 /* 208-facebook.png in Resources */ = {isa = PBXBuildFile; fileRef = 4DF7E28215DE8CBC00809BA2 /* 208-facebook.png */; };
		4DF7E28515DE8CBC00809BA2 /* 208-facebook@2x.png in Resources */ = {isa = PBXBuildFile; fileRef = 4DF7E28315DE8CBC00809BA2 /* 208-facebook@2x.png */; };
		4DF7E28815DE8CD800809BA2 /* 209-twitter.png in Resources */ = {isa = PBXBuildFile; fileRef = 4DF7E28615DE8CD800809BA2 /* 209-twitter.png */; };
		4DF7E28915DE8CD800809BA2 /* 209-twitter@2x.png in Resources */ = {isa = PBXBuildFile; fileRef = 4DF7E28715DE8CD800809BA2 /* 209-twitter@2x.png */; };
		4DFA61E015F8545800BD7514 /* ProfileTableViewController.m in Sources */ = {isa = PBXBuildFile; fileRef = 4DFA61DF15F8545800BD7514 /* ProfileTableViewController.m */; };
		BCE3B7B715AE49DA00205530 /* UIKit.framework in Frameworks */ = {isa = PBXBuildFile; fileRef = BCE3B7B615AE49DA00205530 /* UIKit.framework */; };
		BCE3B7B915AE49DA00205530 /* Foundation.framework in Frameworks */ = {isa = PBXBuildFile; fileRef = BCE3B7B815AE49DA00205530 /* Foundation.framework */; };
		BCE3B7BB15AE49DA00205530 /* CoreGraphics.framework in Frameworks */ = {isa = PBXBuildFile; fileRef = BCE3B7BA15AE49DA00205530 /* CoreGraphics.framework */; };
		BCE3B7C115AE49DA00205530 /* InfoPlist.strings in Resources */ = {isa = PBXBuildFile; fileRef = BCE3B7BF15AE49DA00205530 /* InfoPlist.strings */; };
		BCE3B7C315AE49DA00205530 /* main.m in Sources */ = {isa = PBXBuildFile; fileRef = BCE3B7C215AE49DA00205530 /* main.m */; };
		BCE3B7C715AE49DA00205530 /* AppDelegate.m in Sources */ = {isa = PBXBuildFile; fileRef = BCE3B7C615AE49DA00205530 /* AppDelegate.m */; };
		BCE3B7CE15AE4A0C00205530 /* Storyboard.storyboard in Resources */ = {isa = PBXBuildFile; fileRef = BCE3B7CD15AE4A0C00205530 /* Storyboard.storyboard */; };
		BCE3B7D515AE4E7200205530 /* RidersViewController.m in Sources */ = {isa = PBXBuildFile; fileRef = BCE3B7D415AE4E7200205530 /* RidersViewController.m */; };
		BCE3B7F215AE516500205530 /* ASIAuthenticationDialog.m in Sources */ = {isa = PBXBuildFile; fileRef = BCE3B7DF15AE516500205530 /* ASIAuthenticationDialog.m */; settings = {COMPILER_FLAGS = "-fno-objc-arc"; }; };
		BCE3B7F315AE516500205530 /* ASIDataCompressor.m in Sources */ = {isa = PBXBuildFile; fileRef = BCE3B7E215AE516500205530 /* ASIDataCompressor.m */; settings = {COMPILER_FLAGS = "-fno-objc-arc"; }; };
		BCE3B7F415AE516500205530 /* ASIDataDecompressor.m in Sources */ = {isa = PBXBuildFile; fileRef = BCE3B7E415AE516500205530 /* ASIDataDecompressor.m */; settings = {COMPILER_FLAGS = "-fno-objc-arc"; }; };
		BCE3B7F515AE516500205530 /* ASIDownloadCache.m in Sources */ = {isa = PBXBuildFile; fileRef = BCE3B7E615AE516500205530 /* ASIDownloadCache.m */; settings = {COMPILER_FLAGS = "-fno-objc-arc"; }; };
		BCE3B7F615AE516500205530 /* ASIFormDataRequest.m in Sources */ = {isa = PBXBuildFile; fileRef = BCE3B7E815AE516500205530 /* ASIFormDataRequest.m */; settings = {COMPILER_FLAGS = "-fno-objc-arc -O0"; }; };
		BCE3B7F715AE516500205530 /* ASIHTTPRequest.m in Sources */ = {isa = PBXBuildFile; fileRef = BCE3B7EA15AE516500205530 /* ASIHTTPRequest.m */; settings = {COMPILER_FLAGS = "-fno-objc-arc -O0"; }; };
		BCE3B7F815AE516500205530 /* ASIInputStream.m in Sources */ = {isa = PBXBuildFile; fileRef = BCE3B7EE15AE516500205530 /* ASIInputStream.m */; settings = {COMPILER_FLAGS = "-fno-objc-arc"; }; };
		BCE3B7F915AE516500205530 /* ASINetworkQueue.m in Sources */ = {isa = PBXBuildFile; fileRef = BCE3B7F015AE516500205530 /* ASINetworkQueue.m */; settings = {COMPILER_FLAGS = "-fno-objc-arc"; }; };
		BCE3B7FD15AE518800205530 /* Reachability.m in Sources */ = {isa = PBXBuildFile; fileRef = BCE3B7FC15AE518800205530 /* Reachability.m */; settings = {COMPILER_FLAGS = "-fno-objc-arc"; }; };
		BCE3B7FF15AE519800205530 /* CFNetwork.framework in Frameworks */ = {isa = PBXBuildFile; fileRef = BCE3B7FE15AE519800205530 /* CFNetwork.framework */; };
		BCE3B80115AE51A000205530 /* SystemConfiguration.framework in Frameworks */ = {isa = PBXBuildFile; fileRef = BCE3B80015AE51A000205530 /* SystemConfiguration.framework */; };
		BCE3B80315AE51A800205530 /* MobileCoreServices.framework in Frameworks */ = {isa = PBXBuildFile; fileRef = BCE3B80215AE51A800205530 /* MobileCoreServices.framework */; };
		BCE3B80515AE51BC00205530 /* libz.dylib in Frameworks */ = {isa = PBXBuildFile; fileRef = BCE3B80415AE51BC00205530 /* libz.dylib */; };
		BCE3B81615AE573F00205530 /* TFHpple.m in Sources */ = {isa = PBXBuildFile; fileRef = BCE3B81115AE573F00205530 /* TFHpple.m */; };
		BCE3B81715AE573F00205530 /* TFHppleElement.m in Sources */ = {isa = PBXBuildFile; fileRef = BCE3B81315AE573F00205530 /* TFHppleElement.m */; };
		BCE3B81815AE573F00205530 /* XPathQuery.m in Sources */ = {isa = PBXBuildFile; fileRef = BCE3B81515AE573F00205530 /* XPathQuery.m */; };
		BCE3B81A15AE586800205530 /* libxml2.dylib in Frameworks */ = {isa = PBXBuildFile; fileRef = BCE3B81915AE586800205530 /* libxml2.dylib */; };
		BCE3B81E15AE5B6F00205530 /* Rider.m in Sources */ = {isa = PBXBuildFile; fileRef = BCE3B81D15AE5B6F00205530 /* Rider.m */; };
/* End PBXBuildFile section */

/* Begin PBXContainerItemProxy section */
		4DB3346A15D2290E0056E794 /* PBXContainerItemProxy */ = {
			isa = PBXContainerItemProxy;
			containerPortal = 4DB3345F15D2290D0056E794 /* ShareKit.xcodeproj */;
			proxyType = 2;
			remoteGlobalIDString = 1D6058910D05DD3D006BFB54;
			remoteInfo = "Demo App";
		};
		4DB3346C15D2290E0056E794 /* PBXContainerItemProxy */ = {
			isa = PBXContainerItemProxy;
			containerPortal = 4DB3345F15D2290D0056E794 /* ShareKit.xcodeproj */;
			proxyType = 2;
			remoteGlobalIDString = 7AB5342E1552AADD00171BCE;
			remoteInfo = "Static Library";
		};
		4DB3346E15D2290E0056E794 /* PBXContainerItemProxy */ = {
			isa = PBXContainerItemProxy;
			containerPortal = 4DB3345F15D2290D0056E794 /* ShareKit.xcodeproj */;
			proxyType = 2;
			remoteGlobalIDString = 7AB5360F1552E26800171BCE;
			remoteInfo = "Resource Bundle";
		};
		4DB3347015D2290E0056E794 /* PBXContainerItemProxy */ = {
			isa = PBXContainerItemProxy;
			containerPortal = 4DB3345F15D2290D0056E794 /* ShareKit.xcodeproj */;
			proxyType = 2;
			remoteGlobalIDString = 7A0F9246156BA2A0009CB40A;
			remoteInfo = "Static Library No Submodules";
		};
		4DB3347315D229320056E794 /* PBXContainerItemProxy */ = {
			isa = PBXContainerItemProxy;
			containerPortal = 4DB3345F15D2290D0056E794 /* ShareKit.xcodeproj */;
			proxyType = 1;
			remoteGlobalIDString = 7AB5342D1552AADD00171BCE;
			remoteInfo = "Static Library";
		};
		4DB3347515D229320056E794 /* PBXContainerItemProxy */ = {
			isa = PBXContainerItemProxy;
			containerPortal = 4DB3345F15D2290D0056E794 /* ShareKit.xcodeproj */;
			proxyType = 1;
			remoteGlobalIDString = 7AB5360E1552E26800171BCE;
			remoteInfo = "Resource Bundle";
		};
/* End PBXContainerItemProxy section */

/* Begin PBXFileReference section */
		052144AA15C9A0FC00E8B090 /* new context.png */ = {isa = PBXFileReference; lastKnownFileType = image.png; path = "new context.png"; sourceTree = "<group>"; };
		0531B93615B222B10015A003 /* PelotoniaWeb.h */ = {isa = PBXFileReference; fileEncoding = 4; lastKnownFileType = sourcecode.c.h; name = PelotoniaWeb.h; path = Vendor/PelotoniaWeb/PelotoniaWeb.h; sourceTree = "<group>"; };
		0531B93715B222B10015A003 /* PelotoniaWeb.m */ = {isa = PBXFileReference; fileEncoding = 4; lastKnownFileType = sourcecode.c.objc; name = PelotoniaWeb.m; path = Vendor/PelotoniaWeb/PelotoniaWeb.m; sourceTree = "<group>"; };
		0531B93F15B24FF00015A003 /* profile_default_thumb.jpg */ = {isa = PBXFileReference; lastKnownFileType = image.jpeg; path = profile_default_thumb.jpg; sourceTree = "<group>"; };
		0531B94115B3206D0015A003 /* profile_default.jpg */ = {isa = PBXFileReference; lastKnownFileType = image.jpeg; path = profile_default.jpg; sourceTree = "<group>"; };
		4D15DDD61621C9140050DB17 /* UIImage+Alpha.h */ = {isa = PBXFileReference; fileEncoding = 4; lastKnownFileType = sourcecode.c.h; path = "UIImage+Alpha.h"; sourceTree = "<group>"; };
		4D15DDD71621C9140050DB17 /* UIImage+Alpha.m */ = {isa = PBXFileReference; fileEncoding = 4; lastKnownFileType = sourcecode.c.objc; path = "UIImage+Alpha.m"; sourceTree = "<group>"; };
		4D15DDD81621C9140050DB17 /* UIImage+Resize.h */ = {isa = PBXFileReference; fileEncoding = 4; lastKnownFileType = sourcecode.c.h; path = "UIImage+Resize.h"; sourceTree = "<group>"; };
		4D15DDD91621C9140050DB17 /* UIImage+Resize.m */ = {isa = PBXFileReference; fileEncoding = 4; lastKnownFileType = sourcecode.c.objc; path = "UIImage+Resize.m"; sourceTree = "<group>"; };
		4D15DDDA1621C9140050DB17 /* UIImage+RoundedCorner.h */ = {isa = PBXFileReference; fileEncoding = 4; lastKnownFileType = sourcecode.c.h; path = "UIImage+RoundedCorner.h"; sourceTree = "<group>"; };
		4D15DDDB1621C9140050DB17 /* UIImage+RoundedCorner.m */ = {isa = PBXFileReference; fileEncoding = 4; lastKnownFileType = sourcecode.c.objc; path = "UIImage+RoundedCorner.m"; sourceTree = "<group>"; };
		4D18B2D715FD0B90003F8416 /* AboutTableViewController.h */ = {isa = PBXFileReference; fileEncoding = 4; lastKnownFileType = sourcecode.c.h; name = AboutTableViewController.h; path = Controllers/AboutTableViewController.h; sourceTree = "<group>"; };
		4D18B2D815FD0B90003F8416 /* AboutTableViewController.m */ = {isa = PBXFileReference; fileEncoding = 4; lastKnownFileType = sourcecode.c.objc; name = AboutTableViewController.m; path = Controllers/AboutTableViewController.m; sourceTree = "<group>"; };
		4D35C72715B116E5006E5D5D /* RiderDataController.h */ = {isa = PBXFileReference; fileEncoding = 4; lastKnownFileType = sourcecode.c.h; name = RiderDataController.h; path = Models/RiderDataController.h; sourceTree = "<group>"; };
		4D35C72815B116E5006E5D5D /* RiderDataController.m */ = {isa = PBXFileReference; fileEncoding = 4; lastKnownFileType = sourcecode.c.objc; name = RiderDataController.m; path = Models/RiderDataController.m; sourceTree = "<group>"; };
		4D3CBA2615BE7F50006CB6C3 /* ImageCache.h */ = {isa = PBXFileReference; lastKnownFileType = sourcecode.c.h; name = ImageCache.h; path = Models/ImageCache.h; sourceTree = "<group>"; };
		4D3CBA2715BE7F50006CB6C3 /* ImageCache.m */ = {isa = PBXFileReference; lastKnownFileType = sourcecode.c.objc; name = ImageCache.m; path = Models/ImageCache.m; sourceTree = "<group>"; };
		4D3CBA2815BE7F97006CB6C3 /* one-goal-wallpaper.jpg */ = {isa = PBXFileReference; lastKnownFileType = image.jpeg; path = "one-goal-wallpaper.jpg"; sourceTree = "<group>"; };
		4D3ED09215C38F5B006FFE04 /* PF_EULA_online.pdf */ = {isa = PBXFileReference; lastKnownFileType = image.pdf; path = PF_EULA_online.pdf; sourceTree = "<group>"; };
		4D465A0B15C222CA00C7C506 /* Pelotonia_arrow.png */ = {isa = PBXFileReference; lastKnownFileType = image.png; path = Pelotonia_arrow.png; sourceTree = "<group>"; };
		4D465A0E15C222D300C7C506 /* Pelotonia_logo.png */ = {isa = PBXFileReference; lastKnownFileType = image.png; path = Pelotonia_logo.png; sourceTree = "<group>"; };
		4D465A1015C224D500C7C506 /* Pelotonia_logo_22x216.png */ = {isa = PBXFileReference; lastKnownFileType = image.png; path = Pelotonia_logo_22x216.png; sourceTree = "<group>"; };
		4D465A1315C229D400C7C506 /* arrow.png */ = {isa = PBXFileReference; lastKnownFileType = image.png; path = arrow.png; sourceTree = "<group>"; };
		4D465A1415C229D400C7C506 /* arrow@2x.png */ = {isa = PBXFileReference; lastKnownFileType = image.png; path = "arrow@2x.png"; sourceTree = "<group>"; };
		4D465A1515C229D400C7C506 /* PullToRefreshView.h */ = {isa = PBXFileReference; fileEncoding = 4; lastKnownFileType = sourcecode.c.h; path = PullToRefreshView.h; sourceTree = "<group>"; };
		4D465A1615C229D400C7C506 /* PullToRefreshView.m */ = {isa = PBXFileReference; fileEncoding = 4; lastKnownFileType = sourcecode.c.objc; path = PullToRefreshView.m; sourceTree = "<group>"; };
		4D465A1715C229D400C7C506 /* README */ = {isa = PBXFileReference; fileEncoding = 4; lastKnownFileType = text; path = README; sourceTree = "<group>"; };
		4D465A1C15C22AB500C7C506 /* QuartzCore.framework */ = {isa = PBXFileReference; lastKnownFileType = wrapper.framework; name = QuartzCore.framework; path = System/Library/Frameworks/QuartzCore.framework; sourceTree = SDKROOT; };
		4D465A1E15C233FE00C7C506 /* pelotonia-icon.png */ = {isa = PBXFileReference; lastKnownFileType = image.png; path = "pelotonia-icon.png"; sourceTree = "<group>"; };
		4D465A1F15C233FE00C7C506 /* pelotonia-icon@2x.png */ = {isa = PBXFileReference; lastKnownFileType = image.png; path = "pelotonia-icon@2x.png"; sourceTree = "<group>"; };
		4D465A2215C2381300C7C506 /* one-goal-wallpaper.png */ = {isa = PBXFileReference; lastKnownFileType = image.png; path = "one-goal-wallpaper.png"; sourceTree = "<group>"; };
		4D465A2315C2381300C7C506 /* one-goal-wallpaper@2x.png */ = {isa = PBXFileReference; lastKnownFileType = image.png; path = "one-goal-wallpaper@2x.png"; sourceTree = "<group>"; };
		4D465A2615C2382600C7C506 /* Default.png */ = {isa = PBXFileReference; lastKnownFileType = image.png; path = Default.png; sourceTree = "<group>"; };
		4D465A2815C2382F00C7C506 /* Default@2x.png */ = {isa = PBXFileReference; lastKnownFileType = image.png; path = "Default@2x.png"; sourceTree = "<group>"; };
		4D4A5B7315D2008C000174CE /* CoreLocation.framework */ = {isa = PBXFileReference; lastKnownFileType = wrapper.framework; name = CoreLocation.framework; path = System/Library/Frameworks/CoreLocation.framework; sourceTree = SDKROOT; };
		4D4A5B7515D2009B000174CE /* MapKit.framework */ = {isa = PBXFileReference; lastKnownFileType = wrapper.framework; name = MapKit.framework; path = System/Library/Frameworks/MapKit.framework; sourceTree = SDKROOT; };
		4D57C4E616171D1300ED7660 /* one-goal-wallpaper-586h@2x.png */ = {isa = PBXFileReference; lastKnownFileType = image.png; path = "one-goal-wallpaper-586h@2x.png"; sourceTree = "<group>"; };
		4D57C4E916171D3200ED7660 /* Default-568h@2x.png */ = {isa = PBXFileReference; lastKnownFileType = image.png; path = "Default-568h@2x.png"; sourceTree = "<group>"; };
		4D99DE3E15D23A6300DA2B3D /* CoreLocation.framework */ = {isa = PBXFileReference; lastKnownFileType = wrapper.framework; name = CoreLocation.framework; path = System/Library/Frameworks/CoreLocation.framework; sourceTree = SDKROOT; };
		4DB3345F15D2290D0056E794 /* ShareKit.xcodeproj */ = {isa = PBXFileReference; lastKnownFileType = "wrapper.pb-project"; name = ShareKit.xcodeproj; path = Pelotonia/Vendor/ShareKit/ShareKit.xcodeproj; sourceTree = "<group>"; };
		4DB3347915D229C40056E794 /* Twitter.framework */ = {isa = PBXFileReference; lastKnownFileType = wrapper.framework; name = Twitter.framework; path = System/Library/Frameworks/Twitter.framework; sourceTree = SDKROOT; };
		4DB3347B15D229DC0056E794 /* Security.framework */ = {isa = PBXFileReference; lastKnownFileType = wrapper.framework; name = Security.framework; path = System/Library/Frameworks/Security.framework; sourceTree = SDKROOT; };
		4DB3347D15D229F70056E794 /* CoreFoundation.framework */ = {isa = PBXFileReference; lastKnownFileType = wrapper.framework; name = CoreFoundation.framework; path = System/Library/Frameworks/CoreFoundation.framework; sourceTree = SDKROOT; };
		4DB3347F15D22ED80056E794 /* PelotoniaSHKConfigurator.h */ = {isa = PBXFileReference; fileEncoding = 4; lastKnownFileType = sourcecode.c.h; name = PelotoniaSHKConfigurator.h; path = Models/PelotoniaSHKConfigurator.h; sourceTree = "<group>"; };
		4DB3348015D22ED80056E794 /* PelotoniaSHKConfigurator.m */ = {isa = PBXFileReference; fileEncoding = 4; lastKnownFileType = sourcecode.c.objc; name = PelotoniaSHKConfigurator.m; path = Models/PelotoniaSHKConfigurator.m; sourceTree = "<group>"; };
		4DB6490115C60D1A00980FCB /* TPKeyboardAvoidingScrollView.h */ = {isa = PBXFileReference; fileEncoding = 4; lastKnownFileType = sourcecode.c.h; path = TPKeyboardAvoidingScrollView.h; sourceTree = "<group>"; };
		4DB6490215C60D1A00980FCB /* TPKeyboardAvoidingScrollView.m */ = {isa = PBXFileReference; fileEncoding = 4; lastKnownFileType = sourcecode.c.objc; path = TPKeyboardAvoidingScrollView.m; sourceTree = "<group>"; };
		4DB6490515C60D4F00980FCB /* Appirater.h */ = {isa = PBXFileReference; fileEncoding = 4; lastKnownFileType = sourcecode.c.h; path = Appirater.h; sourceTree = "<group>"; };
		4DB6490615C60D4F00980FCB /* Appirater.m */ = {isa = PBXFileReference; fileEncoding = 4; lastKnownFileType = sourcecode.c.objc; path = Appirater.m; sourceTree = "<group>"; };
		4DB6490815C60D4F00980FCB /* da */ = {isa = PBXFileReference; lastKnownFileType = text.plist.strings; name = da; path = da.lproj/Localizable.strings; sourceTree = "<group>"; };
		4DB6490915C60D4F00980FCB /* de */ = {isa = PBXFileReference; lastKnownFileType = text.plist.strings; name = de; path = de.lproj/Localizable.strings; sourceTree = "<group>"; };
		4DB6490A15C60D4F00980FCB /* en */ = {isa = PBXFileReference; lastKnownFileType = text.plist.strings; name = en; path = en.lproj/Localizable.strings; sourceTree = "<group>"; };
		4DB6490B15C60D4F00980FCB /* es */ = {isa = PBXFileReference; lastKnownFileType = text.plist.strings; name = es; path = es.lproj/Localizable.strings; sourceTree = "<group>"; };
		4DB6490C15C60D4F00980FCB /* fr */ = {isa = PBXFileReference; lastKnownFileType = text.plist.strings; name = fr; path = fr.lproj/Localizable.strings; sourceTree = "<group>"; };
		4DB6490D15C60D4F00980FCB /* it */ = {isa = PBXFileReference; lastKnownFileType = text.plist.strings; name = it; path = it.lproj/Localizable.strings; sourceTree = "<group>"; };
		4DB6490E15C60D4F00980FCB /* ja */ = {isa = PBXFileReference; lastKnownFileType = text.plist.strings; name = ja; path = ja.lproj/Localizable.strings; sourceTree = "<group>"; };
		4DB6490F15C60D4F00980FCB /* ko */ = {isa = PBXFileReference; lastKnownFileType = text.plist.strings; name = ko; path = ko.lproj/Localizable.strings; sourceTree = "<group>"; };
		4DB6491015C60D4F00980FCB /* nl */ = {isa = PBXFileReference; lastKnownFileType = text.plist.strings; name = nl; path = nl.lproj/Localizable.strings; sourceTree = "<group>"; };
		4DB6491115C60D4F00980FCB /* pl */ = {isa = PBXFileReference; lastKnownFileType = text.plist.strings; name = pl; path = pl.lproj/Localizable.strings; sourceTree = "<group>"; };
		4DB6491215C60D4F00980FCB /* pt */ = {isa = PBXFileReference; lastKnownFileType = text.plist.strings; name = pt; path = pt.lproj/Localizable.strings; sourceTree = "<group>"; };
		4DB6491315C60D4F00980FCB /* README.md */ = {isa = PBXFileReference; fileEncoding = 4; lastKnownFileType = text; path = README.md; sourceTree = "<group>"; };
		4DB6491415C60D4F00980FCB /* ru */ = {isa = PBXFileReference; lastKnownFileType = text.plist.strings; name = ru; path = ru.lproj/Localizable.strings; sourceTree = "<group>"; };
		4DB6491515C60D4F00980FCB /* sv */ = {isa = PBXFileReference; lastKnownFileType = text.plist.strings; name = sv; path = sv.lproj/Localizable.strings; sourceTree = "<group>"; };
		4DB6491915C60F2E00980FCB /* PFDinTextPro-Bold.ttf */ = {isa = PBXFileReference; lastKnownFileType = file; path = "PFDinTextPro-Bold.ttf"; sourceTree = "<group>"; };
		4DB6491A15C60F2E00980FCB /* PFDinTextPro-BoldItalic.ttf */ = {isa = PBXFileReference; lastKnownFileType = file; path = "PFDinTextPro-BoldItalic.ttf"; sourceTree = "<group>"; };
		4DB6491B15C60F2E00980FCB /* PFDinTextPro-ExtraBlack.ttf */ = {isa = PBXFileReference; lastKnownFileType = file; path = "PFDinTextPro-ExtraBlack.ttf"; sourceTree = "<group>"; };
		4DB6491C15C60F2E00980FCB /* PFDinTextPro-ExtraBlackItalic.ttf */ = {isa = PBXFileReference; lastKnownFileType = file; path = "PFDinTextPro-ExtraBlackItalic.ttf"; sourceTree = "<group>"; };
		4DB6491D15C60F2E00980FCB /* PFDinTextPro-ExtraThin.ttf */ = {isa = PBXFileReference; lastKnownFileType = file; path = "PFDinTextPro-ExtraThin.ttf"; sourceTree = "<group>"; };
		4DB6491E15C60F2E00980FCB /* PFDinTextPro-ExtraThinItalic.ttf */ = {isa = PBXFileReference; lastKnownFileType = file; path = "PFDinTextPro-ExtraThinItalic.ttf"; sourceTree = "<group>"; };
		4DB6491F15C60F2E00980FCB /* PFDinTextPro-Hairline.ttf */ = {isa = PBXFileReference; lastKnownFileType = file; path = "PFDinTextPro-Hairline.ttf"; sourceTree = "<group>"; };
		4DB6492015C60F2E00980FCB /* PFDinTextPro-Italic.ttf */ = {isa = PBXFileReference; lastKnownFileType = file; path = "PFDinTextPro-Italic.ttf"; sourceTree = "<group>"; };
		4DB6492115C60F2E00980FCB /* PFDinTextPro-Light.ttf */ = {isa = PBXFileReference; lastKnownFileType = file; path = "PFDinTextPro-Light.ttf"; sourceTree = "<group>"; };
		4DB6492215C60F2E00980FCB /* PFDinTextPro-LightItalic.ttf */ = {isa = PBXFileReference; lastKnownFileType = file; path = "PFDinTextPro-LightItalic.ttf"; sourceTree = "<group>"; };
		4DB6492315C60F2E00980FCB /* PFDinTextPro-Medium.ttf */ = {isa = PBXFileReference; lastKnownFileType = file; path = "PFDinTextPro-Medium.ttf"; sourceTree = "<group>"; };
		4DB6492415C60F2E00980FCB /* PFDinTextPro-MediumItalic.ttf */ = {isa = PBXFileReference; lastKnownFileType = file; path = "PFDinTextPro-MediumItalic.ttf"; sourceTree = "<group>"; };
		4DB6492515C60F2E00980FCB /* PFDinTextPro-Regular.ttf */ = {isa = PBXFileReference; lastKnownFileType = file; path = "PFDinTextPro-Regular.ttf"; sourceTree = "<group>"; };
		4DB6492615C60F2E00980FCB /* PFDinTextPro-Thin.ttf */ = {isa = PBXFileReference; lastKnownFileType = file; path = "PFDinTextPro-Thin.ttf"; sourceTree = "<group>"; };
		4DB6492715C60F2E00980FCB /* PFDinTextPro-ThinItalic.ttf */ = {isa = PBXFileReference; lastKnownFileType = file; path = "PFDinTextPro-ThinItalic.ttf"; sourceTree = "<group>"; };
		4DB6493915C6100400980FCB /* Baksheesh-Bold.ttf */ = {isa = PBXFileReference; lastKnownFileType = file; path = "Baksheesh-Bold.ttf"; sourceTree = "<group>"; };
		4DB6493A15C6100400980FCB /* Baksheesh-BoldExpert.ttf */ = {isa = PBXFileReference; lastKnownFileType = file; path = "Baksheesh-BoldExpert.ttf"; sourceTree = "<group>"; };
		4DB6493B15C6100400980FCB /* Baksheesh-BoldItalic.ttf */ = {isa = PBXFileReference; lastKnownFileType = file; path = "Baksheesh-BoldItalic.ttf"; sourceTree = "<group>"; };
		4DB6493C15C6100400980FCB /* Baksheesh-BoldItalicExpert.ttf */ = {isa = PBXFileReference; lastKnownFileType = file; path = "Baksheesh-BoldItalicExpert.ttf"; sourceTree = "<group>"; };
		4DB6493D15C6100400980FCB /* Baksheesh-Italic.ttf */ = {isa = PBXFileReference; lastKnownFileType = file; path = "Baksheesh-Italic.ttf"; sourceTree = "<group>"; };
		4DB6493E15C6100400980FCB /* Baksheesh-ItalicExpert.ttf */ = {isa = PBXFileReference; lastKnownFileType = file; path = "Baksheesh-ItalicExpert.ttf"; sourceTree = "<group>"; };
		4DB6493F15C6100400980FCB /* Baksheesh-Regular.ttf */ = {isa = PBXFileReference; lastKnownFileType = file; path = "Baksheesh-Regular.ttf"; sourceTree = "<group>"; };
		4DB6494015C6100400980FCB /* Baksheesh-RegularExpert.ttf */ = {isa = PBXFileReference; lastKnownFileType = file; path = "Baksheesh-RegularExpert.ttf"; sourceTree = "<group>"; };
		4DB6494115C6100400980FCB /* Baksheesh-Thin.ttf */ = {isa = PBXFileReference; lastKnownFileType = file; path = "Baksheesh-Thin.ttf"; sourceTree = "<group>"; };
		4DB6494215C6100400980FCB /* Baksheesh-ThinExpert.ttf */ = {isa = PBXFileReference; lastKnownFileType = file; path = "Baksheesh-ThinExpert.ttf"; sourceTree = "<group>"; };
		4DB6494315C6100400980FCB /* Baksheesh-ThinItalic.ttf */ = {isa = PBXFileReference; lastKnownFileType = file; path = "Baksheesh-ThinItalic.ttf"; sourceTree = "<group>"; };
		4DB6494415C6100400980FCB /* Baksheesh-ThinItalicExpert.ttf */ = {isa = PBXFileReference; lastKnownFileType = file; path = "Baksheesh-ThinItalicExpert.ttf"; sourceTree = "<group>"; };
		4DB6495215C6146400980FCB /* SHKActivityIndicator.h */ = {isa = PBXFileReference; fileEncoding = 4; lastKnownFileType = sourcecode.c.h; path = SHKActivityIndicator.h; sourceTree = "<group>"; };
		4DB6495315C6146400980FCB /* SHKActivityIndicator.m */ = {isa = PBXFileReference; fileEncoding = 4; lastKnownFileType = sourcecode.c.objc; path = SHKActivityIndicator.m; sourceTree = "<group>"; };
		4DB6495815C61B5600980FCB /* sandlot-logo.png */ = {isa = PBXFileReference; lastKnownFileType = image.png; path = "sandlot-logo.png"; sourceTree = "<group>"; };
		4DD0407915B36E320073E7B6 /* 1.1_LOGOTYPE_RGB_GRN.png */ = {isa = PBXFileReference; lastKnownFileType = image.png; name = 1.1_LOGOTYPE_RGB_GRN.png; path = ../Resources/1.1_LOGOTYPE_RGB_GRN.png; sourceTree = "<group>"; };
		4DD0407B15B36FF80073E7B6 /* Pelotonia-Colors.h */ = {isa = PBXFileReference; lastKnownFileType = sourcecode.c.h; path = "Pelotonia-Colors.h"; sourceTree = "<group>"; };
		4DD7F53915B5108300B1DF42 /* AddressBook.framework */ = {isa = PBXFileReference; lastKnownFileType = wrapper.framework; name = AddressBook.framework; path = System/Library/Frameworks/AddressBook.framework; sourceTree = SDKROOT; };
		4DD7F53A15B5108300B1DF42 /* AddressBookUI.framework */ = {isa = PBXFileReference; lastKnownFileType = wrapper.framework; name = AddressBookUI.framework; path = System/Library/Frameworks/AddressBookUI.framework; sourceTree = SDKROOT; };
		4DD7F53E15B5108B00B1DF42 /* MessageUI.framework */ = {isa = PBXFileReference; lastKnownFileType = wrapper.framework; name = MessageUI.framework; path = System/Library/Frameworks/MessageUI.framework; sourceTree = SDKROOT; };
		4DF7E28215DE8CBC00809BA2 /* 208-facebook.png */ = {isa = PBXFileReference; lastKnownFileType = image.png; path = "208-facebook.png"; sourceTree = "<group>"; };
		4DF7E28315DE8CBC00809BA2 /* 208-facebook@2x.png */ = {isa = PBXFileReference; lastKnownFileType = image.png; path = "208-facebook@2x.png"; sourceTree = "<group>"; };
		4DF7E28615DE8CD800809BA2 /* 209-twitter.png */ = {isa = PBXFileReference; lastKnownFileType = image.png; path = "209-twitter.png"; sourceTree = "<group>"; };
		4DF7E28715DE8CD800809BA2 /* 209-twitter@2x.png */ = {isa = PBXFileReference; lastKnownFileType = image.png; path = "209-twitter@2x.png"; sourceTree = "<group>"; };
		4DFA61DE15F8545800BD7514 /* ProfileTableViewController.h */ = {isa = PBXFileReference; fileEncoding = 4; lastKnownFileType = sourcecode.c.h; name = ProfileTableViewController.h; path = Controllers/ProfileTableViewController.h; sourceTree = "<group>"; };
		4DFA61DF15F8545800BD7514 /* ProfileTableViewController.m */ = {isa = PBXFileReference; fileEncoding = 4; lastKnownFileType = sourcecode.c.objc; name = ProfileTableViewController.m; path = Controllers/ProfileTableViewController.m; sourceTree = "<group>"; };
		BCE3B7B215AE49DA00205530 /* Pelotonia.app */ = {isa = PBXFileReference; explicitFileType = wrapper.application; includeInIndex = 0; path = Pelotonia.app; sourceTree = BUILT_PRODUCTS_DIR; };
		BCE3B7B615AE49DA00205530 /* UIKit.framework */ = {isa = PBXFileReference; lastKnownFileType = wrapper.framework; name = UIKit.framework; path = System/Library/Frameworks/UIKit.framework; sourceTree = SDKROOT; };
		BCE3B7B815AE49DA00205530 /* Foundation.framework */ = {isa = PBXFileReference; lastKnownFileType = wrapper.framework; name = Foundation.framework; path = System/Library/Frameworks/Foundation.framework; sourceTree = SDKROOT; };
		BCE3B7BA15AE49DA00205530 /* CoreGraphics.framework */ = {isa = PBXFileReference; lastKnownFileType = wrapper.framework; name = CoreGraphics.framework; path = System/Library/Frameworks/CoreGraphics.framework; sourceTree = SDKROOT; };
		BCE3B7BE15AE49DA00205530 /* Pelotonia-Info.plist */ = {isa = PBXFileReference; lastKnownFileType = text.plist.xml; path = "Pelotonia-Info.plist"; sourceTree = "<group>"; };
		BCE3B7C015AE49DA00205530 /* en */ = {isa = PBXFileReference; lastKnownFileType = text.plist.strings; name = en; path = en.lproj/InfoPlist.strings; sourceTree = "<group>"; };
		BCE3B7C215AE49DA00205530 /* main.m */ = {isa = PBXFileReference; lastKnownFileType = sourcecode.c.objc; path = main.m; sourceTree = "<group>"; };
		BCE3B7C415AE49DA00205530 /* Pelotonia-Prefix.pch */ = {isa = PBXFileReference; lastKnownFileType = sourcecode.c.h; path = "Pelotonia-Prefix.pch"; sourceTree = "<group>"; };
		BCE3B7C515AE49DA00205530 /* AppDelegate.h */ = {isa = PBXFileReference; lastKnownFileType = sourcecode.c.h; path = AppDelegate.h; sourceTree = "<group>"; };
		BCE3B7C615AE49DA00205530 /* AppDelegate.m */ = {isa = PBXFileReference; lastKnownFileType = sourcecode.c.objc; path = AppDelegate.m; sourceTree = "<group>"; };
		BCE3B7CD15AE4A0C00205530 /* Storyboard.storyboard */ = {isa = PBXFileReference; fileEncoding = 4; lastKnownFileType = file.storyboard; path = Storyboard.storyboard; sourceTree = "<group>"; };
		BCE3B7D315AE4E7200205530 /* RidersViewController.h */ = {isa = PBXFileReference; fileEncoding = 4; lastKnownFileType = sourcecode.c.h; name = RidersViewController.h; path = Controllers/RidersViewController.h; sourceTree = "<group>"; };
		BCE3B7D415AE4E7200205530 /* RidersViewController.m */ = {isa = PBXFileReference; fileEncoding = 4; lastKnownFileType = sourcecode.c.objc; name = RidersViewController.m; path = Controllers/RidersViewController.m; sourceTree = "<group>"; };
		BCE3B7DE15AE516500205530 /* ASIAuthenticationDialog.h */ = {isa = PBXFileReference; fileEncoding = 4; lastKnownFileType = sourcecode.c.h; path = ASIAuthenticationDialog.h; sourceTree = "<group>"; };
		BCE3B7DF15AE516500205530 /* ASIAuthenticationDialog.m */ = {isa = PBXFileReference; fileEncoding = 4; lastKnownFileType = sourcecode.c.objc; path = ASIAuthenticationDialog.m; sourceTree = "<group>"; };
		BCE3B7E015AE516500205530 /* ASICacheDelegate.h */ = {isa = PBXFileReference; fileEncoding = 4; lastKnownFileType = sourcecode.c.h; path = ASICacheDelegate.h; sourceTree = "<group>"; };
		BCE3B7E115AE516500205530 /* ASIDataCompressor.h */ = {isa = PBXFileReference; fileEncoding = 4; lastKnownFileType = sourcecode.c.h; path = ASIDataCompressor.h; sourceTree = "<group>"; };
		BCE3B7E215AE516500205530 /* ASIDataCompressor.m */ = {isa = PBXFileReference; fileEncoding = 4; lastKnownFileType = sourcecode.c.objc; path = ASIDataCompressor.m; sourceTree = "<group>"; };
		BCE3B7E315AE516500205530 /* ASIDataDecompressor.h */ = {isa = PBXFileReference; fileEncoding = 4; lastKnownFileType = sourcecode.c.h; path = ASIDataDecompressor.h; sourceTree = "<group>"; };
		BCE3B7E415AE516500205530 /* ASIDataDecompressor.m */ = {isa = PBXFileReference; fileEncoding = 4; lastKnownFileType = sourcecode.c.objc; path = ASIDataDecompressor.m; sourceTree = "<group>"; };
		BCE3B7E515AE516500205530 /* ASIDownloadCache.h */ = {isa = PBXFileReference; fileEncoding = 4; lastKnownFileType = sourcecode.c.h; path = ASIDownloadCache.h; sourceTree = "<group>"; };
		BCE3B7E615AE516500205530 /* ASIDownloadCache.m */ = {isa = PBXFileReference; fileEncoding = 4; lastKnownFileType = sourcecode.c.objc; path = ASIDownloadCache.m; sourceTree = "<group>"; };
		BCE3B7E715AE516500205530 /* ASIFormDataRequest.h */ = {isa = PBXFileReference; fileEncoding = 4; lastKnownFileType = sourcecode.c.h; path = ASIFormDataRequest.h; sourceTree = "<group>"; };
		BCE3B7E815AE516500205530 /* ASIFormDataRequest.m */ = {isa = PBXFileReference; fileEncoding = 4; lastKnownFileType = sourcecode.c.objc; path = ASIFormDataRequest.m; sourceTree = "<group>"; };
		BCE3B7E915AE516500205530 /* ASIHTTPRequest.h */ = {isa = PBXFileReference; fileEncoding = 4; lastKnownFileType = sourcecode.c.h; path = ASIHTTPRequest.h; sourceTree = "<group>"; };
		BCE3B7EA15AE516500205530 /* ASIHTTPRequest.m */ = {isa = PBXFileReference; fileEncoding = 4; lastKnownFileType = sourcecode.c.objc; path = ASIHTTPRequest.m; sourceTree = "<group>"; };
		BCE3B7EB15AE516500205530 /* ASIHTTPRequestConfig.h */ = {isa = PBXFileReference; fileEncoding = 4; lastKnownFileType = sourcecode.c.h; path = ASIHTTPRequestConfig.h; sourceTree = "<group>"; };
		BCE3B7EC15AE516500205530 /* ASIHTTPRequestDelegate.h */ = {isa = PBXFileReference; fileEncoding = 4; lastKnownFileType = sourcecode.c.h; path = ASIHTTPRequestDelegate.h; sourceTree = "<group>"; };
		BCE3B7ED15AE516500205530 /* ASIInputStream.h */ = {isa = PBXFileReference; fileEncoding = 4; lastKnownFileType = sourcecode.c.h; path = ASIInputStream.h; sourceTree = "<group>"; };
		BCE3B7EE15AE516500205530 /* ASIInputStream.m */ = {isa = PBXFileReference; fileEncoding = 4; lastKnownFileType = sourcecode.c.objc; path = ASIInputStream.m; sourceTree = "<group>"; };
		BCE3B7EF15AE516500205530 /* ASINetworkQueue.h */ = {isa = PBXFileReference; fileEncoding = 4; lastKnownFileType = sourcecode.c.h; path = ASINetworkQueue.h; sourceTree = "<group>"; };
		BCE3B7F015AE516500205530 /* ASINetworkQueue.m */ = {isa = PBXFileReference; fileEncoding = 4; lastKnownFileType = sourcecode.c.objc; path = ASINetworkQueue.m; sourceTree = "<group>"; };
		BCE3B7F115AE516500205530 /* ASIProgressDelegate.h */ = {isa = PBXFileReference; fileEncoding = 4; lastKnownFileType = sourcecode.c.h; path = ASIProgressDelegate.h; sourceTree = "<group>"; };
		BCE3B7FB15AE518800205530 /* Reachability.h */ = {isa = PBXFileReference; fileEncoding = 4; lastKnownFileType = sourcecode.c.h; path = Reachability.h; sourceTree = "<group>"; };
		BCE3B7FC15AE518800205530 /* Reachability.m */ = {isa = PBXFileReference; fileEncoding = 4; lastKnownFileType = sourcecode.c.objc; path = Reachability.m; sourceTree = "<group>"; };
		BCE3B7FE15AE519800205530 /* CFNetwork.framework */ = {isa = PBXFileReference; lastKnownFileType = wrapper.framework; name = CFNetwork.framework; path = System/Library/Frameworks/CFNetwork.framework; sourceTree = SDKROOT; };
		BCE3B80015AE51A000205530 /* SystemConfiguration.framework */ = {isa = PBXFileReference; lastKnownFileType = wrapper.framework; name = SystemConfiguration.framework; path = System/Library/Frameworks/SystemConfiguration.framework; sourceTree = SDKROOT; };
		BCE3B80215AE51A800205530 /* MobileCoreServices.framework */ = {isa = PBXFileReference; lastKnownFileType = wrapper.framework; name = MobileCoreServices.framework; path = System/Library/Frameworks/MobileCoreServices.framework; sourceTree = SDKROOT; };
		BCE3B80415AE51BC00205530 /* libz.dylib */ = {isa = PBXFileReference; lastKnownFileType = "compiled.mach-o.dylib"; name = libz.dylib; path = usr/lib/libz.dylib; sourceTree = SDKROOT; };
		BCE3B81015AE573F00205530 /* TFHpple.h */ = {isa = PBXFileReference; fileEncoding = 4; lastKnownFileType = sourcecode.c.h; path = TFHpple.h; sourceTree = "<group>"; };
		BCE3B81115AE573F00205530 /* TFHpple.m */ = {isa = PBXFileReference; fileEncoding = 4; lastKnownFileType = sourcecode.c.objc; path = TFHpple.m; sourceTree = "<group>"; };
		BCE3B81215AE573F00205530 /* TFHppleElement.h */ = {isa = PBXFileReference; fileEncoding = 4; lastKnownFileType = sourcecode.c.h; path = TFHppleElement.h; sourceTree = "<group>"; };
		BCE3B81315AE573F00205530 /* TFHppleElement.m */ = {isa = PBXFileReference; fileEncoding = 4; lastKnownFileType = sourcecode.c.objc; path = TFHppleElement.m; sourceTree = "<group>"; };
		BCE3B81415AE573F00205530 /* XPathQuery.h */ = {isa = PBXFileReference; fileEncoding = 4; lastKnownFileType = sourcecode.c.h; path = XPathQuery.h; sourceTree = "<group>"; };
		BCE3B81515AE573F00205530 /* XPathQuery.m */ = {isa = PBXFileReference; fileEncoding = 4; lastKnownFileType = sourcecode.c.objc; path = XPathQuery.m; sourceTree = "<group>"; };
		BCE3B81915AE586800205530 /* libxml2.dylib */ = {isa = PBXFileReference; lastKnownFileType = "compiled.mach-o.dylib"; name = libxml2.dylib; path = usr/lib/libxml2.dylib; sourceTree = SDKROOT; };
		BCE3B81C15AE5B6F00205530 /* Rider.h */ = {isa = PBXFileReference; fileEncoding = 4; lastKnownFileType = sourcecode.c.h; name = Rider.h; path = Models/Rider.h; sourceTree = "<group>"; };
		BCE3B81D15AE5B6F00205530 /* Rider.m */ = {isa = PBXFileReference; fileEncoding = 4; lastKnownFileType = sourcecode.c.objc; name = Rider.m; path = Models/Rider.m; sourceTree = "<group>"; };
/* End PBXFileReference section */

/* Begin PBXFrameworksBuildPhase section */
		BCE3B7AF15AE49DA00205530 /* Frameworks */ = {
			isa = PBXFrameworksBuildPhase;
			buildActionMask = 2147483647;
			files = (
				4D99DE3F15D23A6300DA2B3D /* CoreLocation.framework in Frameworks */,
				4DB3347E15D229F70056E794 /* CoreFoundation.framework in Frameworks */,
				BCE3B80115AE51A000205530 /* SystemConfiguration.framework in Frameworks */,
				4DB3347C15D229DD0056E794 /* Security.framework in Frameworks */,
				BCE3B7FF15AE519800205530 /* CFNetwork.framework in Frameworks */,
				4DB3347A15D229C40056E794 /* Twitter.framework in Frameworks */,
				4DB3347715D229430056E794 /* libShareKit.a in Frameworks */,
				4DD7F53F15B5108B00B1DF42 /* MessageUI.framework in Frameworks */,
				4D4A5B7615D2009B000174CE /* MapKit.framework in Frameworks */,
				4D4A5B7415D2008C000174CE /* CoreLocation.framework in Frameworks */,
				4D465A1D15C22AB500C7C506 /* QuartzCore.framework in Frameworks */,
				4DD7F53F15B5108B00B1DF42 /* MessageUI.framework in Frameworks */,
				4DD7F53B15B5108300B1DF42 /* AddressBook.framework in Frameworks */,
				4DD7F53C15B5108300B1DF42 /* AddressBookUI.framework in Frameworks */,
				BCE3B81A15AE586800205530 /* libxml2.dylib in Frameworks */,
				BCE3B80515AE51BC00205530 /* libz.dylib in Frameworks */,
				BCE3B80315AE51A800205530 /* MobileCoreServices.framework in Frameworks */,
				BCE3B80115AE51A000205530 /* SystemConfiguration.framework in Frameworks */,
				BCE3B7FF15AE519800205530 /* CFNetwork.framework in Frameworks */,
				BCE3B7B715AE49DA00205530 /* UIKit.framework in Frameworks */,
				BCE3B7B915AE49DA00205530 /* Foundation.framework in Frameworks */,
				BCE3B7BB15AE49DA00205530 /* CoreGraphics.framework in Frameworks */,
			);
			runOnlyForDeploymentPostprocessing = 0;
		};
/* End PBXFrameworksBuildPhase section */

/* Begin PBXGroup section */
		0531B93415B2227B0015A003 /* PelotoniaWeb */ = {
			isa = PBXGroup;
			children = (
				0531B93615B222B10015A003 /* PelotoniaWeb.h */,
				0531B93715B222B10015A003 /* PelotoniaWeb.m */,
			);
			name = PelotoniaWeb;
			sourceTree = "<group>";
		};
		0531B93E15B24FF00015A003 /* Assets */ = {
			isa = PBXGroup;
			children = (
				4DF7E28615DE8CD800809BA2 /* 209-twitter.png */,
				4DF7E28715DE8CD800809BA2 /* 209-twitter@2x.png */,
				4DF7E28215DE8CBC00809BA2 /* 208-facebook.png */,
				4DF7E28315DE8CBC00809BA2 /* 208-facebook@2x.png */,
				052144AA15C9A0FC00E8B090 /* new context.png */,
				4DB6493815C60FA300980FCB /* Baksheesh */,
				4DB6493715C60F8900980FCB /* PFDinTextPro */,
				4D465A2215C2381300C7C506 /* one-goal-wallpaper.png */,
				4DB6495815C61B5600980FCB /* sandlot-logo.png */,
				4D57C4E616171D1300ED7660 /* one-goal-wallpaper-586h@2x.png */,
				4D465A2315C2381300C7C506 /* one-goal-wallpaper@2x.png */,
				4D465A1E15C233FE00C7C506 /* pelotonia-icon.png */,
				4D465A1F15C233FE00C7C506 /* pelotonia-icon@2x.png */,
				4D465A1015C224D500C7C506 /* Pelotonia_logo_22x216.png */,
				4D465A0E15C222D300C7C506 /* Pelotonia_logo.png */,
				4D465A0B15C222CA00C7C506 /* Pelotonia_arrow.png */,
				4DD0407915B36E320073E7B6 /* 1.1_LOGOTYPE_RGB_GRN.png */,
				4D3CBA2815BE7F97006CB6C3 /* one-goal-wallpaper.jpg */,
				0531B94115B3206D0015A003 /* profile_default.jpg */,
				0531B93F15B24FF00015A003 /* profile_default_thumb.jpg */,
			);
			path = Assets;
			sourceTree = "<group>";
		};
		4D15DDD41621C8E00050DB17 /* UIImageExtras */ = {
			isa = PBXGroup;
			children = (
				4D15DDD61621C9140050DB17 /* UIImage+Alpha.h */,
				4D15DDD71621C9140050DB17 /* UIImage+Alpha.m */,
				4D15DDD81621C9140050DB17 /* UIImage+Resize.h */,
				4D15DDD91621C9140050DB17 /* UIImage+Resize.m */,
				4D15DDDA1621C9140050DB17 /* UIImage+RoundedCorner.h */,
				4D15DDDB1621C9140050DB17 /* UIImage+RoundedCorner.m */,
			);
			name = UIImageExtras;
			path = Vendor/UIImageExtras;
			sourceTree = "<group>";
		};
		4D465A1215C229D400C7C506 /* PullToRefresh */ = {
			isa = PBXGroup;
			children = (
				4D465A1315C229D400C7C506 /* arrow.png */,
				4D465A1415C229D400C7C506 /* arrow@2x.png */,
				4D465A1515C229D400C7C506 /* PullToRefreshView.h */,
				4D465A1615C229D400C7C506 /* PullToRefreshView.m */,
				4D465A1715C229D400C7C506 /* README */,
			);
			name = PullToRefresh;
			path = Vendor/PullToRefresh;
			sourceTree = "<group>";
		};
		4DB3346015D2290D0056E794 /* Products */ = {
			isa = PBXGroup;
			children = (
				4DB3346B15D2290E0056E794 /* ShareKitDemo.app */,
				4DB3346D15D2290E0056E794 /* libShareKit.a */,
				4DB3346F15D2290E0056E794 /* ShareKit.bundle */,
				4DB3347115D2290E0056E794 /* libShareKitNoSubmodules.a */,
			);
			name = Products;
			sourceTree = "<group>";
		};
		4DB6490015C60D1A00980FCB /* TPKeyboardAvoidingScrollView */ = {
			isa = PBXGroup;
			children = (
				4DB6490115C60D1A00980FCB /* TPKeyboardAvoidingScrollView.h */,
				4DB6490215C60D1A00980FCB /* TPKeyboardAvoidingScrollView.m */,
			);
			name = TPKeyboardAvoidingScrollView;
			path = Vendor/TPKeyboardAvoidingScrollView;
			sourceTree = "<group>";
		};
		4DB6490415C60D4F00980FCB /* Appirater */ = {
			isa = PBXGroup;
			children = (
				4DB6490515C60D4F00980FCB /* Appirater.h */,
				4DB6490615C60D4F00980FCB /* Appirater.m */,
				4DB6490715C60D4F00980FCB /* Localizable.strings */,
				4DB6491315C60D4F00980FCB /* README.md */,
			);
			name = Appirater;
			path = Vendor/Appirater;
			sourceTree = "<group>";
		};
		4DB6493715C60F8900980FCB /* PFDinTextPro */ = {
			isa = PBXGroup;
			children = (
				4DB6491915C60F2E00980FCB /* PFDinTextPro-Bold.ttf */,
				4DB6491A15C60F2E00980FCB /* PFDinTextPro-BoldItalic.ttf */,
				4DB6491B15C60F2E00980FCB /* PFDinTextPro-ExtraBlack.ttf */,
				4DB6491C15C60F2E00980FCB /* PFDinTextPro-ExtraBlackItalic.ttf */,
				4DB6491D15C60F2E00980FCB /* PFDinTextPro-ExtraThin.ttf */,
				4DB6491E15C60F2E00980FCB /* PFDinTextPro-ExtraThinItalic.ttf */,
				4DB6491F15C60F2E00980FCB /* PFDinTextPro-Hairline.ttf */,
				4DB6492015C60F2E00980FCB /* PFDinTextPro-Italic.ttf */,
				4DB6492115C60F2E00980FCB /* PFDinTextPro-Light.ttf */,
				4DB6492215C60F2E00980FCB /* PFDinTextPro-LightItalic.ttf */,
				4DB6492315C60F2E00980FCB /* PFDinTextPro-Medium.ttf */,
				4DB6492415C60F2E00980FCB /* PFDinTextPro-MediumItalic.ttf */,
				4DB6492515C60F2E00980FCB /* PFDinTextPro-Regular.ttf */,
				4DB6492615C60F2E00980FCB /* PFDinTextPro-Thin.ttf */,
				4DB6492715C60F2E00980FCB /* PFDinTextPro-ThinItalic.ttf */,
				4D3ED09215C38F5B006FFE04 /* PF_EULA_online.pdf */,
			);
			name = PFDinTextPro;
			sourceTree = "<group>";
		};
		4DB6493815C60FA300980FCB /* Baksheesh */ = {
			isa = PBXGroup;
			children = (
				4DB6493915C6100400980FCB /* Baksheesh-Bold.ttf */,
				4DB6493A15C6100400980FCB /* Baksheesh-BoldExpert.ttf */,
				4DB6493B15C6100400980FCB /* Baksheesh-BoldItalic.ttf */,
				4DB6493C15C6100400980FCB /* Baksheesh-BoldItalicExpert.ttf */,
				4DB6493D15C6100400980FCB /* Baksheesh-Italic.ttf */,
				4DB6493E15C6100400980FCB /* Baksheesh-ItalicExpert.ttf */,
				4DB6493F15C6100400980FCB /* Baksheesh-Regular.ttf */,
				4DB6494015C6100400980FCB /* Baksheesh-RegularExpert.ttf */,
				4DB6494115C6100400980FCB /* Baksheesh-Thin.ttf */,
				4DB6494215C6100400980FCB /* Baksheesh-ThinExpert.ttf */,
				4DB6494315C6100400980FCB /* Baksheesh-ThinItalic.ttf */,
				4DB6494415C6100400980FCB /* Baksheesh-ThinItalicExpert.ttf */,
			);
			name = Baksheesh;
			sourceTree = "<group>";
		};
		4DB6495115C6146400980FCB /* SHKActivityIndicator */ = {
			isa = PBXGroup;
			children = (
				4DB6495215C6146400980FCB /* SHKActivityIndicator.h */,
				4DB6495315C6146400980FCB /* SHKActivityIndicator.m */,
			);
			name = SHKActivityIndicator;
			path = Vendor/SHKActivityIndicator;
			sourceTree = "<group>";
		};
		BCE3B7A715AE49DA00205530 = {
			isa = PBXGroup;
			children = (
				4DB3345F15D2290D0056E794 /* ShareKit.xcodeproj */,
				4D57C4E916171D3200ED7660 /* Default-568h@2x.png */,
				4D465A2815C2382F00C7C506 /* Default@2x.png */,
				4D465A2615C2382600C7C506 /* Default.png */,
				BCE3B7BC15AE49DA00205530 /* Pelotonia */,
				BCE3B7B515AE49DA00205530 /* Frameworks */,
				BCE3B7B315AE49DA00205530 /* Products */,
			);
			sourceTree = "<group>";
		};
		BCE3B7B315AE49DA00205530 /* Products */ = {
			isa = PBXGroup;
			children = (
				BCE3B7B215AE49DA00205530 /* Pelotonia.app */,
			);
			name = Products;
			sourceTree = "<group>";
		};
		BCE3B7B515AE49DA00205530 /* Frameworks */ = {
			isa = PBXGroup;
			children = (
				4D99DE3E15D23A6300DA2B3D /* CoreLocation.framework */,
				4DB3347D15D229F70056E794 /* CoreFoundation.framework */,
				4DB3347B15D229DC0056E794 /* Security.framework */,
				4DB3347915D229C40056E794 /* Twitter.framework */,
				4D4A5B7515D2009B000174CE /* MapKit.framework */,
				4D4A5B7315D2008C000174CE /* CoreLocation.framework */,
				4D465A1C15C22AB500C7C506 /* QuartzCore.framework */,
				4DD7F53E15B5108B00B1DF42 /* MessageUI.framework */,
				4DD7F53915B5108300B1DF42 /* AddressBook.framework */,
				4DD7F53A15B5108300B1DF42 /* AddressBookUI.framework */,
				BCE3B81915AE586800205530 /* libxml2.dylib */,
				BCE3B80415AE51BC00205530 /* libz.dylib */,
				BCE3B80215AE51A800205530 /* MobileCoreServices.framework */,
				BCE3B80015AE51A000205530 /* SystemConfiguration.framework */,
				BCE3B7FE15AE519800205530 /* CFNetwork.framework */,
				BCE3B7B615AE49DA00205530 /* UIKit.framework */,
				BCE3B7B815AE49DA00205530 /* Foundation.framework */,
				BCE3B7BA15AE49DA00205530 /* CoreGraphics.framework */,
			);
			name = Frameworks;
			sourceTree = "<group>";
		};
		BCE3B7BC15AE49DA00205530 /* Pelotonia */ = {
			isa = PBXGroup;
			children = (
				0531B93E15B24FF00015A003 /* Assets */,
				BCE3B81B15AE5B4F00205530 /* Models */,
				BCE3B7CF15AE4DE000205530 /* Controllers */,
				BCE3B7C515AE49DA00205530 /* AppDelegate.h */,
				BCE3B7C615AE49DA00205530 /* AppDelegate.m */,
				BCE3B7DC15AE511F00205530 /* Vendor */,
				BCE3B7BD15AE49DA00205530 /* Supporting Files */,
				BCE3B7CD15AE4A0C00205530 /* Storyboard.storyboard */,
			);
			path = Pelotonia;
			sourceTree = "<group>";
		};
		BCE3B7BD15AE49DA00205530 /* Supporting Files */ = {
			isa = PBXGroup;
			children = (
				BCE3B7BE15AE49DA00205530 /* Pelotonia-Info.plist */,
				BCE3B7BF15AE49DA00205530 /* InfoPlist.strings */,
				BCE3B7C215AE49DA00205530 /* main.m */,
				BCE3B7C415AE49DA00205530 /* Pelotonia-Prefix.pch */,
				4DD0407B15B36FF80073E7B6 /* Pelotonia-Colors.h */,
			);
			name = "Supporting Files";
			sourceTree = "<group>";
		};
		BCE3B7CF15AE4DE000205530 /* Controllers */ = {
			isa = PBXGroup;
			children = (
				4DFA61DE15F8545800BD7514 /* ProfileTableViewController.h */,
				4DFA61DF15F8545800BD7514 /* ProfileTableViewController.m */,
				BCE3B7D315AE4E7200205530 /* RidersViewController.h */,
				BCE3B7D415AE4E7200205530 /* RidersViewController.m */,
				4D18B2D715FD0B90003F8416 /* AboutTableViewController.h */,
				4D18B2D815FD0B90003F8416 /* AboutTableViewController.m */,
			);
			name = Controllers;
			sourceTree = "<group>";
		};
		BCE3B7DC15AE511F00205530 /* Vendor */ = {
			isa = PBXGroup;
			children = (
				4D15DDD41621C8E00050DB17 /* UIImageExtras */,
				4DB6495115C6146400980FCB /* SHKActivityIndicator */,
				4DB6490415C60D4F00980FCB /* Appirater */,
				4DB6490015C60D1A00980FCB /* TPKeyboardAvoidingScrollView */,
				4D465A1215C229D400C7C506 /* PullToRefresh */,
				0531B93415B2227B0015A003 /* PelotoniaWeb */,
				BCE3B80F15AE573F00205530 /* hpple */,
				BCE3B7FA15AE518800205530 /* Reachability */,
				BCE3B7DD15AE516500205530 /* ASIHTTPRequest */,
			);
			name = Vendor;
			sourceTree = "<group>";
		};
		BCE3B7DD15AE516500205530 /* ASIHTTPRequest */ = {
			isa = PBXGroup;
			children = (
				BCE3B7DE15AE516500205530 /* ASIAuthenticationDialog.h */,
				BCE3B7DF15AE516500205530 /* ASIAuthenticationDialog.m */,
				BCE3B7E015AE516500205530 /* ASICacheDelegate.h */,
				BCE3B7E115AE516500205530 /* ASIDataCompressor.h */,
				BCE3B7E215AE516500205530 /* ASIDataCompressor.m */,
				BCE3B7E315AE516500205530 /* ASIDataDecompressor.h */,
				BCE3B7E415AE516500205530 /* ASIDataDecompressor.m */,
				BCE3B7E515AE516500205530 /* ASIDownloadCache.h */,
				BCE3B7E615AE516500205530 /* ASIDownloadCache.m */,
				BCE3B7E715AE516500205530 /* ASIFormDataRequest.h */,
				BCE3B7E815AE516500205530 /* ASIFormDataRequest.m */,
				BCE3B7E915AE516500205530 /* ASIHTTPRequest.h */,
				BCE3B7EA15AE516500205530 /* ASIHTTPRequest.m */,
				BCE3B7EB15AE516500205530 /* ASIHTTPRequestConfig.h */,
				BCE3B7EC15AE516500205530 /* ASIHTTPRequestDelegate.h */,
				BCE3B7ED15AE516500205530 /* ASIInputStream.h */,
				BCE3B7EE15AE516500205530 /* ASIInputStream.m */,
				BCE3B7EF15AE516500205530 /* ASINetworkQueue.h */,
				BCE3B7F015AE516500205530 /* ASINetworkQueue.m */,
				BCE3B7F115AE516500205530 /* ASIProgressDelegate.h */,
			);
			name = ASIHTTPRequest;
			path = Vendor/ASIHTTPRequest;
			sourceTree = "<group>";
		};
		BCE3B7FA15AE518800205530 /* Reachability */ = {
			isa = PBXGroup;
			children = (
				BCE3B7FB15AE518800205530 /* Reachability.h */,
				BCE3B7FC15AE518800205530 /* Reachability.m */,
			);
			name = Reachability;
			path = Vendor/Reachability;
			sourceTree = "<group>";
		};
		BCE3B80F15AE573F00205530 /* hpple */ = {
			isa = PBXGroup;
			children = (
				BCE3B81015AE573F00205530 /* TFHpple.h */,
				BCE3B81115AE573F00205530 /* TFHpple.m */,
				BCE3B81215AE573F00205530 /* TFHppleElement.h */,
				BCE3B81315AE573F00205530 /* TFHppleElement.m */,
				BCE3B81415AE573F00205530 /* XPathQuery.h */,
				BCE3B81515AE573F00205530 /* XPathQuery.m */,
			);
			name = hpple;
			path = Vendor/hpple;
			sourceTree = "<group>";
		};
		BCE3B81B15AE5B4F00205530 /* Models */ = {
			isa = PBXGroup;
			children = (
				4D3CBA2615BE7F50006CB6C3 /* ImageCache.h */,
				4D3CBA2715BE7F50006CB6C3 /* ImageCache.m */,
				BCE3B81C15AE5B6F00205530 /* Rider.h */,
				BCE3B81D15AE5B6F00205530 /* Rider.m */,
				4D35C72715B116E5006E5D5D /* RiderDataController.h */,
				4D35C72815B116E5006E5D5D /* RiderDataController.m */,
				4DB3347F15D22ED80056E794 /* PelotoniaSHKConfigurator.h */,
				4DB3348015D22ED80056E794 /* PelotoniaSHKConfigurator.m */,
			);
			name = Models;
			sourceTree = "<group>";
		};
/* End PBXGroup section */

/* Begin PBXNativeTarget section */
		BCE3B7B115AE49DA00205530 /* Pelotonia */ = {
			isa = PBXNativeTarget;
			buildConfigurationList = BCE3B7CA15AE49DA00205530 /* Build configuration list for PBXNativeTarget "Pelotonia" */;
			buildPhases = (
				BCE3B7AE15AE49DA00205530 /* Sources */,
				BCE3B7AF15AE49DA00205530 /* Frameworks */,
				BCE3B7B015AE49DA00205530 /* Resources */,
			);
			buildRules = (
			);
			dependencies = (
				4DB3347415D229320056E794 /* PBXTargetDependency */,
				4DB3347615D229320056E794 /* PBXTargetDependency */,
			);
			name = Pelotonia;
			productName = Pelotonia;
			productReference = BCE3B7B215AE49DA00205530 /* Pelotonia.app */;
			productType = "com.apple.product-type.application";
		};
/* End PBXNativeTarget section */

/* Begin PBXProject section */
		BCE3B7A915AE49DA00205530 /* Project object */ = {
			isa = PBXProject;
			attributes = {
				LastUpgradeCheck = 0430;
			};
			buildConfigurationList = BCE3B7AC15AE49DA00205530 /* Build configuration list for PBXProject "Pelotonia" */;
			compatibilityVersion = "Xcode 3.2";
			developmentRegion = English;
			hasScannedForEncodings = 0;
			knownRegions = (
				en,
				da,
				de,
				es,
				fr,
				it,
				ja,
				ko,
				nl,
				pl,
				pt,
				ru,
				sv,
			);
			mainGroup = BCE3B7A715AE49DA00205530;
			productRefGroup = BCE3B7B315AE49DA00205530 /* Products */;
			projectDirPath = "";
			projectReferences = (
				{
					ProductGroup = 4DB3346015D2290D0056E794 /* Products */;
					ProjectRef = 4DB3345F15D2290D0056E794 /* ShareKit.xcodeproj */;
				},
			);
			projectRoot = "";
			targets = (
				BCE3B7B115AE49DA00205530 /* Pelotonia */,
			);
		};
/* End PBXProject section */

/* Begin PBXReferenceProxy section */
		4DB3346B15D2290E0056E794 /* ShareKitDemo.app */ = {
			isa = PBXReferenceProxy;
			fileType = wrapper.application;
			path = ShareKitDemo.app;
			remoteRef = 4DB3346A15D2290E0056E794 /* PBXContainerItemProxy */;
			sourceTree = BUILT_PRODUCTS_DIR;
		};
		4DB3346D15D2290E0056E794 /* libShareKit.a */ = {
			isa = PBXReferenceProxy;
			fileType = archive.ar;
			path = libShareKit.a;
			remoteRef = 4DB3346C15D2290E0056E794 /* PBXContainerItemProxy */;
			sourceTree = BUILT_PRODUCTS_DIR;
		};
		4DB3346F15D2290E0056E794 /* ShareKit.bundle */ = {
			isa = PBXReferenceProxy;
			fileType = wrapper.cfbundle;
			path = ShareKit.bundle;
			remoteRef = 4DB3346E15D2290E0056E794 /* PBXContainerItemProxy */;
			sourceTree = BUILT_PRODUCTS_DIR;
		};
		4DB3347115D2290E0056E794 /* libShareKitNoSubmodules.a */ = {
			isa = PBXReferenceProxy;
			fileType = archive.ar;
			path = libShareKitNoSubmodules.a;
			remoteRef = 4DB3347015D2290E0056E794 /* PBXContainerItemProxy */;
			sourceTree = BUILT_PRODUCTS_DIR;
		};
/* End PBXReferenceProxy section */

/* Begin PBXResourcesBuildPhase section */
		BCE3B7B015AE49DA00205530 /* Resources */ = {
			isa = PBXResourcesBuildPhase;
			buildActionMask = 2147483647;
			files = (
				BCE3B7C115AE49DA00205530 /* InfoPlist.strings in Resources */,
				BCE3B7CE15AE4A0C00205530 /* Storyboard.storyboard in Resources */,
				4DD0407A15B36E320073E7B6 /* 1.1_LOGOTYPE_RGB_GRN.png in Resources */,
				0531B94015B24FF00015A003 /* profile_default_thumb.jpg in Resources */,
				0531B94215B3206D0015A003 /* profile_default.jpg in Resources */,
				4D3CBA2915BE7F97006CB6C3 /* one-goal-wallpaper.jpg in Resources */,
				4D465A0C15C222CA00C7C506 /* Pelotonia_arrow.png in Resources */,
				4D465A0F15C222D300C7C506 /* Pelotonia_logo.png in Resources */,
				4D465A1115C224D500C7C506 /* Pelotonia_logo_22x216.png in Resources */,
				4D465A1815C229D400C7C506 /* arrow.png in Resources */,
				4D465A1915C229D400C7C506 /* arrow@2x.png in Resources */,
				4D465A1B15C229D400C7C506 /* README in Resources */,
				4D465A2015C233FE00C7C506 /* pelotonia-icon.png in Resources */,
				4D465A2115C233FE00C7C506 /* pelotonia-icon@2x.png in Resources */,
				4D465A2415C2381300C7C506 /* one-goal-wallpaper.png in Resources */,
				4D465A2515C2381300C7C506 /* one-goal-wallpaper@2x.png in Resources */,
				4D465A2715C2382600C7C506 /* Default.png in Resources */,
				4D465A2915C2382F00C7C506 /* Default@2x.png in Resources */,
				4D3ED0A215C38F5B006FFE04 /* PF_EULA_online.pdf in Resources */,
				4DB6491715C60D4F00980FCB /* Localizable.strings in Resources */,
				4DB6491815C60D4F00980FCB /* README.md in Resources */,
				4DB6492815C60F2E00980FCB /* PFDinTextPro-Bold.ttf in Resources */,
				4DB6492915C60F2E00980FCB /* PFDinTextPro-BoldItalic.ttf in Resources */,
				4DB6492A15C60F2E00980FCB /* PFDinTextPro-ExtraBlack.ttf in Resources */,
				4DB6492B15C60F2E00980FCB /* PFDinTextPro-ExtraBlackItalic.ttf in Resources */,
				4DB6492C15C60F2E00980FCB /* PFDinTextPro-ExtraThin.ttf in Resources */,
				4DB6492D15C60F2E00980FCB /* PFDinTextPro-ExtraThinItalic.ttf in Resources */,
				4DB6492E15C60F2E00980FCB /* PFDinTextPro-Hairline.ttf in Resources */,
				4DB6492F15C60F2E00980FCB /* PFDinTextPro-Italic.ttf in Resources */,
				4DB6493015C60F2E00980FCB /* PFDinTextPro-Light.ttf in Resources */,
				4DB6493115C60F2E00980FCB /* PFDinTextPro-LightItalic.ttf in Resources */,
				4DB6493215C60F2E00980FCB /* PFDinTextPro-Medium.ttf in Resources */,
				4DB6493315C60F2E00980FCB /* PFDinTextPro-MediumItalic.ttf in Resources */,
				4DB6493415C60F2E00980FCB /* PFDinTextPro-Regular.ttf in Resources */,
				4DB6493515C60F2E00980FCB /* PFDinTextPro-Thin.ttf in Resources */,
				4DB6493615C60F2E00980FCB /* PFDinTextPro-ThinItalic.ttf in Resources */,
				4DB6494515C6100400980FCB /* Baksheesh-Bold.ttf in Resources */,
				4DB6494615C6100400980FCB /* Baksheesh-BoldExpert.ttf in Resources */,
				4DB6494715C6100400980FCB /* Baksheesh-BoldItalic.ttf in Resources */,
				4DB6494815C6100400980FCB /* Baksheesh-BoldItalicExpert.ttf in Resources */,
				4DB6494915C6100400980FCB /* Baksheesh-Italic.ttf in Resources */,
				4DB6494A15C6100400980FCB /* Baksheesh-ItalicExpert.ttf in Resources */,
				4DB6494B15C6100400980FCB /* Baksheesh-Regular.ttf in Resources */,
				4DB6494C15C6100400980FCB /* Baksheesh-RegularExpert.ttf in Resources */,
				4DB6494D15C6100400980FCB /* Baksheesh-Thin.ttf in Resources */,
				4DB6494E15C6100400980FCB /* Baksheesh-ThinExpert.ttf in Resources */,
				4DB6494F15C6100400980FCB /* Baksheesh-ThinItalic.ttf in Resources */,
				4DB6495015C6100400980FCB /* Baksheesh-ThinItalicExpert.ttf in Resources */,
				4DB6495915C61B5600980FCB /* sandlot-logo.png in Resources */,
				052144AB15C9A0FC00E8B090 /* new context.png in Resources */,
				4D57C4E716171D1300ED7660 /* one-goal-wallpaper-586h@2x.png in Resources */,
				4D57C4EA16171D3200ED7660 /* Default-568h@2x.png in Resources */,
				4DB3347815D229650056E794 /* ShareKit.bundle in Resources */,
				4DF7E28415DE8CBC00809BA2 /* 208-facebook.png in Resources */,
				4DF7E28515DE8CBC00809BA2 /* 208-facebook@2x.png in Resources */,
				4DF7E28815DE8CD800809BA2 /* 209-twitter.png in Resources */,
				4DF7E28915DE8CD800809BA2 /* 209-twitter@2x.png in Resources */,
			);
			runOnlyForDeploymentPostprocessing = 0;
		};
/* End PBXResourcesBuildPhase section */

/* Begin PBXSourcesBuildPhase section */
		BCE3B7AE15AE49DA00205530 /* Sources */ = {
			isa = PBXSourcesBuildPhase;
			buildActionMask = 2147483647;
			files = (
				4D3CBA2A15BE7FFE006CB6C3 /* ImageCache.m in Sources */,
				BCE3B7C315AE49DA00205530 /* main.m in Sources */,
				BCE3B7C715AE49DA00205530 /* AppDelegate.m in Sources */,
				BCE3B7D515AE4E7200205530 /* RidersViewController.m in Sources */,
				BCE3B7F215AE516500205530 /* ASIAuthenticationDialog.m in Sources */,
				BCE3B7F315AE516500205530 /* ASIDataCompressor.m in Sources */,
				BCE3B7F415AE516500205530 /* ASIDataDecompressor.m in Sources */,
				BCE3B7F515AE516500205530 /* ASIDownloadCache.m in Sources */,
				BCE3B7F615AE516500205530 /* ASIFormDataRequest.m in Sources */,
				BCE3B7F715AE516500205530 /* ASIHTTPRequest.m in Sources */,
				BCE3B7F815AE516500205530 /* ASIInputStream.m in Sources */,
				BCE3B7F915AE516500205530 /* ASINetworkQueue.m in Sources */,
				BCE3B7FD15AE518800205530 /* Reachability.m in Sources */,
				BCE3B81615AE573F00205530 /* TFHpple.m in Sources */,
				BCE3B81715AE573F00205530 /* TFHppleElement.m in Sources */,
				BCE3B81815AE573F00205530 /* XPathQuery.m in Sources */,
				BCE3B81E15AE5B6F00205530 /* Rider.m in Sources */,
				4D35C72915B116E5006E5D5D /* RiderDataController.m in Sources */,
				0531B93815B222B10015A003 /* PelotoniaWeb.m in Sources */,
				4D465A1A15C229D400C7C506 /* PullToRefreshView.m in Sources */,
				4DB6490315C60D1A00980FCB /* TPKeyboardAvoidingScrollView.m in Sources */,
				4DB6491615C60D4F00980FCB /* Appirater.m in Sources */,
				4DFA61E015F8545800BD7514 /* ProfileTableViewController.m in Sources */,
				4D18B2D915FD0B90003F8416 /* AboutTableViewController.m in Sources */,
				4D15DDDC1621C9140050DB17 /* UIImage+Alpha.m in Sources */,
				4D15DDDD1621C9140050DB17 /* UIImage+Resize.m in Sources */,
				4D15DDDE1621C9140050DB17 /* UIImage+RoundedCorner.m in Sources */,
				4DB6495715C619AC00980FCB /* (null) in Sources */,
				4DB3348115D22ED80056E794 /* PelotoniaSHKConfigurator.m in Sources */,
			);
			runOnlyForDeploymentPostprocessing = 0;
		};
/* End PBXSourcesBuildPhase section */

/* Begin PBXTargetDependency section */
		4DB3347415D229320056E794 /* PBXTargetDependency */ = {
			isa = PBXTargetDependency;
			name = "Static Library";
			targetProxy = 4DB3347315D229320056E794 /* PBXContainerItemProxy */;
		};
		4DB3347615D229320056E794 /* PBXTargetDependency */ = {
			isa = PBXTargetDependency;
			name = "Resource Bundle";
			targetProxy = 4DB3347515D229320056E794 /* PBXContainerItemProxy */;
		};
/* End PBXTargetDependency section */

/* Begin PBXVariantGroup section */
		4DB6490715C60D4F00980FCB /* Localizable.strings */ = {
			isa = PBXVariantGroup;
			children = (
				4DB6490815C60D4F00980FCB /* da */,
				4DB6490915C60D4F00980FCB /* de */,
				4DB6490A15C60D4F00980FCB /* en */,
				4DB6490B15C60D4F00980FCB /* es */,
				4DB6490C15C60D4F00980FCB /* fr */,
				4DB6490D15C60D4F00980FCB /* it */,
				4DB6490E15C60D4F00980FCB /* ja */,
				4DB6490F15C60D4F00980FCB /* ko */,
				4DB6491015C60D4F00980FCB /* nl */,
				4DB6491115C60D4F00980FCB /* pl */,
				4DB6491215C60D4F00980FCB /* pt */,
				4DB6491415C60D4F00980FCB /* ru */,
				4DB6491515C60D4F00980FCB /* sv */,
			);
			name = Localizable.strings;
			sourceTree = "<group>";
		};
		BCE3B7BF15AE49DA00205530 /* InfoPlist.strings */ = {
			isa = PBXVariantGroup;
			children = (
				BCE3B7C015AE49DA00205530 /* en */,
			);
			name = InfoPlist.strings;
			sourceTree = "<group>";
		};
/* End PBXVariantGroup section */

/* Begin XCBuildConfiguration section */
		4D6768C515CA17A000EA0547 /* AdHoc Distribution */ = {
			isa = XCBuildConfiguration;
			buildSettings = {
				ALWAYS_SEARCH_USER_PATHS = NO;
				ARCHS = "$(ARCHS_STANDARD_32_BIT)";
				CLANG_ENABLE_OBJC_ARC = YES;
				"CODE_SIGN_IDENTITY[sdk=iphoneos*]" = "iPhone Distribution";
				COPY_PHASE_STRIP = YES;
				GCC_C_LANGUAGE_STANDARD = gnu99;
				GCC_VERSION = com.apple.compilers.llvm.clang.1_0;
				GCC_WARN_ABOUT_RETURN_TYPE = YES;
				GCC_WARN_UNINITIALIZED_AUTOS = YES;
				GCC_WARN_UNUSED_VARIABLE = YES;
				HEADER_SEARCH_PATHS = "$(SDKROOT)/usr/include/libxml2";
				IPHONEOS_DEPLOYMENT_TARGET = 5.0;
				OTHER_CFLAGS = "-DNS_BLOCK_ASSERTIONS=1";
				"PROVISIONING_PROFILE[sdk=iphoneos*]" = "";
				SDKROOT = iphoneos;
				VALIDATE_PRODUCT = YES;
			};
			name = "AdHoc Distribution";
		};
		4D6768C615CA17A000EA0547 /* AdHoc Distribution */ = {
			isa = XCBuildConfiguration;
			buildSettings = {
				CODE_SIGN_IDENTITY = "iPhone Distribution: Susan Pattison";
				"CODE_SIGN_IDENTITY[sdk=iphoneos*]" = "iPhone Distribution";
				CURRENT_PROJECT_VERSION = 15;
				FRAMEWORK_SEARCH_PATHS = (
					"$(inherited)",
					"\"$(SRCROOT)/Socialize.embeddedframework\"",
				);
				GCC_PRECOMPILE_PREFIX_HEADER = YES;
				GCC_PREFIX_HEADER = "Pelotonia/Pelotonia-Prefix.pch";
				INFOPLIST_FILE = "Pelotonia/Pelotonia-Info.plist";
				IPHONEOS_DEPLOYMENT_TARGET = 5.1;
				OTHER_LDFLAGS = (
					"-all_load",
					"-ObjC",
				);
				PRODUCT_NAME = "$(TARGET_NAME)";
				PROVISIONING_PROFILE = "E6E3DCA6-C234-4F2C-A4F9-7BBA8FF3E828";
				"PROVISIONING_PROFILE[sdk=iphoneos*]" = "";
				USER_HEADER_SEARCH_PATHS = "Pelotonia/Vendor/**";
				VERSIONING_SYSTEM = "apple-generic";
				WRAPPER_EXTENSION = app;
			};
			name = "AdHoc Distribution";
		};
		BCE3B7C815AE49DA00205530 /* Debug */ = {
			isa = XCBuildConfiguration;
			buildSettings = {
				ALWAYS_SEARCH_USER_PATHS = NO;
				ARCHS = "$(ARCHS_STANDARD_32_BIT)";
				CLANG_ENABLE_OBJC_ARC = YES;
				"CODE_SIGN_IDENTITY[sdk=iphoneos*]" = "iPhone Developer";
				COPY_PHASE_STRIP = NO;
				GCC_C_LANGUAGE_STANDARD = gnu99;
				GCC_DYNAMIC_NO_PIC = NO;
				GCC_OPTIMIZATION_LEVEL = 0;
				GCC_PREPROCESSOR_DEFINITIONS = (
					"DEBUG=1",
					"$(inherited)",
				);
				GCC_SYMBOLS_PRIVATE_EXTERN = NO;
				GCC_VERSION = com.apple.compilers.llvm.clang.1_0;
				GCC_WARN_ABOUT_RETURN_TYPE = YES;
				GCC_WARN_UNINITIALIZED_AUTOS = YES;
				GCC_WARN_UNUSED_VARIABLE = YES;
				HEADER_SEARCH_PATHS = "$(SDKROOT)/usr/include/libxml2";
				IPHONEOS_DEPLOYMENT_TARGET = 5.0;
				SDKROOT = iphoneos;
			};
			name = Debug;
		};
		BCE3B7C915AE49DA00205530 /* Release */ = {
			isa = XCBuildConfiguration;
			buildSettings = {
				ALWAYS_SEARCH_USER_PATHS = NO;
				ARCHS = "$(ARCHS_STANDARD_32_BIT)";
				CLANG_ENABLE_OBJC_ARC = YES;
				"CODE_SIGN_IDENTITY[sdk=iphoneos*]" = "iPhone Distribution";
				COPY_PHASE_STRIP = YES;
				GCC_C_LANGUAGE_STANDARD = gnu99;
				GCC_VERSION = com.apple.compilers.llvm.clang.1_0;
				GCC_WARN_ABOUT_RETURN_TYPE = YES;
				GCC_WARN_UNINITIALIZED_AUTOS = YES;
				GCC_WARN_UNUSED_VARIABLE = YES;
				HEADER_SEARCH_PATHS = "$(SDKROOT)/usr/include/libxml2";
				IPHONEOS_DEPLOYMENT_TARGET = 5.0;
				OTHER_CFLAGS = "-DNS_BLOCK_ASSERTIONS=1";
				"PROVISIONING_PROFILE[sdk=iphoneos*]" = "";
				SDKROOT = iphoneos;
				VALIDATE_PRODUCT = YES;
			};
			name = Release;
		};
		BCE3B7CB15AE49DA00205530 /* Debug */ = {
			isa = XCBuildConfiguration;
			buildSettings = {
				CURRENT_PROJECT_VERSION = 15;
				FRAMEWORK_SEARCH_PATHS = (
					"$(inherited)",
					"\"$(SRCROOT)/Socialize.embeddedframework\"",
				);
				GCC_PRECOMPILE_PREFIX_HEADER = YES;
				GCC_PREFIX_HEADER = "Pelotonia/Pelotonia-Prefix.pch";
				INFOPLIST_FILE = "Pelotonia/Pelotonia-Info.plist";
				IPHONEOS_DEPLOYMENT_TARGET = 5.1;
				OTHER_LDFLAGS = (
					"-all_load",
					"-ObjC",
				);
				PRODUCT_NAME = "$(TARGET_NAME)";
				USER_HEADER_SEARCH_PATHS = "Pelotonia/Vendor/**";
				VERSIONING_SYSTEM = "apple-generic";
				WRAPPER_EXTENSION = app;
			};
			name = Debug;
		};
		BCE3B7CC15AE49DA00205530 /* Release */ = {
			isa = XCBuildConfiguration;
			buildSettings = {
				CODE_SIGN_IDENTITY = "iPhone Distribution: Susan Pattison";
				"CODE_SIGN_IDENTITY[sdk=iphoneos*]" = "iPhone Distribution: Susan Pattison";
				CURRENT_PROJECT_VERSION = 15;
				FRAMEWORK_SEARCH_PATHS = (
					"$(inherited)",
					"\"$(SRCROOT)/Socialize.embeddedframework\"",
				);
				GCC_PRECOMPILE_PREFIX_HEADER = YES;
				GCC_PREFIX_HEADER = "Pelotonia/Pelotonia-Prefix.pch";
				INFOPLIST_FILE = "Pelotonia/Pelotonia-Info.plist";
				IPHONEOS_DEPLOYMENT_TARGET = 5.1;
				OTHER_LDFLAGS = (
					"-all_load",
					"-ObjC",
				);
				PRODUCT_NAME = "$(TARGET_NAME)";
				PROVISIONING_PROFILE = "07FFC038-4FEB-4F3D-92B0-4C63A95D80E1";
				"PROVISIONING_PROFILE[sdk=iphoneos*]" = "07FFC038-4FEB-4F3D-92B0-4C63A95D80E1";
				USER_HEADER_SEARCH_PATHS = "Pelotonia/Vendor/**";
				VERSIONING_SYSTEM = "apple-generic";
				WRAPPER_EXTENSION = app;
			};
			name = Release;
		};
/* End XCBuildConfiguration section */

/* Begin XCConfigurationList section */
		BCE3B7AC15AE49DA00205530 /* Build configuration list for PBXProject "Pelotonia" */ = {
			isa = XCConfigurationList;
			buildConfigurations = (
				BCE3B7C815AE49DA00205530 /* Debug */,
				BCE3B7C915AE49DA00205530 /* Release */,
				4D6768C515CA17A000EA0547 /* AdHoc Distribution */,
			);
			defaultConfigurationIsVisible = 0;
			defaultConfigurationName = Release;
		};
		BCE3B7CA15AE49DA00205530 /* Build configuration list for PBXNativeTarget "Pelotonia" */ = {
			isa = XCConfigurationList;
			buildConfigurations = (
				BCE3B7CB15AE49DA00205530 /* Debug */,
				BCE3B7CC15AE49DA00205530 /* Release */,
				4D6768C615CA17A000EA0547 /* AdHoc Distribution */,
			);
			defaultConfigurationIsVisible = 0;
			defaultConfigurationName = Release;
		};
/* End XCConfigurationList section */
	};
	rootObject = BCE3B7A915AE49DA00205530 /* Project object */;
}
