// !$*UTF8*$!
{
	archiveVersion = 1;
	classes = {
	};
	objectVersion = 46;
	objects = {

/* Begin PBXBuildFile section */
		0531B93815B222B10015A003 /* PelotoniaWeb.m in Sources */ = {isa = PBXBuildFile; fileRef = 0531B93715B222B10015A003 /* PelotoniaWeb.m */; };
		40AC65A5EC934870A6348701 /* libPods.a in Frameworks */ = {isa = PBXBuildFile; fileRef = 9CE71682D602405B80BC7208 /* libPods.a */; };
		4D15DDDC1621C9140050DB17 /* UIImage+Alpha.m in Sources */ = {isa = PBXBuildFile; fileRef = 4D15DDD71621C9140050DB17 /* UIImage+Alpha.m */; };
		4D15DDDD1621C9140050DB17 /* UIImage+Resize.m in Sources */ = {isa = PBXBuildFile; fileRef = 4D15DDD91621C9140050DB17 /* UIImage+Resize.m */; };
		4D15DDDE1621C9140050DB17 /* UIImage+RoundedCorner.m in Sources */ = {isa = PBXBuildFile; fileRef = 4D15DDDB1621C9140050DB17 /* UIImage+RoundedCorner.m */; };
		4D18B2D915FD0B90003F8416 /* AboutTableViewController.m in Sources */ = {isa = PBXBuildFile; fileRef = 4D18B2D815FD0B90003F8416 /* AboutTableViewController.m */; };
		4D18EE15168CB0E500B1BDCD /* SystemConfiguration.framework in Frameworks */ = {isa = PBXBuildFile; fileRef = BCE3B80015AE51A000205530 /* SystemConfiguration.framework */; };
		4D18EE16168CB0E500B1BDCD /* CFNetwork.framework in Frameworks */ = {isa = PBXBuildFile; fileRef = BCE3B7FE15AE519800205530 /* CFNetwork.framework */; };
		4D18EE17168CB0E500B1BDCD /* MessageUI.framework in Frameworks */ = {isa = PBXBuildFile; fileRef = 4DD7F53E15B5108B00B1DF42 /* MessageUI.framework */; };
		4D35C72915B116E5006E5D5D /* RiderDataController.m in Sources */ = {isa = PBXBuildFile; fileRef = 4D35C72815B116E5006E5D5D /* RiderDataController.m */; };
		4D3ED0A215C38F5B006FFE04 /* PF_EULA_online.pdf in Resources */ = {isa = PBXBuildFile; fileRef = 4D3ED09215C38F5B006FFE04 /* PF_EULA_online.pdf */; };
		4D465A1D15C22AB500C7C506 /* QuartzCore.framework in Frameworks */ = {isa = PBXBuildFile; fileRef = 4D465A1C15C22AB500C7C506 /* QuartzCore.framework */; };
		4D4A5B7615D2009B000174CE /* MapKit.framework in Frameworks */ = {isa = PBXBuildFile; fileRef = 4D4A5B7515D2009B000174CE /* MapKit.framework */; };
		4D5D564216A4F8DD00B5B609 /* ImageIO.framework in Frameworks */ = {isa = PBXBuildFile; fileRef = 4D5D564116A4F8DD00B5B609 /* ImageIO.framework */; };
		4D99DE3F15D23A6300DA2B3D /* CoreLocation.framework in Frameworks */ = {isa = PBXBuildFile; fileRef = 4D99DE3E15D23A6300DA2B3D /* CoreLocation.framework */; };
		4DB3347A15D229C40056E794 /* Twitter.framework in Frameworks */ = {isa = PBXBuildFile; fileRef = 4DB3347915D229C40056E794 /* Twitter.framework */; };
		4DB3347C15D229DD0056E794 /* Security.framework in Frameworks */ = {isa = PBXBuildFile; fileRef = 4DB3347B15D229DC0056E794 /* Security.framework */; };
		4DB3347E15D229F70056E794 /* CoreFoundation.framework in Frameworks */ = {isa = PBXBuildFile; fileRef = 4DB3347D15D229F70056E794 /* CoreFoundation.framework */; };
		4DB6492815C60F2E00980FCB /* PFDinTextPro-Bold.ttf in Resources */ = {isa = PBXBuildFile; fileRef = 4DB6491915C60F2E00980FCB /* PFDinTextPro-Bold.ttf */; };
		4DB6492915C60F2E00980FCB /* PFDinTextPro-BoldItalic.ttf in Resources */ = {isa = PBXBuildFile; fileRef = 4DB6491A15C60F2E00980FCB /* PFDinTextPro-BoldItalic.ttf */; };
		4DB6492A15C60F2E00980FCB /* PFDinTextPro-ExtraBlack.ttf in Resources */ = {isa = PBXBuildFile; fileRef = 4DB6491B15C60F2E00980FCB /* PFDinTextPro-ExtraBlack.ttf */; };
		4DB6492B15C60F2E00980FCB /* PFDinTextPro-ExtraBlackItalic.ttf in Resources */ = {isa = PBXBuildFile; fileRef = 4DB6491C15C60F2E00980FCB /* PFDinTextPro-ExtraBlackItalic.ttf */; };
		4DB6492C15C60F2E00980FCB /* PFDinTextPro-ExtraThin.ttf in Resources */ = {isa = PBXBuildFile; fileRef = 4DB6491D15C60F2E00980FCB /* PFDinTextPro-ExtraThin.ttf */; };
		4DB6492D15C60F2E00980FCB /* PFDinTextPro-ExtraThinItalic.ttf in Resources */ = {isa = PBXBuildFile; fileRef = 4DB6491E15C60F2E00980FCB /* PFDinTextPro-ExtraThinItalic.ttf */; };
		4DB6492E15C60F2E00980FCB /* PFDinTextPro-Hairline.ttf in Resources */ = {isa = PBXBuildFile; fileRef = 4DB6491F15C60F2E00980FCB /* PFDinTextPro-Hairline.ttf */; };
		4DB6492F15C60F2E00980FCB /* PFDinTextPro-Italic.ttf in Resources */ = {isa = PBXBuildFile; fileRef = 4DB6492015C60F2E00980FCB /* PFDinTextPro-Italic.ttf */; };
		4DB6493015C60F2E00980FCB /* PFDinTextPro-Light.ttf in Resources */ = {isa = PBXBuildFile; fileRef = 4DB6492115C60F2E00980FCB /* PFDinTextPro-Light.ttf */; };
		4DB6493115C60F2E00980FCB /* PFDinTextPro-LightItalic.ttf in Resources */ = {isa = PBXBuildFile; fileRef = 4DB6492215C60F2E00980FCB /* PFDinTextPro-LightItalic.ttf */; };
		4DB6493215C60F2E00980FCB /* PFDinTextPro-Medium.ttf in Resources */ = {isa = PBXBuildFile; fileRef = 4DB6492315C60F2E00980FCB /* PFDinTextPro-Medium.ttf */; };
		4DB6493315C60F2E00980FCB /* PFDinTextPro-MediumItalic.ttf in Resources */ = {isa = PBXBuildFile; fileRef = 4DB6492415C60F2E00980FCB /* PFDinTextPro-MediumItalic.ttf */; };
		4DB6493415C60F2E00980FCB /* PFDinTextPro-Regular.ttf in Resources */ = {isa = PBXBuildFile; fileRef = 4DB6492515C60F2E00980FCB /* PFDinTextPro-Regular.ttf */; };
		4DB6493515C60F2E00980FCB /* PFDinTextPro-Thin.ttf in Resources */ = {isa = PBXBuildFile; fileRef = 4DB6492615C60F2E00980FCB /* PFDinTextPro-Thin.ttf */; };
		4DB6493615C60F2E00980FCB /* PFDinTextPro-ThinItalic.ttf in Resources */ = {isa = PBXBuildFile; fileRef = 4DB6492715C60F2E00980FCB /* PFDinTextPro-ThinItalic.ttf */; };
		4DB6494515C6100400980FCB /* Baksheesh-Bold.ttf in Resources */ = {isa = PBXBuildFile; fileRef = 4DB6493915C6100400980FCB /* Baksheesh-Bold.ttf */; };
		4DB6494615C6100400980FCB /* Baksheesh-BoldExpert.ttf in Resources */ = {isa = PBXBuildFile; fileRef = 4DB6493A15C6100400980FCB /* Baksheesh-BoldExpert.ttf */; };
		4DB6494715C6100400980FCB /* Baksheesh-BoldItalic.ttf in Resources */ = {isa = PBXBuildFile; fileRef = 4DB6493B15C6100400980FCB /* Baksheesh-BoldItalic.ttf */; };
		4DB6494815C6100400980FCB /* Baksheesh-BoldItalicExpert.ttf in Resources */ = {isa = PBXBuildFile; fileRef = 4DB6493C15C6100400980FCB /* Baksheesh-BoldItalicExpert.ttf */; };
		4DB6494915C6100400980FCB /* Baksheesh-Italic.ttf in Resources */ = {isa = PBXBuildFile; fileRef = 4DB6493D15C6100400980FCB /* Baksheesh-Italic.ttf */; };
		4DB6494A15C6100400980FCB /* Baksheesh-ItalicExpert.ttf in Resources */ = {isa = PBXBuildFile; fileRef = 4DB6493E15C6100400980FCB /* Baksheesh-ItalicExpert.ttf */; };
		4DB6494B15C6100400980FCB /* Baksheesh-Regular.ttf in Resources */ = {isa = PBXBuildFile; fileRef = 4DB6493F15C6100400980FCB /* Baksheesh-Regular.ttf */; };
		4DB6494C15C6100400980FCB /* Baksheesh-RegularExpert.ttf in Resources */ = {isa = PBXBuildFile; fileRef = 4DB6494015C6100400980FCB /* Baksheesh-RegularExpert.ttf */; };
		4DB6494D15C6100400980FCB /* Baksheesh-Thin.ttf in Resources */ = {isa = PBXBuildFile; fileRef = 4DB6494115C6100400980FCB /* Baksheesh-Thin.ttf */; };
		4DB6494E15C6100400980FCB /* Baksheesh-ThinExpert.ttf in Resources */ = {isa = PBXBuildFile; fileRef = 4DB6494215C6100400980FCB /* Baksheesh-ThinExpert.ttf */; };
		4DB6494F15C6100400980FCB /* Baksheesh-ThinItalic.ttf in Resources */ = {isa = PBXBuildFile; fileRef = 4DB6494315C6100400980FCB /* Baksheesh-ThinItalic.ttf */; };
		4DB6495015C6100400980FCB /* Baksheesh-ThinItalicExpert.ttf in Resources */ = {isa = PBXBuildFile; fileRef = 4DB6494415C6100400980FCB /* Baksheesh-ThinItalicExpert.ttf */; };
		4DD7F53B15B5108300B1DF42 /* AddressBook.framework in Frameworks */ = {isa = PBXBuildFile; fileRef = 4DD7F53915B5108300B1DF42 /* AddressBook.framework */; };
		4DD7F53C15B5108300B1DF42 /* AddressBookUI.framework in Frameworks */ = {isa = PBXBuildFile; fileRef = 4DD7F53A15B5108300B1DF42 /* AddressBookUI.framework */; };
		4DFA61E015F8545800BD7514 /* ProfileTableViewController.m in Sources */ = {isa = PBXBuildFile; fileRef = 4DFA61DF15F8545800BD7514 /* ProfileTableViewController.m */; };
		BB02D28E173B476400656E43 /* CoreTelephony.framework in Frameworks */ = {isa = PBXBuildFile; fileRef = BB02D28D173B476400656E43 /* CoreTelephony.framework */; };
		BB22414D17F529030054F16D /* FeedbackViewController.m in Sources */ = {isa = PBXBuildFile; fileRef = BB22414C17F529030054F16D /* FeedbackViewController.m */; };
		BB2865EA176ABB05001BA804 /* ProfileDetailsTableViewController.m in Sources */ = {isa = PBXBuildFile; fileRef = BB2865E9176ABB05001BA804 /* ProfileDetailsTableViewController.m */; };
		BB32006F178E668A0035A2BA /* NSDictionary+JSONConversion.m in Sources */ = {isa = PBXBuildFile; fileRef = BB32006E178E668A0035A2BA /* NSDictionary+JSONConversion.m */; };
		BB5D24241789EEB800A4429A /* PRPSmartTableViewCell.m in Sources */ = {isa = PBXBuildFile; fileRef = BB5D24231789EEB800A4429A /* PRPSmartTableViewCell.m */; };
		BB5D24271789EEFA00A4429A /* CommentTableViewCell.m in Sources */ = {isa = PBXBuildFile; fileRef = BB5D24261789EEFA00A4429A /* CommentTableViewCell.m */; };
		BB5D2434178A477300A4429A /* NSDate+Helper.m in Sources */ = {isa = PBXBuildFile; fileRef = BB5D2433178A477300A4429A /* NSDate+Helper.m */; };
		BB5D2437178A484900A4429A /* NSDate-Utilities.m in Sources */ = {isa = PBXBuildFile; fileRef = BB5D2436178A484900A4429A /* NSDate-Utilities.m */; };
		BB65880E1735F05E00ABA5AF /* AudioToolbox.framework in Frameworks */ = {isa = PBXBuildFile; fileRef = BB65880D1735F05E00ABA5AF /* AudioToolbox.framework */; };
		BB6588101735F09100ABA5AF /* libz.1.1.3.dylib in Frameworks */ = {isa = PBXBuildFile; fileRef = BB65880F1735F09100ABA5AF /* libz.1.1.3.dylib */; };
		BB6588121735F0AA00ABA5AF /* StoreKit.framework in Frameworks */ = {isa = PBXBuildFile; fileRef = BB6588111735F0AA00ABA5AF /* StoreKit.framework */; };
		BB6816D516C725B1000E120F /* Accounts.framework in Frameworks */ = {isa = PBXBuildFile; fileRef = BB6816D416C725B1000E120F /* Accounts.framework */; settings = {ATTRIBUTES = (Weak, ); }; };
		BB6816D716C725B9000E120F /* Social.framework in Frameworks */ = {isa = PBXBuildFile; fileRef = BB6816D616C725B9000E120F /* Social.framework */; settings = {ATTRIBUTES = (Weak, ); }; };
		BB6816D916C726D5000E120F /* libsqlite3.dylib in Frameworks */ = {isa = PBXBuildFile; fileRef = BB6816D816C726D5000E120F /* libsqlite3.dylib */; };
		BB6816DB16C726DE000E120F /* AdSupport.framework in Frameworks */ = {isa = PBXBuildFile; fileRef = BB6816DA16C726DE000E120F /* AdSupport.framework */; settings = {ATTRIBUTES = (Weak, ); }; };
		BB78D33017FA7E9100DE639C /* UIColor+LightAndDark.m in Sources */ = {isa = PBXBuildFile; fileRef = BB78D32F17FA7E9100DE639C /* UIColor+LightAndDark.m */; };
		BB78D33217FA8D3100DE639C /* Media.xcassets in Resources */ = {isa = PBXBuildFile; fileRef = BB78D33117FA8D3100DE639C /* Media.xcassets */; };
		BB93182818B91ED3003A3AC0 /* PelotoniaProfileViewController.m in Sources */ = {isa = PBXBuildFile; fileRef = BB93182718B91ED3003A3AC0 /* PelotoniaProfileViewController.m */; };
		BB93182B18B99F97003A3AC0 /* NSNumber+Currency.m in Sources */ = {isa = PBXBuildFile; fileRef = BB93182A18B99F97003A3AC0 /* NSNumber+Currency.m */; };
		BB9E096B171AFCCD0093FDD5 /* InitialSlidingViewController.m in Sources */ = {isa = PBXBuildFile; fileRef = BB9E096A171AFCCD0093FDD5 /* InitialSlidingViewController.m */; };
		BB9E096E171AFF360093FDD5 /* MenuViewController.m in Sources */ = {isa = PBXBuildFile; fileRef = BB9E096D171AFF360093FDD5 /* MenuViewController.m */; };
		BBA66C15172A9FD9002DE00A /* ActivityViewController.m in Sources */ = {isa = PBXBuildFile; fileRef = BBA66C14172A9FD9002DE00A /* ActivityViewController.m */; };
		BBA66C39172AA00E002DE00A /* UserProfileViewController.m in Sources */ = {isa = PBXBuildFile; fileRef = BBA66C38172AA00E002DE00A /* UserProfileViewController.m */; };
		BBAA222418AD8BB8006BA30E /* FindRiderViewController.m in Sources */ = {isa = PBXBuildFile; fileRef = BBAA222318AD8BB8006BA30E /* FindRiderViewController.m */; };
		BBAA222718AD9C2E006BA30E /* RiderTableViewCell.m in Sources */ = {isa = PBXBuildFile; fileRef = BBAA222618AD9C2E006BA30E /* RiderTableViewCell.m */; };
		BBAA222A18AEEBB4006BA30E /* Donor.m in Sources */ = {isa = PBXBuildFile; fileRef = BBAA222918AEEBB4006BA30E /* Donor.m */; };
		BBAA222D18AF9F7A006BA30E /* DonorsTableViewController.m in Sources */ = {isa = PBXBuildFile; fileRef = BBAA222C18AF9F7A006BA30E /* DonorsTableViewController.m */; };
		BBAA223018AFA0BB006BA30E /* DonorTableViewCell.m in Sources */ = {isa = PBXBuildFile; fileRef = BBAA222F18AFA0BB006BA30E /* DonorTableViewCell.m */; };
		BBAA247618B04B4C006BA30E /* Workout.m in Sources */ = {isa = PBXBuildFile; fileRef = BBAA247518B04B4C006BA30E /* Workout.m */; };
		BBAA247D18B05E93006BA30E /* WorkoutListTableViewController.m in Sources */ = {isa = PBXBuildFile; fileRef = BBAA247C18B05E93006BA30E /* WorkoutListTableViewController.m */; };
		BBAA248018B0629A006BA30E /* NewWorkoutTableViewController.m in Sources */ = {isa = PBXBuildFile; fileRef = BBAA247F18B0629A006BA30E /* NewWorkoutTableViewController.m */; };
		BBAA248218B251F3006BA30E /* AssetsLibrary.framework in Frameworks */ = {isa = PBXBuildFile; fileRef = BBAA248118B251F3006BA30E /* AssetsLibrary.framework */; };
		BBAA248518B4484B006BA30E /* RidePhotosViewController.m in Sources */ = {isa = PBXBuildFile; fileRef = BBAA248418B4484B006BA30E /* RidePhotosViewController.m */; };
		BBAA248818B44C67006BA30E /* RiderPhotoCell.m in Sources */ = {isa = PBXBuildFile; fileRef = BBAA248718B44C67006BA30E /* RiderPhotoCell.m */; };
		BBAA248B18B4533C006BA30E /* SinglePhotoViewController.m in Sources */ = {isa = PBXBuildFile; fileRef = BBAA248A18B4533C006BA30E /* SinglePhotoViewController.m */; };
		BBAA248E18B5A631006BA30E /* PhotoPageViewController.m in Sources */ = {isa = PBXBuildFile; fileRef = BBAA248D18B5A631006BA30E /* PhotoPageViewController.m */; };
		BBAA249118B5B1D5006BA30E /* PhotoViewController.m in Sources */ = {isa = PBXBuildFile; fileRef = BBAA249018B5B1D5006BA30E /* PhotoViewController.m */; };
		BBB3267A16F6904D007153BC /* TFHppleElement+IDSearch.m in Sources */ = {isa = PBXBuildFile; fileRef = BBB3267916F6904D007153BC /* TFHppleElement+IDSearch.m */; };
		BBB399A6195FB9F5009B1FDF /* EventKit.framework in Frameworks */ = {isa = PBXBuildFile; fileRef = BBB399A4195FB9F5009B1FDF /* EventKit.framework */; };
		BBB399A7195FB9F5009B1FDF /* EventKitUI.framework in Frameworks */ = {isa = PBXBuildFile; fileRef = BBB399A5195FB9F5009B1FDF /* EventKitUI.framework */; };
		BBC012E318CCD72500CAFFF7 /* IntroContentViewController.m in Sources */ = {isa = PBXBuildFile; fileRef = BBC012E218CCD72500CAFFF7 /* IntroContentViewController.m */; };
		BBC012E618CCD83500CAFFF7 /* IntroPageViewController.m in Sources */ = {isa = PBXBuildFile; fileRef = BBC012E518CCD83500CAFFF7 /* IntroPageViewController.m */; };
		BBC012E918CCD99300CAFFF7 /* IntroViewController.m in Sources */ = {isa = PBXBuildFile; fileRef = BBC012E818CCD99300CAFFF7 /* IntroViewController.m */; };
		BBD5CA061CB95BE70095A4A9 /* PelotoniaPhotosLibrary.swift in Sources */ = {isa = PBXBuildFile; fileRef = BBD5CA051CB95BE70095A4A9 /* PelotoniaPhotosLibrary.swift */; };
		BBDF062B19524F9800FEED39 /* EventsTableViewController.m in Sources */ = {isa = PBXBuildFile; fileRef = BBDF062A19524F9800FEED39 /* EventsTableViewController.m */; };
		BBDF062E19524FCA00FEED39 /* EventTableViewCell.m in Sources */ = {isa = PBXBuildFile; fileRef = BBDF062D19524FCA00FEED39 /* EventTableViewCell.m */; };
		BBDF0631195253C300FEED39 /* PelotoniaModel.xcdatamodeld in Sources */ = {isa = PBXBuildFile; fileRef = BBDF062F195253C300FEED39 /* PelotoniaModel.xcdatamodeld */; };
		BBDF064C1953CDF000FEED39 /* EventDetailsTableViewController.m in Sources */ = {isa = PBXBuildFile; fileRef = BBDF064B1953CDF000FEED39 /* EventDetailsTableViewController.m */; };
		BBEA1E3519607AE0008B933E /* NewsItemTableViewCell.m in Sources */ = {isa = PBXBuildFile; fileRef = BBEA1E3419607AE0008B933E /* NewsItemTableViewCell.m */; };
		BBEA1E3819607B5F008B933E /* Event.m in Sources */ = {isa = PBXBuildFile; fileRef = BBEA1E3719607B5F008B933E /* Event.m */; };
		BBEA1E3B19607B5F008B933E /* EventCategory.m in Sources */ = {isa = PBXBuildFile; fileRef = BBEA1E3A19607B5F008B933E /* EventCategory.m */; };
		BBEA1E3E19607B60008B933E /* NewsItem.m in Sources */ = {isa = PBXBuildFile; fileRef = BBEA1E3D19607B60008B933E /* NewsItem.m */; };
		BBF496F419393050007D7D67 /* libxml2.2.dylib in Frameworks */ = {isa = PBXBuildFile; fileRef = BBF496F319393050007D7D67 /* libxml2.2.dylib */; };
		BBF5C29F17242DBE00E5376A /* SendPledgeModalViewController.m in Sources */ = {isa = PBXBuildFile; fileRef = BBF5C29E17242DBE00E5376A /* SendPledgeModalViewController.m */; };
		BCE3B7B715AE49DA00205530 /* UIKit.framework in Frameworks */ = {isa = PBXBuildFile; fileRef = BCE3B7B615AE49DA00205530 /* UIKit.framework */; };
		BCE3B7B915AE49DA00205530 /* Foundation.framework in Frameworks */ = {isa = PBXBuildFile; fileRef = BCE3B7B815AE49DA00205530 /* Foundation.framework */; };
		BCE3B7BB15AE49DA00205530 /* CoreGraphics.framework in Frameworks */ = {isa = PBXBuildFile; fileRef = BCE3B7BA15AE49DA00205530 /* CoreGraphics.framework */; };
		BCE3B7C115AE49DA00205530 /* InfoPlist.strings in Resources */ = {isa = PBXBuildFile; fileRef = BCE3B7BF15AE49DA00205530 /* InfoPlist.strings */; };
		BCE3B7C315AE49DA00205530 /* main.m in Sources */ = {isa = PBXBuildFile; fileRef = BCE3B7C215AE49DA00205530 /* main.m */; };
		BCE3B7C715AE49DA00205530 /* AppDelegate.m in Sources */ = {isa = PBXBuildFile; fileRef = BCE3B7C615AE49DA00205530 /* AppDelegate.m */; };
		BCE3B7CE15AE4A0C00205530 /* Storyboard.storyboard in Resources */ = {isa = PBXBuildFile; fileRef = BCE3B7CD15AE4A0C00205530 /* Storyboard.storyboard */; };
		BCE3B7D515AE4E7200205530 /* RidersViewController.m in Sources */ = {isa = PBXBuildFile; fileRef = BCE3B7D415AE4E7200205530 /* RidersViewController.m */; };
		BCE3B80315AE51A800205530 /* MobileCoreServices.framework in Frameworks */ = {isa = PBXBuildFile; fileRef = BCE3B80215AE51A800205530 /* MobileCoreServices.framework */; };
		BCE3B80515AE51BC00205530 /* libz.dylib in Frameworks */ = {isa = PBXBuildFile; fileRef = BCE3B80415AE51BC00205530 /* libz.dylib */; };
		BCE3B81A15AE586800205530 /* libxml2.dylib in Frameworks */ = {isa = PBXBuildFile; fileRef = BCE3B81915AE586800205530 /* libxml2.dylib */; };
		BCE3B81E15AE5B6F00205530 /* Rider.m in Sources */ = {isa = PBXBuildFile; fileRef = BCE3B81D15AE5B6F00205530 /* Rider.m */; };
/* End PBXBuildFile section */

/* Begin PBXFileReference section */
		0531B93615B222B10015A003 /* PelotoniaWeb.h */ = {isa = PBXFileReference; fileEncoding = 4; lastKnownFileType = sourcecode.c.h; name = PelotoniaWeb.h; path = Vendor/PelotoniaWeb/PelotoniaWeb.h; sourceTree = "<group>"; };
		0531B93715B222B10015A003 /* PelotoniaWeb.m */ = {isa = PBXFileReference; fileEncoding = 4; lastKnownFileType = sourcecode.c.objc; name = PelotoniaWeb.m; path = Vendor/PelotoniaWeb/PelotoniaWeb.m; sourceTree = "<group>"; };
		444F0BD36E762A7DC28B6DFB /* Pods.debug.xcconfig */ = {isa = PBXFileReference; includeInIndex = 1; lastKnownFileType = text.xcconfig; name = Pods.debug.xcconfig; path = "Pods/Target Support Files/Pods/Pods.debug.xcconfig"; sourceTree = "<group>"; };
		4D15DDD61621C9140050DB17 /* UIImage+Alpha.h */ = {isa = PBXFileReference; fileEncoding = 4; lastKnownFileType = sourcecode.c.h; path = "UIImage+Alpha.h"; sourceTree = "<group>"; };
		4D15DDD71621C9140050DB17 /* UIImage+Alpha.m */ = {isa = PBXFileReference; fileEncoding = 4; lastKnownFileType = sourcecode.c.objc; path = "UIImage+Alpha.m"; sourceTree = "<group>"; };
		4D15DDD81621C9140050DB17 /* UIImage+Resize.h */ = {isa = PBXFileReference; fileEncoding = 4; lastKnownFileType = sourcecode.c.h; path = "UIImage+Resize.h"; sourceTree = "<group>"; };
		4D15DDD91621C9140050DB17 /* UIImage+Resize.m */ = {isa = PBXFileReference; fileEncoding = 4; lastKnownFileType = sourcecode.c.objc; path = "UIImage+Resize.m"; sourceTree = "<group>"; };
		4D15DDDA1621C9140050DB17 /* UIImage+RoundedCorner.h */ = {isa = PBXFileReference; fileEncoding = 4; lastKnownFileType = sourcecode.c.h; path = "UIImage+RoundedCorner.h"; sourceTree = "<group>"; };
		4D15DDDB1621C9140050DB17 /* UIImage+RoundedCorner.m */ = {isa = PBXFileReference; fileEncoding = 4; lastKnownFileType = sourcecode.c.objc; path = "UIImage+RoundedCorner.m"; sourceTree = "<group>"; };
		4D18B2D715FD0B90003F8416 /* AboutTableViewController.h */ = {isa = PBXFileReference; fileEncoding = 4; lastKnownFileType = sourcecode.c.h; name = AboutTableViewController.h; path = Controllers/AboutTableViewController.h; sourceTree = "<group>"; };
		4D18B2D815FD0B90003F8416 /* AboutTableViewController.m */ = {isa = PBXFileReference; fileEncoding = 4; lastKnownFileType = sourcecode.c.objc; name = AboutTableViewController.m; path = Controllers/AboutTableViewController.m; sourceTree = "<group>"; };
		4D35C72715B116E5006E5D5D /* RiderDataController.h */ = {isa = PBXFileReference; fileEncoding = 4; lastKnownFileType = sourcecode.c.h; name = RiderDataController.h; path = Models/RiderDataController.h; sourceTree = "<group>"; };
		4D35C72815B116E5006E5D5D /* RiderDataController.m */ = {isa = PBXFileReference; fileEncoding = 4; lastKnownFileType = sourcecode.c.objc; name = RiderDataController.m; path = Models/RiderDataController.m; sourceTree = "<group>"; };
		4D3ED09215C38F5B006FFE04 /* PF_EULA_online.pdf */ = {isa = PBXFileReference; lastKnownFileType = image.pdf; path = PF_EULA_online.pdf; sourceTree = "<group>"; };
		4D465A1C15C22AB500C7C506 /* QuartzCore.framework */ = {isa = PBXFileReference; lastKnownFileType = wrapper.framework; name = QuartzCore.framework; path = System/Library/Frameworks/QuartzCore.framework; sourceTree = SDKROOT; };
		4D4A5B7315D2008C000174CE /* CoreLocation.framework */ = {isa = PBXFileReference; lastKnownFileType = wrapper.framework; name = CoreLocation.framework; path = System/Library/Frameworks/CoreLocation.framework; sourceTree = SDKROOT; };
		4D4A5B7515D2009B000174CE /* MapKit.framework */ = {isa = PBXFileReference; lastKnownFileType = wrapper.framework; name = MapKit.framework; path = System/Library/Frameworks/MapKit.framework; sourceTree = SDKROOT; };
		4D5D564116A4F8DD00B5B609 /* ImageIO.framework */ = {isa = PBXFileReference; lastKnownFileType = wrapper.framework; name = ImageIO.framework; path = System/Library/Frameworks/ImageIO.framework; sourceTree = SDKROOT; };
		4D99DE3E15D23A6300DA2B3D /* CoreLocation.framework */ = {isa = PBXFileReference; lastKnownFileType = wrapper.framework; name = CoreLocation.framework; path = System/Library/Frameworks/CoreLocation.framework; sourceTree = SDKROOT; };
		4DB3347915D229C40056E794 /* Twitter.framework */ = {isa = PBXFileReference; lastKnownFileType = wrapper.framework; name = Twitter.framework; path = System/Library/Frameworks/Twitter.framework; sourceTree = SDKROOT; };
		4DB3347B15D229DC0056E794 /* Security.framework */ = {isa = PBXFileReference; lastKnownFileType = wrapper.framework; name = Security.framework; path = System/Library/Frameworks/Security.framework; sourceTree = SDKROOT; };
		4DB3347D15D229F70056E794 /* CoreFoundation.framework */ = {isa = PBXFileReference; lastKnownFileType = wrapper.framework; name = CoreFoundation.framework; path = System/Library/Frameworks/CoreFoundation.framework; sourceTree = SDKROOT; };
		4DB6491915C60F2E00980FCB /* PFDinTextPro-Bold.ttf */ = {isa = PBXFileReference; lastKnownFileType = file; path = "PFDinTextPro-Bold.ttf"; sourceTree = "<group>"; };
		4DB6491A15C60F2E00980FCB /* PFDinTextPro-BoldItalic.ttf */ = {isa = PBXFileReference; lastKnownFileType = file; path = "PFDinTextPro-BoldItalic.ttf"; sourceTree = "<group>"; };
		4DB6491B15C60F2E00980FCB /* PFDinTextPro-ExtraBlack.ttf */ = {isa = PBXFileReference; lastKnownFileType = file; path = "PFDinTextPro-ExtraBlack.ttf"; sourceTree = "<group>"; };
		4DB6491C15C60F2E00980FCB /* PFDinTextPro-ExtraBlackItalic.ttf */ = {isa = PBXFileReference; lastKnownFileType = file; path = "PFDinTextPro-ExtraBlackItalic.ttf"; sourceTree = "<group>"; };
		4DB6491D15C60F2E00980FCB /* PFDinTextPro-ExtraThin.ttf */ = {isa = PBXFileReference; lastKnownFileType = file; path = "PFDinTextPro-ExtraThin.ttf"; sourceTree = "<group>"; };
		4DB6491E15C60F2E00980FCB /* PFDinTextPro-ExtraThinItalic.ttf */ = {isa = PBXFileReference; lastKnownFileType = file; path = "PFDinTextPro-ExtraThinItalic.ttf"; sourceTree = "<group>"; };
		4DB6491F15C60F2E00980FCB /* PFDinTextPro-Hairline.ttf */ = {isa = PBXFileReference; lastKnownFileType = file; path = "PFDinTextPro-Hairline.ttf"; sourceTree = "<group>"; };
		4DB6492015C60F2E00980FCB /* PFDinTextPro-Italic.ttf */ = {isa = PBXFileReference; lastKnownFileType = file; path = "PFDinTextPro-Italic.ttf"; sourceTree = "<group>"; };
		4DB6492115C60F2E00980FCB /* PFDinTextPro-Light.ttf */ = {isa = PBXFileReference; lastKnownFileType = file; path = "PFDinTextPro-Light.ttf"; sourceTree = "<group>"; };
		4DB6492215C60F2E00980FCB /* PFDinTextPro-LightItalic.ttf */ = {isa = PBXFileReference; lastKnownFileType = file; path = "PFDinTextPro-LightItalic.ttf"; sourceTree = "<group>"; };
		4DB6492315C60F2E00980FCB /* PFDinTextPro-Medium.ttf */ = {isa = PBXFileReference; lastKnownFileType = file; path = "PFDinTextPro-Medium.ttf"; sourceTree = "<group>"; };
		4DB6492415C60F2E00980FCB /* PFDinTextPro-MediumItalic.ttf */ = {isa = PBXFileReference; lastKnownFileType = file; path = "PFDinTextPro-MediumItalic.ttf"; sourceTree = "<group>"; };
		4DB6492515C60F2E00980FCB /* PFDinTextPro-Regular.ttf */ = {isa = PBXFileReference; lastKnownFileType = file; path = "PFDinTextPro-Regular.ttf"; sourceTree = "<group>"; };
		4DB6492615C60F2E00980FCB /* PFDinTextPro-Thin.ttf */ = {isa = PBXFileReference; lastKnownFileType = file; path = "PFDinTextPro-Thin.ttf"; sourceTree = "<group>"; };
		4DB6492715C60F2E00980FCB /* PFDinTextPro-ThinItalic.ttf */ = {isa = PBXFileReference; lastKnownFileType = file; path = "PFDinTextPro-ThinItalic.ttf"; sourceTree = "<group>"; };
		4DB6493915C6100400980FCB /* Baksheesh-Bold.ttf */ = {isa = PBXFileReference; lastKnownFileType = file; path = "Baksheesh-Bold.ttf"; sourceTree = "<group>"; };
		4DB6493A15C6100400980FCB /* Baksheesh-BoldExpert.ttf */ = {isa = PBXFileReference; lastKnownFileType = file; path = "Baksheesh-BoldExpert.ttf"; sourceTree = "<group>"; };
		4DB6493B15C6100400980FCB /* Baksheesh-BoldItalic.ttf */ = {isa = PBXFileReference; lastKnownFileType = file; path = "Baksheesh-BoldItalic.ttf"; sourceTree = "<group>"; };
		4DB6493C15C6100400980FCB /* Baksheesh-BoldItalicExpert.ttf */ = {isa = PBXFileReference; lastKnownFileType = file; path = "Baksheesh-BoldItalicExpert.ttf"; sourceTree = "<group>"; };
		4DB6493D15C6100400980FCB /* Baksheesh-Italic.ttf */ = {isa = PBXFileReference; lastKnownFileType = file; path = "Baksheesh-Italic.ttf"; sourceTree = "<group>"; };
		4DB6493E15C6100400980FCB /* Baksheesh-ItalicExpert.ttf */ = {isa = PBXFileReference; lastKnownFileType = file; path = "Baksheesh-ItalicExpert.ttf"; sourceTree = "<group>"; };
		4DB6493F15C6100400980FCB /* Baksheesh-Regular.ttf */ = {isa = PBXFileReference; lastKnownFileType = file; path = "Baksheesh-Regular.ttf"; sourceTree = "<group>"; };
		4DB6494015C6100400980FCB /* Baksheesh-RegularExpert.ttf */ = {isa = PBXFileReference; lastKnownFileType = file; path = "Baksheesh-RegularExpert.ttf"; sourceTree = "<group>"; };
		4DB6494115C6100400980FCB /* Baksheesh-Thin.ttf */ = {isa = PBXFileReference; lastKnownFileType = file; path = "Baksheesh-Thin.ttf"; sourceTree = "<group>"; };
		4DB6494215C6100400980FCB /* Baksheesh-ThinExpert.ttf */ = {isa = PBXFileReference; lastKnownFileType = file; path = "Baksheesh-ThinExpert.ttf"; sourceTree = "<group>"; };
		4DB6494315C6100400980FCB /* Baksheesh-ThinItalic.ttf */ = {isa = PBXFileReference; lastKnownFileType = file; path = "Baksheesh-ThinItalic.ttf"; sourceTree = "<group>"; };
		4DB6494415C6100400980FCB /* Baksheesh-ThinItalicExpert.ttf */ = {isa = PBXFileReference; lastKnownFileType = file; path = "Baksheesh-ThinItalicExpert.ttf"; sourceTree = "<group>"; };
		4DD0407B15B36FF80073E7B6 /* Pelotonia-Colors.h */ = {isa = PBXFileReference; lastKnownFileType = sourcecode.c.h; path = "Pelotonia-Colors.h"; sourceTree = "<group>"; };
		4DD7F53915B5108300B1DF42 /* AddressBook.framework */ = {isa = PBXFileReference; lastKnownFileType = wrapper.framework; name = AddressBook.framework; path = System/Library/Frameworks/AddressBook.framework; sourceTree = SDKROOT; };
		4DD7F53A15B5108300B1DF42 /* AddressBookUI.framework */ = {isa = PBXFileReference; lastKnownFileType = wrapper.framework; name = AddressBookUI.framework; path = System/Library/Frameworks/AddressBookUI.framework; sourceTree = SDKROOT; };
		4DD7F53E15B5108B00B1DF42 /* MessageUI.framework */ = {isa = PBXFileReference; lastKnownFileType = wrapper.framework; name = MessageUI.framework; path = System/Library/Frameworks/MessageUI.framework; sourceTree = SDKROOT; };
		4DFA61DE15F8545800BD7514 /* ProfileTableViewController.h */ = {isa = PBXFileReference; fileEncoding = 4; lastKnownFileType = sourcecode.c.h; name = ProfileTableViewController.h; path = Controllers/ProfileTableViewController.h; sourceTree = "<group>"; };
		4DFA61DF15F8545800BD7514 /* ProfileTableViewController.m */ = {isa = PBXFileReference; fileEncoding = 4; lastKnownFileType = sourcecode.c.objc; name = ProfileTableViewController.m; path = Controllers/ProfileTableViewController.m; sourceTree = "<group>"; };
		6F95B61090C6B59DA2453B93 /* Pods.adhoc distribution.xcconfig */ = {isa = PBXFileReference; includeInIndex = 1; lastKnownFileType = text.xcconfig; name = "Pods.adhoc distribution.xcconfig"; path = "Pods/Target Support Files/Pods/Pods.adhoc distribution.xcconfig"; sourceTree = "<group>"; };
		9CE71682D602405B80BC7208 /* libPods.a */ = {isa = PBXFileReference; explicitFileType = archive.ar; includeInIndex = 0; path = libPods.a; sourceTree = BUILT_PRODUCTS_DIR; };
		BB02D28D173B476400656E43 /* CoreTelephony.framework */ = {isa = PBXFileReference; lastKnownFileType = wrapper.framework; name = CoreTelephony.framework; path = System/Library/Frameworks/CoreTelephony.framework; sourceTree = SDKROOT; };
		BB22414B17F529030054F16D /* FeedbackViewController.h */ = {isa = PBXFileReference; fileEncoding = 4; lastKnownFileType = sourcecode.c.h; name = FeedbackViewController.h; path = Controllers/FeedbackViewController.h; sourceTree = "<group>"; };
		BB22414C17F529030054F16D /* FeedbackViewController.m */ = {isa = PBXFileReference; fileEncoding = 4; lastKnownFileType = sourcecode.c.objc; name = FeedbackViewController.m; path = Controllers/FeedbackViewController.m; sourceTree = "<group>"; };
		BB2865E8176ABB05001BA804 /* ProfileDetailsTableViewController.h */ = {isa = PBXFileReference; fileEncoding = 4; lastKnownFileType = sourcecode.c.h; name = ProfileDetailsTableViewController.h; path = Controllers/ProfileDetailsTableViewController.h; sourceTree = "<group>"; };
		BB2865E9176ABB05001BA804 /* ProfileDetailsTableViewController.m */ = {isa = PBXFileReference; fileEncoding = 4; lastKnownFileType = sourcecode.c.objc; name = ProfileDetailsTableViewController.m; path = Controllers/ProfileDetailsTableViewController.m; sourceTree = "<group>"; };
		BB32006D178E668A0035A2BA /* NSDictionary+JSONConversion.h */ = {isa = PBXFileReference; fileEncoding = 4; lastKnownFileType = sourcecode.c.h; path = "NSDictionary+JSONConversion.h"; sourceTree = "<group>"; };
		BB32006E178E668A0035A2BA /* NSDictionary+JSONConversion.m */ = {isa = PBXFileReference; fileEncoding = 4; lastKnownFileType = sourcecode.c.objc; path = "NSDictionary+JSONConversion.m"; sourceTree = "<group>"; };
		BB5D24221789EEB800A4429A /* PRPSmartTableViewCell.h */ = {isa = PBXFileReference; fileEncoding = 4; lastKnownFileType = sourcecode.c.h; path = PRPSmartTableViewCell.h; sourceTree = "<group>"; };
		BB5D24231789EEB800A4429A /* PRPSmartTableViewCell.m */ = {isa = PBXFileReference; fileEncoding = 4; lastKnownFileType = sourcecode.c.objc; path = PRPSmartTableViewCell.m; sourceTree = "<group>"; };
		BB5D24251789EEFA00A4429A /* CommentTableViewCell.h */ = {isa = PBXFileReference; fileEncoding = 4; lastKnownFileType = sourcecode.c.h; name = CommentTableViewCell.h; path = Controllers/CommentTableViewCell.h; sourceTree = "<group>"; };
		BB5D24261789EEFA00A4429A /* CommentTableViewCell.m */ = {isa = PBXFileReference; fileEncoding = 4; lastKnownFileType = sourcecode.c.objc; name = CommentTableViewCell.m; path = Controllers/CommentTableViewCell.m; sourceTree = "<group>"; };
		BB5D2432178A477300A4429A /* NSDate+Helper.h */ = {isa = PBXFileReference; fileEncoding = 4; lastKnownFileType = sourcecode.c.h; path = "NSDate+Helper.h"; sourceTree = "<group>"; };
		BB5D2433178A477300A4429A /* NSDate+Helper.m */ = {isa = PBXFileReference; fileEncoding = 4; lastKnownFileType = sourcecode.c.objc; path = "NSDate+Helper.m"; sourceTree = "<group>"; };
		BB5D2435178A484900A4429A /* NSDate-Utilities.h */ = {isa = PBXFileReference; fileEncoding = 4; lastKnownFileType = sourcecode.c.h; path = "NSDate-Utilities.h"; sourceTree = "<group>"; };
		BB5D2436178A484900A4429A /* NSDate-Utilities.m */ = {isa = PBXFileReference; fileEncoding = 4; lastKnownFileType = sourcecode.c.objc; path = "NSDate-Utilities.m"; sourceTree = "<group>"; };
		BB65880D1735F05E00ABA5AF /* AudioToolbox.framework */ = {isa = PBXFileReference; lastKnownFileType = wrapper.framework; name = AudioToolbox.framework; path = System/Library/Frameworks/AudioToolbox.framework; sourceTree = SDKROOT; };
		BB65880F1735F09100ABA5AF /* libz.1.1.3.dylib */ = {isa = PBXFileReference; lastKnownFileType = "compiled.mach-o.dylib"; name = libz.1.1.3.dylib; path = usr/lib/libz.1.1.3.dylib; sourceTree = SDKROOT; };
		BB6588111735F0AA00ABA5AF /* StoreKit.framework */ = {isa = PBXFileReference; lastKnownFileType = wrapper.framework; name = StoreKit.framework; path = System/Library/Frameworks/StoreKit.framework; sourceTree = SDKROOT; };
		BB6816D416C725B1000E120F /* Accounts.framework */ = {isa = PBXFileReference; lastKnownFileType = wrapper.framework; name = Accounts.framework; path = System/Library/Frameworks/Accounts.framework; sourceTree = SDKROOT; };
		BB6816D616C725B9000E120F /* Social.framework */ = {isa = PBXFileReference; lastKnownFileType = wrapper.framework; name = Social.framework; path = System/Library/Frameworks/Social.framework; sourceTree = SDKROOT; };
		BB6816D816C726D5000E120F /* libsqlite3.dylib */ = {isa = PBXFileReference; lastKnownFileType = "compiled.mach-o.dylib"; name = libsqlite3.dylib; path = usr/lib/libsqlite3.dylib; sourceTree = SDKROOT; };
		BB6816DA16C726DE000E120F /* AdSupport.framework */ = {isa = PBXFileReference; lastKnownFileType = wrapper.framework; name = AdSupport.framework; path = System/Library/Frameworks/AdSupport.framework; sourceTree = SDKROOT; };
		BB78D32E17FA7E9100DE639C /* UIColor+LightAndDark.h */ = {isa = PBXFileReference; fileEncoding = 4; lastKnownFileType = sourcecode.c.h; path = "UIColor+LightAndDark.h"; sourceTree = "<group>"; };
		BB78D32F17FA7E9100DE639C /* UIColor+LightAndDark.m */ = {isa = PBXFileReference; fileEncoding = 4; lastKnownFileType = sourcecode.c.objc; path = "UIColor+LightAndDark.m"; sourceTree = "<group>"; };
		BB78D33117FA8D3100DE639C /* Media.xcassets */ = {isa = PBXFileReference; lastKnownFileType = folder.assetcatalog; path = Media.xcassets; sourceTree = "<group>"; };
		BB93182618B91ED3003A3AC0 /* PelotoniaProfileViewController.h */ = {isa = PBXFileReference; fileEncoding = 4; lastKnownFileType = sourcecode.c.h; name = PelotoniaProfileViewController.h; path = Controllers/PelotoniaProfileViewController.h; sourceTree = "<group>"; };
		BB93182718B91ED3003A3AC0 /* PelotoniaProfileViewController.m */ = {isa = PBXFileReference; fileEncoding = 4; lastKnownFileType = sourcecode.c.objc; name = PelotoniaProfileViewController.m; path = Controllers/PelotoniaProfileViewController.m; sourceTree = "<group>"; };
		BB93182918B99F97003A3AC0 /* NSNumber+Currency.h */ = {isa = PBXFileReference; fileEncoding = 4; lastKnownFileType = sourcecode.c.h; path = "NSNumber+Currency.h"; sourceTree = "<group>"; };
		BB93182A18B99F97003A3AC0 /* NSNumber+Currency.m */ = {isa = PBXFileReference; fileEncoding = 4; lastKnownFileType = sourcecode.c.objc; path = "NSNumber+Currency.m"; sourceTree = "<group>"; };
		BB9E0969171AFCCD0093FDD5 /* InitialSlidingViewController.h */ = {isa = PBXFileReference; fileEncoding = 4; lastKnownFileType = sourcecode.c.h; name = InitialSlidingViewController.h; path = Controllers/InitialSlidingViewController.h; sourceTree = "<group>"; };
		BB9E096A171AFCCD0093FDD5 /* InitialSlidingViewController.m */ = {isa = PBXFileReference; fileEncoding = 4; lastKnownFileType = sourcecode.c.objc; name = InitialSlidingViewController.m; path = Controllers/InitialSlidingViewController.m; sourceTree = "<group>"; };
		BB9E096C171AFF360093FDD5 /* MenuViewController.h */ = {isa = PBXFileReference; fileEncoding = 4; lastKnownFileType = sourcecode.c.h; name = MenuViewController.h; path = Controllers/MenuViewController.h; sourceTree = "<group>"; };
		BB9E096D171AFF360093FDD5 /* MenuViewController.m */ = {isa = PBXFileReference; fileEncoding = 4; lastKnownFileType = sourcecode.c.objc; name = MenuViewController.m; path = Controllers/MenuViewController.m; sourceTree = "<group>"; };
		BBA66C13172A9FD8002DE00A /* ActivityViewController.h */ = {isa = PBXFileReference; fileEncoding = 4; lastKnownFileType = sourcecode.c.h; name = ActivityViewController.h; path = Controllers/ActivityViewController.h; sourceTree = "<group>"; };
		BBA66C14172A9FD9002DE00A /* ActivityViewController.m */ = {isa = PBXFileReference; fileEncoding = 4; lastKnownFileType = sourcecode.c.objc; name = ActivityViewController.m; path = Controllers/ActivityViewController.m; sourceTree = "<group>"; };
		BBA66C37172AA00D002DE00A /* UserProfileViewController.h */ = {isa = PBXFileReference; fileEncoding = 4; lastKnownFileType = sourcecode.c.h; name = UserProfileViewController.h; path = Controllers/UserProfileViewController.h; sourceTree = "<group>"; };
		BBA66C38172AA00E002DE00A /* UserProfileViewController.m */ = {isa = PBXFileReference; fileEncoding = 4; lastKnownFileType = sourcecode.c.objc; name = UserProfileViewController.m; path = Controllers/UserProfileViewController.m; sourceTree = "<group>"; };
		BBAA222218AD8BB8006BA30E /* FindRiderViewController.h */ = {isa = PBXFileReference; fileEncoding = 4; lastKnownFileType = sourcecode.c.h; name = FindRiderViewController.h; path = Controllers/FindRiderViewController.h; sourceTree = "<group>"; };
		BBAA222318AD8BB8006BA30E /* FindRiderViewController.m */ = {isa = PBXFileReference; fileEncoding = 4; lastKnownFileType = sourcecode.c.objc; name = FindRiderViewController.m; path = Controllers/FindRiderViewController.m; sourceTree = "<group>"; };
		BBAA222518AD9C2E006BA30E /* RiderTableViewCell.h */ = {isa = PBXFileReference; fileEncoding = 4; lastKnownFileType = sourcecode.c.h; name = RiderTableViewCell.h; path = Controllers/RiderTableViewCell.h; sourceTree = "<group>"; };
		BBAA222618AD9C2E006BA30E /* RiderTableViewCell.m */ = {isa = PBXFileReference; fileEncoding = 4; lastKnownFileType = sourcecode.c.objc; name = RiderTableViewCell.m; path = Controllers/RiderTableViewCell.m; sourceTree = "<group>"; };
		BBAA222818AEEBB3006BA30E /* Donor.h */ = {isa = PBXFileReference; fileEncoding = 4; lastKnownFileType = sourcecode.c.h; name = Donor.h; path = Models/Donor.h; sourceTree = "<group>"; };
		BBAA222918AEEBB4006BA30E /* Donor.m */ = {isa = PBXFileReference; fileEncoding = 4; lastKnownFileType = sourcecode.c.objc; name = Donor.m; path = Models/Donor.m; sourceTree = "<group>"; };
		BBAA222B18AF9F7A006BA30E /* DonorsTableViewController.h */ = {isa = PBXFileReference; fileEncoding = 4; lastKnownFileType = sourcecode.c.h; name = DonorsTableViewController.h; path = Controllers/DonorsTableViewController.h; sourceTree = "<group>"; };
		BBAA222C18AF9F7A006BA30E /* DonorsTableViewController.m */ = {isa = PBXFileReference; fileEncoding = 4; lastKnownFileType = sourcecode.c.objc; name = DonorsTableViewController.m; path = Controllers/DonorsTableViewController.m; sourceTree = "<group>"; };
		BBAA222E18AFA0BB006BA30E /* DonorTableViewCell.h */ = {isa = PBXFileReference; fileEncoding = 4; lastKnownFileType = sourcecode.c.h; name = DonorTableViewCell.h; path = Controllers/DonorTableViewCell.h; sourceTree = "<group>"; };
		BBAA222F18AFA0BB006BA30E /* DonorTableViewCell.m */ = {isa = PBXFileReference; fileEncoding = 4; lastKnownFileType = sourcecode.c.objc; name = DonorTableViewCell.m; path = Controllers/DonorTableViewCell.m; sourceTree = "<group>"; };
		BBAA247418B04B4C006BA30E /* Workout.h */ = {isa = PBXFileReference; fileEncoding = 4; lastKnownFileType = sourcecode.c.h; name = Workout.h; path = Models/Workout.h; sourceTree = "<group>"; };
		BBAA247518B04B4C006BA30E /* Workout.m */ = {isa = PBXFileReference; fileEncoding = 4; lastKnownFileType = sourcecode.c.objc; name = Workout.m; path = Models/Workout.m; sourceTree = "<group>"; };
		BBAA247B18B05E93006BA30E /* WorkoutListTableViewController.h */ = {isa = PBXFileReference; fileEncoding = 4; lastKnownFileType = sourcecode.c.h; name = WorkoutListTableViewController.h; path = Controllers/WorkoutListTableViewController.h; sourceTree = "<group>"; };
		BBAA247C18B05E93006BA30E /* WorkoutListTableViewController.m */ = {isa = PBXFileReference; fileEncoding = 4; lastKnownFileType = sourcecode.c.objc; name = WorkoutListTableViewController.m; path = Controllers/WorkoutListTableViewController.m; sourceTree = "<group>"; };
		BBAA247E18B0629A006BA30E /* NewWorkoutTableViewController.h */ = {isa = PBXFileReference; fileEncoding = 4; lastKnownFileType = sourcecode.c.h; name = NewWorkoutTableViewController.h; path = Controllers/NewWorkoutTableViewController.h; sourceTree = "<group>"; };
		BBAA247F18B0629A006BA30E /* NewWorkoutTableViewController.m */ = {isa = PBXFileReference; fileEncoding = 4; lastKnownFileType = sourcecode.c.objc; name = NewWorkoutTableViewController.m; path = Controllers/NewWorkoutTableViewController.m; sourceTree = "<group>"; };
		BBAA248118B251F3006BA30E /* AssetsLibrary.framework */ = {isa = PBXFileReference; lastKnownFileType = wrapper.framework; name = AssetsLibrary.framework; path = System/Library/Frameworks/AssetsLibrary.framework; sourceTree = SDKROOT; };
		BBAA248318B4484B006BA30E /* RidePhotosViewController.h */ = {isa = PBXFileReference; fileEncoding = 4; lastKnownFileType = sourcecode.c.h; name = RidePhotosViewController.h; path = Controllers/RidePhotosViewController.h; sourceTree = "<group>"; };
		BBAA248418B4484B006BA30E /* RidePhotosViewController.m */ = {isa = PBXFileReference; fileEncoding = 4; lastKnownFileType = sourcecode.c.objc; name = RidePhotosViewController.m; path = Controllers/RidePhotosViewController.m; sourceTree = "<group>"; };
		BBAA248618B44C67006BA30E /* RiderPhotoCell.h */ = {isa = PBXFileReference; fileEncoding = 4; lastKnownFileType = sourcecode.c.h; name = RiderPhotoCell.h; path = Controllers/RiderPhotoCell.h; sourceTree = "<group>"; };
		BBAA248718B44C67006BA30E /* RiderPhotoCell.m */ = {isa = PBXFileReference; fileEncoding = 4; lastKnownFileType = sourcecode.c.objc; name = RiderPhotoCell.m; path = Controllers/RiderPhotoCell.m; sourceTree = "<group>"; };
		BBAA248918B4533C006BA30E /* SinglePhotoViewController.h */ = {isa = PBXFileReference; fileEncoding = 4; lastKnownFileType = sourcecode.c.h; name = SinglePhotoViewController.h; path = Controllers/SinglePhotoViewController.h; sourceTree = "<group>"; };
		BBAA248A18B4533C006BA30E /* SinglePhotoViewController.m */ = {isa = PBXFileReference; fileEncoding = 4; lastKnownFileType = sourcecode.c.objc; name = SinglePhotoViewController.m; path = Controllers/SinglePhotoViewController.m; sourceTree = "<group>"; };
		BBAA248C18B5A631006BA30E /* PhotoPageViewController.h */ = {isa = PBXFileReference; fileEncoding = 4; lastKnownFileType = sourcecode.c.h; name = PhotoPageViewController.h; path = Controllers/PhotoPageViewController.h; sourceTree = "<group>"; };
		BBAA248D18B5A631006BA30E /* PhotoPageViewController.m */ = {isa = PBXFileReference; fileEncoding = 4; lastKnownFileType = sourcecode.c.objc; name = PhotoPageViewController.m; path = Controllers/PhotoPageViewController.m; sourceTree = "<group>"; };
		BBAA248F18B5B1D5006BA30E /* PhotoViewController.h */ = {isa = PBXFileReference; fileEncoding = 4; lastKnownFileType = sourcecode.c.h; name = PhotoViewController.h; path = Controllers/PhotoViewController.h; sourceTree = "<group>"; };
		BBAA249018B5B1D5006BA30E /* PhotoViewController.m */ = {isa = PBXFileReference; fileEncoding = 4; lastKnownFileType = sourcecode.c.objc; name = PhotoViewController.m; path = Controllers/PhotoViewController.m; sourceTree = "<group>"; };
		BBB3267816F6904D007153BC /* TFHppleElement+IDSearch.h */ = {isa = PBXFileReference; fileEncoding = 4; lastKnownFileType = sourcecode.c.h; path = "TFHppleElement+IDSearch.h"; sourceTree = "<group>"; };
		BBB3267916F6904D007153BC /* TFHppleElement+IDSearch.m */ = {isa = PBXFileReference; fileEncoding = 4; lastKnownFileType = sourcecode.c.objc; path = "TFHppleElement+IDSearch.m"; sourceTree = "<group>"; };
		BBB399A4195FB9F5009B1FDF /* EventKit.framework */ = {isa = PBXFileReference; lastKnownFileType = wrapper.framework; name = EventKit.framework; path = System/Library/Frameworks/EventKit.framework; sourceTree = SDKROOT; };
		BBB399A5195FB9F5009B1FDF /* EventKitUI.framework */ = {isa = PBXFileReference; lastKnownFileType = wrapper.framework; name = EventKitUI.framework; path = System/Library/Frameworks/EventKitUI.framework; sourceTree = SDKROOT; };
		BBC012E118CCD72500CAFFF7 /* IntroContentViewController.h */ = {isa = PBXFileReference; fileEncoding = 4; lastKnownFileType = sourcecode.c.h; name = IntroContentViewController.h; path = Controllers/IntroContentViewController.h; sourceTree = "<group>"; };
		BBC012E218CCD72500CAFFF7 /* IntroContentViewController.m */ = {isa = PBXFileReference; fileEncoding = 4; lastKnownFileType = sourcecode.c.objc; name = IntroContentViewController.m; path = Controllers/IntroContentViewController.m; sourceTree = "<group>"; };
		BBC012E418CCD83500CAFFF7 /* IntroPageViewController.h */ = {isa = PBXFileReference; fileEncoding = 4; lastKnownFileType = sourcecode.c.h; name = IntroPageViewController.h; path = Controllers/IntroPageViewController.h; sourceTree = "<group>"; };
		BBC012E518CCD83500CAFFF7 /* IntroPageViewController.m */ = {isa = PBXFileReference; fileEncoding = 4; lastKnownFileType = sourcecode.c.objc; name = IntroPageViewController.m; path = Controllers/IntroPageViewController.m; sourceTree = "<group>"; };
		BBC012E718CCD99300CAFFF7 /* IntroViewController.h */ = {isa = PBXFileReference; fileEncoding = 4; lastKnownFileType = sourcecode.c.h; name = IntroViewController.h; path = Controllers/IntroViewController.h; sourceTree = "<group>"; };
		BBC012E818CCD99300CAFFF7 /* IntroViewController.m */ = {isa = PBXFileReference; fileEncoding = 4; lastKnownFileType = sourcecode.c.objc; name = IntroViewController.m; path = Controllers/IntroViewController.m; sourceTree = "<group>"; };
		BBD5CA041CB95BE70095A4A9 /* Pelotonia-Bridging-Header.h */ = {isa = PBXFileReference; lastKnownFileType = sourcecode.c.h; path = "Pelotonia-Bridging-Header.h"; sourceTree = "<group>"; };
		BBD5CA051CB95BE70095A4A9 /* PelotoniaPhotosLibrary.swift */ = {isa = PBXFileReference; fileEncoding = 4; lastKnownFileType = sourcecode.swift; name = PelotoniaPhotosLibrary.swift; path = Models/PelotoniaPhotosLibrary.swift; sourceTree = "<group>"; };
		BBDF062919524F9800FEED39 /* EventsTableViewController.h */ = {isa = PBXFileReference; fileEncoding = 4; lastKnownFileType = sourcecode.c.h; name = EventsTableViewController.h; path = Controllers/EventsTableViewController.h; sourceTree = "<group>"; };
		BBDF062A19524F9800FEED39 /* EventsTableViewController.m */ = {isa = PBXFileReference; fileEncoding = 4; lastKnownFileType = sourcecode.c.objc; name = EventsTableViewController.m; path = Controllers/EventsTableViewController.m; sourceTree = "<group>"; };
		BBDF062C19524FCA00FEED39 /* EventTableViewCell.h */ = {isa = PBXFileReference; fileEncoding = 4; lastKnownFileType = sourcecode.c.h; name = EventTableViewCell.h; path = Controllers/EventTableViewCell.h; sourceTree = "<group>"; };
		BBDF062D19524FCA00FEED39 /* EventTableViewCell.m */ = {isa = PBXFileReference; fileEncoding = 4; lastKnownFileType = sourcecode.c.objc; name = EventTableViewCell.m; path = Controllers/EventTableViewCell.m; sourceTree = "<group>"; };
		BBDF0630195253C300FEED39 /* PelotoniaModel.xcdatamodel */ = {isa = PBXFileReference; lastKnownFileType = wrapper.xcdatamodel; path = PelotoniaModel.xcdatamodel; sourceTree = "<group>"; };
		BBDF064A1953CDF000FEED39 /* EventDetailsTableViewController.h */ = {isa = PBXFileReference; fileEncoding = 4; lastKnownFileType = sourcecode.c.h; name = EventDetailsTableViewController.h; path = Controllers/EventDetailsTableViewController.h; sourceTree = "<group>"; };
		BBDF064B1953CDF000FEED39 /* EventDetailsTableViewController.m */ = {isa = PBXFileReference; fileEncoding = 4; lastKnownFileType = sourcecode.c.objc; name = EventDetailsTableViewController.m; path = Controllers/EventDetailsTableViewController.m; sourceTree = "<group>"; };
		BBEA1E3319607AE0008B933E /* NewsItemTableViewCell.h */ = {isa = PBXFileReference; fileEncoding = 4; lastKnownFileType = sourcecode.c.h; name = NewsItemTableViewCell.h; path = Controllers/NewsItemTableViewCell.h; sourceTree = "<group>"; };
		BBEA1E3419607AE0008B933E /* NewsItemTableViewCell.m */ = {isa = PBXFileReference; fileEncoding = 4; lastKnownFileType = sourcecode.c.objc; name = NewsItemTableViewCell.m; path = Controllers/NewsItemTableViewCell.m; sourceTree = "<group>"; };
		BBEA1E3619607B5F008B933E /* Event.h */ = {isa = PBXFileReference; fileEncoding = 4; lastKnownFileType = sourcecode.c.h; name = Event.h; path = Models/Event.h; sourceTree = "<group>"; };
		BBEA1E3719607B5F008B933E /* Event.m */ = {isa = PBXFileReference; fileEncoding = 4; lastKnownFileType = sourcecode.c.objc; name = Event.m; path = Models/Event.m; sourceTree = "<group>"; };
		BBEA1E3919607B5F008B933E /* EventCategory.h */ = {isa = PBXFileReference; fileEncoding = 4; lastKnownFileType = sourcecode.c.h; name = EventCategory.h; path = Models/EventCategory.h; sourceTree = "<group>"; };
		BBEA1E3A19607B5F008B933E /* EventCategory.m */ = {isa = PBXFileReference; fileEncoding = 4; lastKnownFileType = sourcecode.c.objc; name = EventCategory.m; path = Models/EventCategory.m; sourceTree = "<group>"; };
		BBEA1E3C19607B60008B933E /* NewsItem.h */ = {isa = PBXFileReference; fileEncoding = 4; lastKnownFileType = sourcecode.c.h; name = NewsItem.h; path = Models/NewsItem.h; sourceTree = "<group>"; };
		BBEA1E3D19607B60008B933E /* NewsItem.m */ = {isa = PBXFileReference; fileEncoding = 4; lastKnownFileType = sourcecode.c.objc; name = NewsItem.m; path = Models/NewsItem.m; sourceTree = "<group>"; };
		BBF496F319393050007D7D67 /* libxml2.2.dylib */ = {isa = PBXFileReference; lastKnownFileType = "compiled.mach-o.dylib"; name = libxml2.2.dylib; path = usr/lib/libxml2.2.dylib; sourceTree = SDKROOT; };
		BBF5C29D17242DBE00E5376A /* SendPledgeModalViewController.h */ = {isa = PBXFileReference; fileEncoding = 4; lastKnownFileType = sourcecode.c.h; name = SendPledgeModalViewController.h; path = Controllers/SendPledgeModalViewController.h; sourceTree = "<group>"; };
		BBF5C29E17242DBE00E5376A /* SendPledgeModalViewController.m */ = {isa = PBXFileReference; fileEncoding = 4; lastKnownFileType = sourcecode.c.objc; name = SendPledgeModalViewController.m; path = Controllers/SendPledgeModalViewController.m; sourceTree = "<group>"; };
		BCE3B7B215AE49DA00205530 /* Pelotonia.app */ = {isa = PBXFileReference; explicitFileType = wrapper.application; includeInIndex = 0; path = Pelotonia.app; sourceTree = BUILT_PRODUCTS_DIR; };
		BCE3B7B615AE49DA00205530 /* UIKit.framework */ = {isa = PBXFileReference; lastKnownFileType = wrapper.framework; name = UIKit.framework; path = System/Library/Frameworks/UIKit.framework; sourceTree = SDKROOT; };
		BCE3B7B815AE49DA00205530 /* Foundation.framework */ = {isa = PBXFileReference; lastKnownFileType = wrapper.framework; name = Foundation.framework; path = System/Library/Frameworks/Foundation.framework; sourceTree = SDKROOT; };
		BCE3B7BA15AE49DA00205530 /* CoreGraphics.framework */ = {isa = PBXFileReference; lastKnownFileType = wrapper.framework; name = CoreGraphics.framework; path = System/Library/Frameworks/CoreGraphics.framework; sourceTree = SDKROOT; };
		BCE3B7BE15AE49DA00205530 /* Pelotonia-Info.plist */ = {isa = PBXFileReference; lastKnownFileType = text.plist.xml; path = "Pelotonia-Info.plist"; sourceTree = "<group>"; };
		BCE3B7C015AE49DA00205530 /* en */ = {isa = PBXFileReference; lastKnownFileType = text.plist.strings; name = en; path = en.lproj/InfoPlist.strings; sourceTree = "<group>"; };
		BCE3B7C215AE49DA00205530 /* main.m */ = {isa = PBXFileReference; lastKnownFileType = sourcecode.c.objc; path = main.m; sourceTree = "<group>"; };
		BCE3B7C415AE49DA00205530 /* Pelotonia-Prefix.pch */ = {isa = PBXFileReference; lastKnownFileType = sourcecode.c.h; path = "Pelotonia-Prefix.pch"; sourceTree = "<group>"; };
		BCE3B7C515AE49DA00205530 /* AppDelegate.h */ = {isa = PBXFileReference; lastKnownFileType = sourcecode.c.h; path = AppDelegate.h; sourceTree = "<group>"; };
		BCE3B7C615AE49DA00205530 /* AppDelegate.m */ = {isa = PBXFileReference; lastKnownFileType = sourcecode.c.objc; path = AppDelegate.m; sourceTree = "<group>"; };
		BCE3B7CD15AE4A0C00205530 /* Storyboard.storyboard */ = {isa = PBXFileReference; fileEncoding = 4; lastKnownFileType = file.storyboard; path = Storyboard.storyboard; sourceTree = "<group>"; };
		BCE3B7D315AE4E7200205530 /* RidersViewController.h */ = {isa = PBXFileReference; fileEncoding = 4; lastKnownFileType = sourcecode.c.h; name = RidersViewController.h; path = Controllers/RidersViewController.h; sourceTree = "<group>"; };
		BCE3B7D415AE4E7200205530 /* RidersViewController.m */ = {isa = PBXFileReference; fileEncoding = 4; lastKnownFileType = sourcecode.c.objc; name = RidersViewController.m; path = Controllers/RidersViewController.m; sourceTree = "<group>"; };
		BCE3B7FE15AE519800205530 /* CFNetwork.framework */ = {isa = PBXFileReference; lastKnownFileType = wrapper.framework; name = CFNetwork.framework; path = System/Library/Frameworks/CFNetwork.framework; sourceTree = SDKROOT; };
		BCE3B80015AE51A000205530 /* SystemConfiguration.framework */ = {isa = PBXFileReference; lastKnownFileType = wrapper.framework; name = SystemConfiguration.framework; path = System/Library/Frameworks/SystemConfiguration.framework; sourceTree = SDKROOT; };
		BCE3B80215AE51A800205530 /* MobileCoreServices.framework */ = {isa = PBXFileReference; lastKnownFileType = wrapper.framework; name = MobileCoreServices.framework; path = System/Library/Frameworks/MobileCoreServices.framework; sourceTree = SDKROOT; };
		BCE3B80415AE51BC00205530 /* libz.dylib */ = {isa = PBXFileReference; lastKnownFileType = "compiled.mach-o.dylib"; name = libz.dylib; path = usr/lib/libz.dylib; sourceTree = SDKROOT; };
		BCE3B81915AE586800205530 /* libxml2.dylib */ = {isa = PBXFileReference; lastKnownFileType = "compiled.mach-o.dylib"; name = libxml2.dylib; path = usr/lib/libxml2.dylib; sourceTree = SDKROOT; };
		BCE3B81C15AE5B6F00205530 /* Rider.h */ = {isa = PBXFileReference; fileEncoding = 4; lastKnownFileType = sourcecode.c.h; name = Rider.h; path = Models/Rider.h; sourceTree = "<group>"; };
		BCE3B81D15AE5B6F00205530 /* Rider.m */ = {isa = PBXFileReference; fileEncoding = 4; lastKnownFileType = sourcecode.c.objc; name = Rider.m; path = Models/Rider.m; sourceTree = "<group>"; };
		D2604BC7990A390B9AA5A1E0 /* Pods.release.xcconfig */ = {isa = PBXFileReference; includeInIndex = 1; lastKnownFileType = text.xcconfig; name = Pods.release.xcconfig; path = "Pods/Target Support Files/Pods/Pods.release.xcconfig"; sourceTree = "<group>"; };
/* End PBXFileReference section */

/* Begin PBXFrameworksBuildPhase section */
		BCE3B7AF15AE49DA00205530 /* Frameworks */ = {
			isa = PBXFrameworksBuildPhase;
			buildActionMask = 2147483647;
			files = (
				BBB399A6195FB9F5009B1FDF /* EventKit.framework in Frameworks */,
				BBB399A7195FB9F5009B1FDF /* EventKitUI.framework in Frameworks */,
				BBF496F419393050007D7D67 /* libxml2.2.dylib in Frameworks */,
				BBAA248218B251F3006BA30E /* AssetsLibrary.framework in Frameworks */,
				BB02D28E173B476400656E43 /* CoreTelephony.framework in Frameworks */,
				4D18EE15168CB0E500B1BDCD /* SystemConfiguration.framework in Frameworks */,
				BB6588121735F0AA00ABA5AF /* StoreKit.framework in Frameworks */,
				4DB3347C15D229DD0056E794 /* Security.framework in Frameworks */,
				BCE3B80315AE51A800205530 /* MobileCoreServices.framework in Frameworks */,
				BB6588101735F09100ABA5AF /* libz.1.1.3.dylib in Frameworks */,
				4D99DE3F15D23A6300DA2B3D /* CoreLocation.framework in Frameworks */,
				BCE3B7BB15AE49DA00205530 /* CoreGraphics.framework in Frameworks */,
				4D18EE16168CB0E500B1BDCD /* CFNetwork.framework in Frameworks */,
				BB65880E1735F05E00ABA5AF /* AudioToolbox.framework in Frameworks */,
				BCE3B80515AE51BC00205530 /* libz.dylib in Frameworks */,
				BB6816DB16C726DE000E120F /* AdSupport.framework in Frameworks */,
				BB6816D916C726D5000E120F /* libsqlite3.dylib in Frameworks */,
				BB6816D716C725B9000E120F /* Social.framework in Frameworks */,
				BB6816D516C725B1000E120F /* Accounts.framework in Frameworks */,
				4D5D564216A4F8DD00B5B609 /* ImageIO.framework in Frameworks */,
				4DB3347E15D229F70056E794 /* CoreFoundation.framework in Frameworks */,
				4DB3347A15D229C40056E794 /* Twitter.framework in Frameworks */,
				4D18EE17168CB0E500B1BDCD /* MessageUI.framework in Frameworks */,
				4D4A5B7615D2009B000174CE /* MapKit.framework in Frameworks */,
				4D465A1D15C22AB500C7C506 /* QuartzCore.framework in Frameworks */,
				4DD7F53B15B5108300B1DF42 /* AddressBook.framework in Frameworks */,
				4DD7F53C15B5108300B1DF42 /* AddressBookUI.framework in Frameworks */,
				BCE3B81A15AE586800205530 /* libxml2.dylib in Frameworks */,
				BCE3B7B715AE49DA00205530 /* UIKit.framework in Frameworks */,
				BCE3B7B915AE49DA00205530 /* Foundation.framework in Frameworks */,
				40AC65A5EC934870A6348701 /* libPods.a in Frameworks */,
			);
			runOnlyForDeploymentPostprocessing = 0;
		};
/* End PBXFrameworksBuildPhase section */

/* Begin PBXGroup section */
		0531B93415B2227B0015A003 /* PelotoniaWeb */ = {
			isa = PBXGroup;
			children = (
				0531B93615B222B10015A003 /* PelotoniaWeb.h */,
				0531B93715B222B10015A003 /* PelotoniaWeb.m */,
			);
			name = PelotoniaWeb;
			sourceTree = "<group>";
		};
		0531B93E15B24FF00015A003 /* Assets */ = {
			isa = PBXGroup;
			children = (
				4DB6493815C60FA300980FCB /* Baksheesh */,
				4DB6493715C60F8900980FCB /* PFDinTextPro */,
			);
			path = Assets;
			sourceTree = "<group>";
		};
		4D15DDD41621C8E00050DB17 /* UIImageExtras */ = {
			isa = PBXGroup;
			children = (
				4D15DDD61621C9140050DB17 /* UIImage+Alpha.h */,
				4D15DDD71621C9140050DB17 /* UIImage+Alpha.m */,
				4D15DDD81621C9140050DB17 /* UIImage+Resize.h */,
				4D15DDD91621C9140050DB17 /* UIImage+Resize.m */,
				4D15DDDA1621C9140050DB17 /* UIImage+RoundedCorner.h */,
				4D15DDDB1621C9140050DB17 /* UIImage+RoundedCorner.m */,
			);
			name = UIImageExtras;
			path = Vendor/UIImageExtras;
			sourceTree = "<group>";
		};
		4DB6493715C60F8900980FCB /* PFDinTextPro */ = {
			isa = PBXGroup;
			children = (
				4DB6491915C60F2E00980FCB /* PFDinTextPro-Bold.ttf */,
				4DB6491A15C60F2E00980FCB /* PFDinTextPro-BoldItalic.ttf */,
				4DB6491B15C60F2E00980FCB /* PFDinTextPro-ExtraBlack.ttf */,
				4DB6491C15C60F2E00980FCB /* PFDinTextPro-ExtraBlackItalic.ttf */,
				4DB6491D15C60F2E00980FCB /* PFDinTextPro-ExtraThin.ttf */,
				4DB6491E15C60F2E00980FCB /* PFDinTextPro-ExtraThinItalic.ttf */,
				4DB6491F15C60F2E00980FCB /* PFDinTextPro-Hairline.ttf */,
				4DB6492015C60F2E00980FCB /* PFDinTextPro-Italic.ttf */,
				4DB6492115C60F2E00980FCB /* PFDinTextPro-Light.ttf */,
				4DB6492215C60F2E00980FCB /* PFDinTextPro-LightItalic.ttf */,
				4DB6492315C60F2E00980FCB /* PFDinTextPro-Medium.ttf */,
				4DB6492415C60F2E00980FCB /* PFDinTextPro-MediumItalic.ttf */,
				4DB6492515C60F2E00980FCB /* PFDinTextPro-Regular.ttf */,
				4DB6492615C60F2E00980FCB /* PFDinTextPro-Thin.ttf */,
				4DB6492715C60F2E00980FCB /* PFDinTextPro-ThinItalic.ttf */,
				4D3ED09215C38F5B006FFE04 /* PF_EULA_online.pdf */,
			);
			name = PFDinTextPro;
			sourceTree = "<group>";
		};
		4DB6493815C60FA300980FCB /* Baksheesh */ = {
			isa = PBXGroup;
			children = (
				4DB6493915C6100400980FCB /* Baksheesh-Bold.ttf */,
				4DB6493A15C6100400980FCB /* Baksheesh-BoldExpert.ttf */,
				4DB6493B15C6100400980FCB /* Baksheesh-BoldItalic.ttf */,
				4DB6493C15C6100400980FCB /* Baksheesh-BoldItalicExpert.ttf */,
				4DB6493D15C6100400980FCB /* Baksheesh-Italic.ttf */,
				4DB6493E15C6100400980FCB /* Baksheesh-ItalicExpert.ttf */,
				4DB6493F15C6100400980FCB /* Baksheesh-Regular.ttf */,
				4DB6494015C6100400980FCB /* Baksheesh-RegularExpert.ttf */,
				4DB6494115C6100400980FCB /* Baksheesh-Thin.ttf */,
				4DB6494215C6100400980FCB /* Baksheesh-ThinExpert.ttf */,
				4DB6494315C6100400980FCB /* Baksheesh-ThinItalic.ttf */,
				4DB6494415C6100400980FCB /* Baksheesh-ThinItalicExpert.ttf */,
			);
			name = Baksheesh;
			sourceTree = "<group>";
		};
		7A06482601989E005CFA377D /* Pods */ = {
			isa = PBXGroup;
			children = (
				444F0BD36E762A7DC28B6DFB /* Pods.debug.xcconfig */,
				D2604BC7990A390B9AA5A1E0 /* Pods.release.xcconfig */,
				6F95B61090C6B59DA2453B93 /* Pods.adhoc distribution.xcconfig */,
			);
			name = Pods;
			sourceTree = "<group>";
		};
		BBAA247718B04B5D006BA30E /* TableViewCells */ = {
			isa = PBXGroup;
			children = (
				BBAA248618B44C67006BA30E /* RiderPhotoCell.h */,
				BBAA248718B44C67006BA30E /* RiderPhotoCell.m */,
				BB5D24251789EEFA00A4429A /* CommentTableViewCell.h */,
				BB5D24261789EEFA00A4429A /* CommentTableViewCell.m */,
				BBAA222E18AFA0BB006BA30E /* DonorTableViewCell.h */,
				BBAA222F18AFA0BB006BA30E /* DonorTableViewCell.m */,
				BBDF062C19524FCA00FEED39 /* EventTableViewCell.h */,
				BBDF062D19524FCA00FEED39 /* EventTableViewCell.m */,
				BBAA222518AD9C2E006BA30E /* RiderTableViewCell.h */,
				BBAA222618AD9C2E006BA30E /* RiderTableViewCell.m */,
				BBEA1E3319607AE0008B933E /* NewsItemTableViewCell.h */,
				BBEA1E3419607AE0008B933E /* NewsItemTableViewCell.m */,
			);
			name = TableViewCells;
			sourceTree = "<group>";
		};
		BBC012DE18CCC8DD00CAFFF7 /* Views */ = {
			isa = PBXGroup;
			children = (
				BBAA247718B04B5D006BA30E /* TableViewCells */,
				BCE3B7CD15AE4A0C00205530 /* Storyboard.storyboard */,
			);
			name = Views;
			sourceTree = "<group>";
		};
		BCE3B7A715AE49DA00205530 = {
			isa = PBXGroup;
			children = (
				BB78D33117FA8D3100DE639C /* Media.xcassets */,
				BCE3B7BC15AE49DA00205530 /* Pelotonia */,
				BCE3B7B515AE49DA00205530 /* Frameworks */,
				BCE3B7B315AE49DA00205530 /* Products */,
				7A06482601989E005CFA377D /* Pods */,
			);
			sourceTree = "<group>";
		};
		BCE3B7B315AE49DA00205530 /* Products */ = {
			isa = PBXGroup;
			children = (
				BCE3B7B215AE49DA00205530 /* Pelotonia.app */,
			);
			name = Products;
			sourceTree = "<group>";
		};
		BCE3B7B515AE49DA00205530 /* Frameworks */ = {
			isa = PBXGroup;
			children = (
				BBB399A4195FB9F5009B1FDF /* EventKit.framework */,
				BBB399A5195FB9F5009B1FDF /* EventKitUI.framework */,
				BBF496F319393050007D7D67 /* libxml2.2.dylib */,
				BBAA248118B251F3006BA30E /* AssetsLibrary.framework */,
				BB02D28D173B476400656E43 /* CoreTelephony.framework */,
				BB6588111735F0AA00ABA5AF /* StoreKit.framework */,
				BB65880F1735F09100ABA5AF /* libz.1.1.3.dylib */,
				BB65880D1735F05E00ABA5AF /* AudioToolbox.framework */,
				BB6816DA16C726DE000E120F /* AdSupport.framework */,
				BB6816D816C726D5000E120F /* libsqlite3.dylib */,
				BB6816D616C725B9000E120F /* Social.framework */,
				BB6816D416C725B1000E120F /* Accounts.framework */,
				4D5D564116A4F8DD00B5B609 /* ImageIO.framework */,
				4D99DE3E15D23A6300DA2B3D /* CoreLocation.framework */,
				4DB3347D15D229F70056E794 /* CoreFoundation.framework */,
				4DB3347B15D229DC0056E794 /* Security.framework */,
				4DB3347915D229C40056E794 /* Twitter.framework */,
				4D4A5B7515D2009B000174CE /* MapKit.framework */,
				4D4A5B7315D2008C000174CE /* CoreLocation.framework */,
				4D465A1C15C22AB500C7C506 /* QuartzCore.framework */,
				4DD7F53E15B5108B00B1DF42 /* MessageUI.framework */,
				4DD7F53915B5108300B1DF42 /* AddressBook.framework */,
				4DD7F53A15B5108300B1DF42 /* AddressBookUI.framework */,
				BCE3B81915AE586800205530 /* libxml2.dylib */,
				BCE3B80415AE51BC00205530 /* libz.dylib */,
				BCE3B80215AE51A800205530 /* MobileCoreServices.framework */,
				BCE3B80015AE51A000205530 /* SystemConfiguration.framework */,
				BCE3B7FE15AE519800205530 /* CFNetwork.framework */,
				BCE3B7B615AE49DA00205530 /* UIKit.framework */,
				BCE3B7B815AE49DA00205530 /* Foundation.framework */,
				BCE3B7BA15AE49DA00205530 /* CoreGraphics.framework */,
				9CE71682D602405B80BC7208 /* libPods.a */,
			);
			name = Frameworks;
			sourceTree = "<group>";
		};
		BCE3B7BC15AE49DA00205530 /* Pelotonia */ = {
			isa = PBXGroup;
			children = (
				0531B93E15B24FF00015A003 /* Assets */,
				BCE3B81B15AE5B4F00205530 /* Models */,
				BCE3B7CF15AE4DE000205530 /* Controllers */,
				BCE3B7C515AE49DA00205530 /* AppDelegate.h */,
				BCE3B7C615AE49DA00205530 /* AppDelegate.m */,
				BBC012DE18CCC8DD00CAFFF7 /* Views */,
				BCE3B7DC15AE511F00205530 /* Vendor */,
				BCE3B7BD15AE49DA00205530 /* Supporting Files */,
			);
			path = Pelotonia;
			sourceTree = "<group>";
		};
		BCE3B7BD15AE49DA00205530 /* Supporting Files */ = {
			isa = PBXGroup;
			children = (
				BB5D2435178A484900A4429A /* NSDate-Utilities.h */,
				BB5D2436178A484900A4429A /* NSDate-Utilities.m */,
				BB5D2432178A477300A4429A /* NSDate+Helper.h */,
				BB5D2433178A477300A4429A /* NSDate+Helper.m */,
				BB5D24221789EEB800A4429A /* PRPSmartTableViewCell.h */,
				BB5D24231789EEB800A4429A /* PRPSmartTableViewCell.m */,
				BBB3267816F6904D007153BC /* TFHppleElement+IDSearch.h */,
				BBB3267916F6904D007153BC /* TFHppleElement+IDSearch.m */,
				BCE3B7BE15AE49DA00205530 /* Pelotonia-Info.plist */,
				BCE3B7BF15AE49DA00205530 /* InfoPlist.strings */,
				BCE3B7C215AE49DA00205530 /* main.m */,
				BCE3B7C415AE49DA00205530 /* Pelotonia-Prefix.pch */,
				4DD0407B15B36FF80073E7B6 /* Pelotonia-Colors.h */,
				BB32006D178E668A0035A2BA /* NSDictionary+JSONConversion.h */,
				BB32006E178E668A0035A2BA /* NSDictionary+JSONConversion.m */,
				BB78D32E17FA7E9100DE639C /* UIColor+LightAndDark.h */,
				BB78D32F17FA7E9100DE639C /* UIColor+LightAndDark.m */,
				BB93182918B99F97003A3AC0 /* NSNumber+Currency.h */,
				BB93182A18B99F97003A3AC0 /* NSNumber+Currency.m */,
			);
			name = "Supporting Files";
			sourceTree = "<group>";
		};
		BCE3B7CF15AE4DE000205530 /* Controllers */ = {
			isa = PBXGroup;
			children = (
				4D18B2D715FD0B90003F8416 /* AboutTableViewController.h */,
				4D18B2D815FD0B90003F8416 /* AboutTableViewController.m */,
				BBA66C13172A9FD8002DE00A /* ActivityViewController.h */,
				BBA66C14172A9FD9002DE00A /* ActivityViewController.m */,
				BBAA222B18AF9F7A006BA30E /* DonorsTableViewController.h */,
				BBAA222C18AF9F7A006BA30E /* DonorsTableViewController.m */,
				BBDF064A1953CDF000FEED39 /* EventDetailsTableViewController.h */,
				BBDF064B1953CDF000FEED39 /* EventDetailsTableViewController.m */,
				BBDF062919524F9800FEED39 /* EventsTableViewController.h */,
				BBDF062A19524F9800FEED39 /* EventsTableViewController.m */,
				BB22414B17F529030054F16D /* FeedbackViewController.h */,
				BB22414C17F529030054F16D /* FeedbackViewController.m */,
				BBAA222218AD8BB8006BA30E /* FindRiderViewController.h */,
				BBAA222318AD8BB8006BA30E /* FindRiderViewController.m */,
				BB9E0969171AFCCD0093FDD5 /* InitialSlidingViewController.h */,
				BB9E096A171AFCCD0093FDD5 /* InitialSlidingViewController.m */,
				BBC012E118CCD72500CAFFF7 /* IntroContentViewController.h */,
				BBC012E218CCD72500CAFFF7 /* IntroContentViewController.m */,
				BBC012E418CCD83500CAFFF7 /* IntroPageViewController.h */,
				BBC012E518CCD83500CAFFF7 /* IntroPageViewController.m */,
				BBC012E718CCD99300CAFFF7 /* IntroViewController.h */,
				BBC012E818CCD99300CAFFF7 /* IntroViewController.m */,
				BB9E096C171AFF360093FDD5 /* MenuViewController.h */,
				BB9E096D171AFF360093FDD5 /* MenuViewController.m */,
				BBAA247E18B0629A006BA30E /* NewWorkoutTableViewController.h */,
				BBAA247F18B0629A006BA30E /* NewWorkoutTableViewController.m */,
				BB93182618B91ED3003A3AC0 /* PelotoniaProfileViewController.h */,
				BB93182718B91ED3003A3AC0 /* PelotoniaProfileViewController.m */,
				BBAA248C18B5A631006BA30E /* PhotoPageViewController.h */,
				BBAA248D18B5A631006BA30E /* PhotoPageViewController.m */,
				BBAA248F18B5B1D5006BA30E /* PhotoViewController.h */,
				BBAA249018B5B1D5006BA30E /* PhotoViewController.m */,
				BB2865E8176ABB05001BA804 /* ProfileDetailsTableViewController.h */,
				BB2865E9176ABB05001BA804 /* ProfileDetailsTableViewController.m */,
				4DFA61DE15F8545800BD7514 /* ProfileTableViewController.h */,
				4DFA61DF15F8545800BD7514 /* ProfileTableViewController.m */,
				BBAA248318B4484B006BA30E /* RidePhotosViewController.h */,
				BBAA248418B4484B006BA30E /* RidePhotosViewController.m */,
				BCE3B7D315AE4E7200205530 /* RidersViewController.h */,
				BCE3B7D415AE4E7200205530 /* RidersViewController.m */,
				BBF5C29D17242DBE00E5376A /* SendPledgeModalViewController.h */,
				BBF5C29E17242DBE00E5376A /* SendPledgeModalViewController.m */,
				BBAA248918B4533C006BA30E /* SinglePhotoViewController.h */,
				BBAA248A18B4533C006BA30E /* SinglePhotoViewController.m */,
				BBA66C37172AA00D002DE00A /* UserProfileViewController.h */,
				BBA66C38172AA00E002DE00A /* UserProfileViewController.m */,
				BBAA247B18B05E93006BA30E /* WorkoutListTableViewController.h */,
				BBAA247C18B05E93006BA30E /* WorkoutListTableViewController.m */,
			);
			name = Controllers;
			sourceTree = "<group>";
		};
		BCE3B7DC15AE511F00205530 /* Vendor */ = {
			isa = PBXGroup;
			children = (
				4D15DDD41621C8E00050DB17 /* UIImageExtras */,
				0531B93415B2227B0015A003 /* PelotoniaWeb */,
			);
			name = Vendor;
			sourceTree = "<group>";
		};
		BCE3B81B15AE5B4F00205530 /* Models */ = {
			isa = PBXGroup;
			children = (
				BBDF062F195253C300FEED39 /* PelotoniaModel.xcdatamodeld */,
				BBAA222818AEEBB3006BA30E /* Donor.h */,
				BBAA222918AEEBB4006BA30E /* Donor.m */,
				BBEA1E3619607B5F008B933E /* Event.h */,
				BBEA1E3719607B5F008B933E /* Event.m */,
				BBEA1E3C19607B60008B933E /* NewsItem.h */,
				BBEA1E3D19607B60008B933E /* NewsItem.m */,
				BBEA1E3919607B5F008B933E /* EventCategory.h */,
				BBEA1E3A19607B5F008B933E /* EventCategory.m */,
				BCE3B81C15AE5B6F00205530 /* Rider.h */,
				BCE3B81D15AE5B6F00205530 /* Rider.m */,
				4D35C72715B116E5006E5D5D /* RiderDataController.h */,
				4D35C72815B116E5006E5D5D /* RiderDataController.m */,
				BBAA247418B04B4C006BA30E /* Workout.h */,
				BBAA247518B04B4C006BA30E /* Workout.m */,
				BBD5CA051CB95BE70095A4A9 /* PelotoniaPhotosLibrary.swift */,
				BBD5CA041CB95BE70095A4A9 /* Pelotonia-Bridging-Header.h */,
			);
			name = Models;
			sourceTree = "<group>";
		};
/* End PBXGroup section */

/* Begin PBXNativeTarget section */
		BCE3B7B115AE49DA00205530 /* Pelotonia */ = {
			isa = PBXNativeTarget;
			buildConfigurationList = BCE3B7CA15AE49DA00205530 /* Build configuration list for PBXNativeTarget "Pelotonia" */;
			buildPhases = (
				37D2A5901C424C10A1DFDC6A /* Check Pods Manifest.lock */,
				BCE3B7AE15AE49DA00205530 /* Sources */,
				BCE3B7AF15AE49DA00205530 /* Frameworks */,
				BBF159DC176C28C500DFA92C /* ShellScript */,
				BCE3B7B015AE49DA00205530 /* Resources */,
				17118B413CE84F48A2F75643 /* Copy Pods Resources */,
				E1096C375360C3445732B8D2 /* Embed Pods Frameworks */,
			);
			buildRules = (
			);
			dependencies = (
			);
			name = Pelotonia;
			productName = Pelotonia;
			productReference = BCE3B7B215AE49DA00205530 /* Pelotonia.app */;
			productType = "com.apple.product-type.application";
		};
/* End PBXNativeTarget section */

/* Begin PBXProject section */
		BCE3B7A915AE49DA00205530 /* Project object */ = {
			isa = PBXProject;
			attributes = {
				LastUpgradeCheck = 0720;
				TargetAttributes = {
					BCE3B7B115AE49DA00205530 = {
						DevelopmentTeam = E8N9T3D525;
					};
				};
			};
			buildConfigurationList = BCE3B7AC15AE49DA00205530 /* Build configuration list for PBXProject "Pelotonia" */;
			compatibilityVersion = "Xcode 3.2";
			developmentRegion = English;
			hasScannedForEncodings = 0;
			knownRegions = (
				en,
				da,
				de,
				es,
				fr,
				it,
				ja,
				ko,
				nl,
				pl,
				pt,
				ru,
				sv,
			);
			mainGroup = BCE3B7A715AE49DA00205530;
			productRefGroup = BCE3B7B315AE49DA00205530 /* Products */;
			projectDirPath = "";
			projectRoot = "";
			targets = (
				BCE3B7B115AE49DA00205530 /* Pelotonia */,
			);
		};
/* End PBXProject section */

/* Begin PBXResourcesBuildPhase section */
		BCE3B7B015AE49DA00205530 /* Resources */ = {
			isa = PBXResourcesBuildPhase;
			buildActionMask = 2147483647;
			files = (
				BCE3B7C115AE49DA00205530 /* InfoPlist.strings in Resources */,
				BCE3B7CE15AE4A0C00205530 /* Storyboard.storyboard in Resources */,
				4D3ED0A215C38F5B006FFE04 /* PF_EULA_online.pdf in Resources */,
				4DB6492815C60F2E00980FCB /* PFDinTextPro-Bold.ttf in Resources */,
				4DB6492915C60F2E00980FCB /* PFDinTextPro-BoldItalic.ttf in Resources */,
				4DB6492A15C60F2E00980FCB /* PFDinTextPro-ExtraBlack.ttf in Resources */,
				4DB6492B15C60F2E00980FCB /* PFDinTextPro-ExtraBlackItalic.ttf in Resources */,
				4DB6492C15C60F2E00980FCB /* PFDinTextPro-ExtraThin.ttf in Resources */,
				4DB6492D15C60F2E00980FCB /* PFDinTextPro-ExtraThinItalic.ttf in Resources */,
				4DB6492E15C60F2E00980FCB /* PFDinTextPro-Hairline.ttf in Resources */,
				4DB6492F15C60F2E00980FCB /* PFDinTextPro-Italic.ttf in Resources */,
				4DB6493015C60F2E00980FCB /* PFDinTextPro-Light.ttf in Resources */,
				4DB6493115C60F2E00980FCB /* PFDinTextPro-LightItalic.ttf in Resources */,
				4DB6493215C60F2E00980FCB /* PFDinTextPro-Medium.ttf in Resources */,
				4DB6493315C60F2E00980FCB /* PFDinTextPro-MediumItalic.ttf in Resources */,
				4DB6493415C60F2E00980FCB /* PFDinTextPro-Regular.ttf in Resources */,
				4DB6493515C60F2E00980FCB /* PFDinTextPro-Thin.ttf in Resources */,
				4DB6493615C60F2E00980FCB /* PFDinTextPro-ThinItalic.ttf in Resources */,
				4DB6494515C6100400980FCB /* Baksheesh-Bold.ttf in Resources */,
				4DB6494615C6100400980FCB /* Baksheesh-BoldExpert.ttf in Resources */,
				4DB6494715C6100400980FCB /* Baksheesh-BoldItalic.ttf in Resources */,
				4DB6494815C6100400980FCB /* Baksheesh-BoldItalicExpert.ttf in Resources */,
				4DB6494915C6100400980FCB /* Baksheesh-Italic.ttf in Resources */,
				4DB6494A15C6100400980FCB /* Baksheesh-ItalicExpert.ttf in Resources */,
				4DB6494B15C6100400980FCB /* Baksheesh-Regular.ttf in Resources */,
				4DB6494C15C6100400980FCB /* Baksheesh-RegularExpert.ttf in Resources */,
				4DB6494D15C6100400980FCB /* Baksheesh-Thin.ttf in Resources */,
				4DB6494E15C6100400980FCB /* Baksheesh-ThinExpert.ttf in Resources */,
				4DB6494F15C6100400980FCB /* Baksheesh-ThinItalic.ttf in Resources */,
				4DB6495015C6100400980FCB /* Baksheesh-ThinItalicExpert.ttf in Resources */,
				BB78D33217FA8D3100DE639C /* Media.xcassets in Resources */,
			);
			runOnlyForDeploymentPostprocessing = 0;
		};
/* End PBXResourcesBuildPhase section */

/* Begin PBXShellScriptBuildPhase section */
		17118B413CE84F48A2F75643 /* Copy Pods Resources */ = {
			isa = PBXShellScriptBuildPhase;
			buildActionMask = 2147483647;
			files = (
			);
			inputPaths = (
			);
			name = "Copy Pods Resources";
			outputPaths = (
			);
			runOnlyForDeploymentPostprocessing = 0;
			shellPath = /bin/sh;
			shellScript = "\"${SRCROOT}/Pods/Target Support Files/Pods/Pods-resources.sh\"\n";
			showEnvVarsInLog = 0;
		};
		37D2A5901C424C10A1DFDC6A /* Check Pods Manifest.lock */ = {
			isa = PBXShellScriptBuildPhase;
			buildActionMask = 2147483647;
			files = (
			);
			inputPaths = (
			);
			name = "Check Pods Manifest.lock";
			outputPaths = (
			);
			runOnlyForDeploymentPostprocessing = 0;
			shellPath = /bin/sh;
			shellScript = "diff \"${PODS_ROOT}/../Podfile.lock\" \"${PODS_ROOT}/Manifest.lock\" > /dev/null\nif [[ $? != 0 ]] ; then\n    cat << EOM\nerror: The sandbox is not in sync with the Podfile.lock. Run 'pod install' or update your CocoaPods installation.\nEOM\n    exit 1\nfi\n";
			showEnvVarsInLog = 0;
		};
		BBF159DC176C28C500DFA92C /* ShellScript */ = {
			isa = PBXShellScriptBuildPhase;
			buildActionMask = 2147483647;
			files = (
			);
			inputPaths = (
			);
			outputPaths = (
			);
			runOnlyForDeploymentPostprocessing = 0;
			shellPath = /bin/sh;
			shellScript = "buildNumber=$(/usr/libexec/PlistBuddy -c \"Print CFBundleVersion\" \"${PROJECT_DIR}/${INFOPLIST_FILE}\")\nbuildNumber=$(($buildNumber + 1))\n/usr/libexec/PlistBuddy -c \"Set :CFBundleVersion $buildNumber\" \"${PROJECT_DIR}/${INFOPLIST_FILE}\"";
		};
		E1096C375360C3445732B8D2 /* Embed Pods Frameworks */ = {
			isa = PBXShellScriptBuildPhase;
			buildActionMask = 2147483647;
			files = (
			);
			inputPaths = (
			);
			name = "Embed Pods Frameworks";
			outputPaths = (
			);
			runOnlyForDeploymentPostprocessing = 0;
			shellPath = /bin/sh;
			shellScript = "\"${SRCROOT}/Pods/Target Support Files/Pods/Pods-frameworks.sh\"\n";
			showEnvVarsInLog = 0;
		};
/* End PBXShellScriptBuildPhase section */

/* Begin PBXSourcesBuildPhase section */
		BCE3B7AE15AE49DA00205530 /* Sources */ = {
			isa = PBXSourcesBuildPhase;
			buildActionMask = 2147483647;
			files = (
				BBEA1E3B19607B5F008B933E /* EventCategory.m in Sources */,
				BCE3B7C315AE49DA00205530 /* main.m in Sources */,
				BBAA248E18B5A631006BA30E /* PhotoPageViewController.m in Sources */,
				BCE3B7C715AE49DA00205530 /* AppDelegate.m in Sources */,
				BBAA222718AD9C2E006BA30E /* RiderTableViewCell.m in Sources */,
				BBC012E918CCD99300CAFFF7 /* IntroViewController.m in Sources */,
				BCE3B7D515AE4E7200205530 /* RidersViewController.m in Sources */,
				BCE3B81E15AE5B6F00205530 /* Rider.m in Sources */,
				4D35C72915B116E5006E5D5D /* RiderDataController.m in Sources */,
				BBAA222A18AEEBB4006BA30E /* Donor.m in Sources */,
				BBC012E618CCD83500CAFFF7 /* IntroPageViewController.m in Sources */,
				BBEA1E3519607AE0008B933E /* NewsItemTableViewCell.m in Sources */,
				0531B93815B222B10015A003 /* PelotoniaWeb.m in Sources */,
				BBAA249118B5B1D5006BA30E /* PhotoViewController.m in Sources */,
				BB78D33017FA7E9100DE639C /* UIColor+LightAndDark.m in Sources */,
				4DFA61E015F8545800BD7514 /* ProfileTableViewController.m in Sources */,
				BB22414D17F529030054F16D /* FeedbackViewController.m in Sources */,
				4D18B2D915FD0B90003F8416 /* AboutTableViewController.m in Sources */,
				BB93182B18B99F97003A3AC0 /* NSNumber+Currency.m in Sources */,
				4D15DDDC1621C9140050DB17 /* UIImage+Alpha.m in Sources */,
				BBAA248818B44C67006BA30E /* RiderPhotoCell.m in Sources */,
				BBEA1E3819607B5F008B933E /* Event.m in Sources */,
				BBDF0631195253C300FEED39 /* PelotoniaModel.xcdatamodeld in Sources */,
				4D15DDDD1621C9140050DB17 /* UIImage+Resize.m in Sources */,
				4D15DDDE1621C9140050DB17 /* UIImage+RoundedCorner.m in Sources */,
				BBC012E318CCD72500CAFFF7 /* IntroContentViewController.m in Sources */,
				BBB3267A16F6904D007153BC /* TFHppleElement+IDSearch.m in Sources */,
				BBAA222418AD8BB8006BA30E /* FindRiderViewController.m in Sources */,
				BB9E096B171AFCCD0093FDD5 /* InitialSlidingViewController.m in Sources */,
				BBAA248B18B4533C006BA30E /* SinglePhotoViewController.m in Sources */,
				BBDF062E19524FCA00FEED39 /* EventTableViewCell.m in Sources */,
				BBD5CA061CB95BE70095A4A9 /* PelotoniaPhotosLibrary.swift in Sources */,
				BBEA1E3E19607B60008B933E /* NewsItem.m in Sources */,
				BB9E096E171AFF360093FDD5 /* MenuViewController.m in Sources */,
				BBF5C29F17242DBE00E5376A /* SendPledgeModalViewController.m in Sources */,
				BBAA223018AFA0BB006BA30E /* DonorTableViewCell.m in Sources */,
				BBAA248518B4484B006BA30E /* RidePhotosViewController.m in Sources */,
				BBA66C15172A9FD9002DE00A /* ActivityViewController.m in Sources */,
				BBA66C39172AA00E002DE00A /* UserProfileViewController.m in Sources */,
				BBDF062B19524F9800FEED39 /* EventsTableViewController.m in Sources */,
				BB2865EA176ABB05001BA804 /* ProfileDetailsTableViewController.m in Sources */,
				BB5D24241789EEB800A4429A /* PRPSmartTableViewCell.m in Sources */,
				BB5D24271789EEFA00A4429A /* CommentTableViewCell.m in Sources */,
				BBAA247D18B05E93006BA30E /* WorkoutListTableViewController.m in Sources */,
				BB5D2434178A477300A4429A /* NSDate+Helper.m in Sources */,
				BB5D2437178A484900A4429A /* NSDate-Utilities.m in Sources */,
				BB93182818B91ED3003A3AC0 /* PelotoniaProfileViewController.m in Sources */,
				BBDF064C1953CDF000FEED39 /* EventDetailsTableViewController.m in Sources */,
				BB32006F178E668A0035A2BA /* NSDictionary+JSONConversion.m in Sources */,
				BBAA222D18AF9F7A006BA30E /* DonorsTableViewController.m in Sources */,
				BBAA247618B04B4C006BA30E /* Workout.m in Sources */,
				BBAA248018B0629A006BA30E /* NewWorkoutTableViewController.m in Sources */,
			);
			runOnlyForDeploymentPostprocessing = 0;
		};
/* End PBXSourcesBuildPhase section */

/* Begin PBXVariantGroup section */
		BCE3B7BF15AE49DA00205530 /* InfoPlist.strings */ = {
			isa = PBXVariantGroup;
			children = (
				BCE3B7C015AE49DA00205530 /* en */,
			);
			name = InfoPlist.strings;
			sourceTree = "<group>";
		};
/* End PBXVariantGroup section */

/* Begin XCBuildConfiguration section */
		4D6768C515CA17A000EA0547 /* AdHoc Distribution */ = {
			isa = XCBuildConfiguration;
			buildSettings = {
				ALWAYS_SEARCH_USER_PATHS = NO;
				ASSETCATALOG_COMPILER_APPICON_NAME = AppIcon;
				CLANG_ENABLE_MODULES = YES;
				CLANG_ENABLE_OBJC_ARC = YES;
				CLANG_WARN_BOOL_CONVERSION = YES;
				CLANG_WARN_CONSTANT_CONVERSION = YES;
				CLANG_WARN_EMPTY_BODY = YES;
				CLANG_WARN_ENUM_CONVERSION = YES;
				CLANG_WARN_INT_CONVERSION = YES;
				CLANG_WARN_UNREACHABLE_CODE = YES;
				CLANG_WARN__DUPLICATE_METHOD_MATCH = YES;
				CODE_SIGN_IDENTITY = "iPhone Developer: Mark Harris (L2TNTTK5TB)";
				"CODE_SIGN_IDENTITY[sdk=iphoneos*]" = "iPhone Developer: Mark Harris (L2TNTTK5TB)";
				COPY_PHASE_STRIP = YES;
				ENABLE_STRICT_OBJC_MSGSEND = YES;
				GCC_C_LANGUAGE_STANDARD = gnu99;
				GCC_NO_COMMON_BLOCKS = YES;
				GCC_VERSION = com.apple.compilers.llvm.clang.1_0;
				GCC_WARN_64_TO_32_BIT_CONVERSION = YES;
				GCC_WARN_ABOUT_RETURN_TYPE = YES;
				GCC_WARN_UNDECLARED_SELECTOR = YES;
				GCC_WARN_UNINITIALIZED_AUTOS = YES;
				GCC_WARN_UNUSED_FUNCTION = YES;
				GCC_WARN_UNUSED_VARIABLE = YES;
				HEADER_SEARCH_PATHS = "$(SDKROOT)/usr/include/libxml2";
				IPHONEOS_DEPLOYMENT_TARGET = 7.0;
				OTHER_CFLAGS = "-DNS_BLOCK_ASSERTIONS=1";
				PODS_ROOT = "${SRCROOT}/Pods ";
				PROVISIONING_PROFILE = "97b1dd0c-757b-418f-a534-d76c092bf1e5";
				"PROVISIONING_PROFILE[sdk=iphoneos*]" = "97b1dd0c-757b-418f-a534-d76c092bf1e5";
				SDKROOT = iphoneos;
				VALIDATE_PRODUCT = YES;
			};
			name = "AdHoc Distribution";
		};
		4D6768C615CA17A000EA0547 /* AdHoc Distribution */ = {
			isa = XCBuildConfiguration;
			baseConfigurationReference = 6F95B61090C6B59DA2453B93 /* Pods.adhoc distribution.xcconfig */;
			buildSettings = {
				ASSETCATALOG_COMPILER_APPICON_NAME = AppIcon;
				ASSETCATALOG_COMPILER_LAUNCHIMAGE_NAME = LaunchImage;
				CLANG_ENABLE_MODULES = YES;
				CLANG_ENABLE_OBJC_WEAK = NO;
				CODE_SIGN_IDENTITY = "iPhone Developer";
				"CODE_SIGN_IDENTITY[sdk=iphoneos*]" = "iPhone Developer";
				CURRENT_PROJECT_VERSION = 17;
				FRAMEWORK_SEARCH_PATHS = (
					"$(inherited)",
					"$(SRCROOT)/**",
					"$(SRCROOT)/Socialize.embeddedframework/**",
					"\"$(SDK_DIR)\"/usr/include/libxml2/**",
					"$(PROJECT_DIR)/Socialize.embeddedframework",
				);
				GCC_PRECOMPILE_PREFIX_HEADER = YES;
				GCC_PREFIX_HEADER = "Pelotonia/Pelotonia-Prefix.pch";
				HEADER_SEARCH_PATHS = (
					"$(inherited)",
					"\"${PODS_ROOT}/Headers\"",
					"\"${PODS_ROOT}/Headers/AAPullToRefresh\"",
					"\"${PODS_ROOT}/Headers/AFNetworking\"",
					"\"${PODS_ROOT}/Headers/Appirater\"",
					"\"${PODS_ROOT}/Headers/ECSlidingViewController\"",
					"\"${PODS_ROOT}/Headers/MBProgressHUD\"",
					"\"${PODS_ROOT}/Headers/SDWebImage\"",
					"\"${PODS_ROOT}/Headers/UIActivityIndicator-for-SDWebImage\"",
					"\"$(SDK_DIR)\"/usr/include/libxml2",
					"\"$(PODS_ROOT)/Headers/MagicalRecord\"/**",
				);
				INFOPLIST_FILE = "Pelotonia/Pelotonia-Info.plist";
				IPHONEOS_DEPLOYMENT_TARGET = 9.0;
				LD_RUNPATH_SEARCH_PATHS = "$(inherited) @executable_path/Frameworks";
				LIBRARY_SEARCH_PATHS = "$(inherited)";
				OTHER_LDFLAGS = (
					"-ObjC",
					"-all_load",
					"$(inherited)",
				);
				PRODUCT_BUNDLE_IDENTIFIER = "org.pelotonia.${PRODUCT_NAME:rfc1034identifier}";
				PRODUCT_NAME = "$(TARGET_NAME)";
				PROVISIONING_PROFILE = "";
				"PROVISIONING_PROFILE[sdk=iphoneos*]" = "eb8919af-69e1-43ff-b363-2332cb44961e";
				SWIFT_OBJC_BRIDGING_HEADER = "Pelotonia/Pelotonia-Bridging-Header.h";
				TARGETED_DEVICE_FAMILY = 1;
				USER_HEADER_SEARCH_PATHS = "Pelotonia/Vendor/**";
				VALID_ARCHS = "armv7 armv7s arm64";
				VERSIONING_SYSTEM = "apple-generic";
				WRAPPER_EXTENSION = app;
			};
			name = "AdHoc Distribution";
		};
		BCE3B7C815AE49DA00205530 /* Debug */ = {
			isa = XCBuildConfiguration;
			buildSettings = {
				ALWAYS_SEARCH_USER_PATHS = NO;
				ASSETCATALOG_COMPILER_APPICON_NAME = AppIcon;
				CLANG_ENABLE_MODULES = YES;
				CLANG_ENABLE_OBJC_ARC = YES;
				CLANG_WARN_BOOL_CONVERSION = YES;
				CLANG_WARN_CONSTANT_CONVERSION = YES;
				CLANG_WARN_EMPTY_BODY = YES;
				CLANG_WARN_ENUM_CONVERSION = YES;
				CLANG_WARN_INT_CONVERSION = YES;
				CLANG_WARN_UNREACHABLE_CODE = YES;
				CLANG_WARN__DUPLICATE_METHOD_MATCH = YES;
				CODE_SIGN_IDENTITY = "iPhone Developer: Mark Harris (L2TNTTK5TB)";
				"CODE_SIGN_IDENTITY[sdk=iphoneos*]" = "iPhone Developer: Mark Harris (L2TNTTK5TB)";
				COPY_PHASE_STRIP = NO;
				ENABLE_STRICT_OBJC_MSGSEND = YES;
				ENABLE_TESTABILITY = YES;
				GCC_C_LANGUAGE_STANDARD = gnu99;
				GCC_DYNAMIC_NO_PIC = NO;
				GCC_NO_COMMON_BLOCKS = YES;
				GCC_OPTIMIZATION_LEVEL = 0;
				GCC_PREPROCESSOR_DEFINITIONS = (
					"DEBUG=1",
					"$(inherited)",
				);
				GCC_SYMBOLS_PRIVATE_EXTERN = NO;
				GCC_VERSION = com.apple.compilers.llvm.clang.1_0;
				GCC_WARN_64_TO_32_BIT_CONVERSION = YES;
				GCC_WARN_ABOUT_RETURN_TYPE = YES;
				GCC_WARN_UNDECLARED_SELECTOR = YES;
				GCC_WARN_UNINITIALIZED_AUTOS = YES;
				GCC_WARN_UNUSED_FUNCTION = YES;
				GCC_WARN_UNUSED_VARIABLE = YES;
				HEADER_SEARCH_PATHS = "$(SDKROOT)/usr/include/libxml2";
				IPHONEOS_DEPLOYMENT_TARGET = 7.0;
				ONLY_ACTIVE_ARCH = YES;
				PODS_ROOT = "${SRCROOT}/Pods ";
				PROVISIONING_PROFILE = "97b1dd0c-757b-418f-a534-d76c092bf1e5";
				SDKROOT = iphoneos;
			};
			name = Debug;
		};
		BCE3B7C915AE49DA00205530 /* Release */ = {
			isa = XCBuildConfiguration;
			buildSettings = {
				ALWAYS_SEARCH_USER_PATHS = NO;
				ASSETCATALOG_COMPILER_APPICON_NAME = AppIcon;
				CLANG_ENABLE_MODULES = YES;
				CLANG_ENABLE_OBJC_ARC = YES;
				CLANG_WARN_BOOL_CONVERSION = YES;
				CLANG_WARN_CONSTANT_CONVERSION = YES;
				CLANG_WARN_EMPTY_BODY = YES;
				CLANG_WARN_ENUM_CONVERSION = YES;
				CLANG_WARN_INT_CONVERSION = YES;
				CLANG_WARN_UNREACHABLE_CODE = YES;
				CLANG_WARN__DUPLICATE_METHOD_MATCH = YES;
				CODE_SIGN_IDENTITY = "iPhone Developer: Mark Harris (L2TNTTK5TB)";
				"CODE_SIGN_IDENTITY[sdk=iphoneos*]" = "iPhone Developer: Mark Harris (L2TNTTK5TB)";
				COPY_PHASE_STRIP = YES;
				ENABLE_STRICT_OBJC_MSGSEND = YES;
				GCC_C_LANGUAGE_STANDARD = gnu99;
				GCC_NO_COMMON_BLOCKS = YES;
				GCC_VERSION = com.apple.compilers.llvm.clang.1_0;
				GCC_WARN_64_TO_32_BIT_CONVERSION = YES;
				GCC_WARN_ABOUT_RETURN_TYPE = YES;
				GCC_WARN_UNDECLARED_SELECTOR = YES;
				GCC_WARN_UNINITIALIZED_AUTOS = YES;
				GCC_WARN_UNUSED_FUNCTION = YES;
				GCC_WARN_UNUSED_VARIABLE = YES;
				HEADER_SEARCH_PATHS = "$(SDKROOT)/usr/include/libxml2";
				IPHONEOS_DEPLOYMENT_TARGET = 7.0;
				OTHER_CFLAGS = "-DNS_BLOCK_ASSERTIONS=1";
				PODS_ROOT = "${SRCROOT}/Pods ";
				PROVISIONING_PROFILE = "6d3e0ebf-3c13-4e7a-9b6a-202d903c7e47";
				"PROVISIONING_PROFILE[sdk=iphoneos*]" = "6d3e0ebf-3c13-4e7a-9b6a-202d903c7e47";
				SDKROOT = iphoneos;
				VALIDATE_PRODUCT = YES;
			};
			name = Release;
		};
		BCE3B7CB15AE49DA00205530 /* Debug */ = {
			isa = XCBuildConfiguration;
			baseConfigurationReference = 444F0BD36E762A7DC28B6DFB /* Pods.debug.xcconfig */;
			buildSettings = {
				ASSETCATALOG_COMPILER_APPICON_NAME = AppIcon;
				ASSETCATALOG_COMPILER_LAUNCHIMAGE_NAME = LaunchImage;
				CLANG_ENABLE_MODULES = YES;
				CLANG_ENABLE_OBJC_WEAK = NO;
				CODE_SIGN_IDENTITY = "iPhone Developer";
				"CODE_SIGN_IDENTITY[sdk=iphoneos*]" = "iPhone Developer";
				CURRENT_PROJECT_VERSION = 17;
				FRAMEWORK_SEARCH_PATHS = (
					"$(inherited)",
					"$(SRCROOT)/**",
					"$(SRCROOT)/Socialize.embeddedframework/**",
					"\"$(SDK_DIR)\"/usr/include/libxml2/**",
					"$(PROJECT_DIR)/Socialize.embeddedframework",
				);
				GCC_GENERATE_TEST_COVERAGE_FILES = YES;
				GCC_INSTRUMENT_PROGRAM_FLOW_ARCS = YES;
				GCC_PRECOMPILE_PREFIX_HEADER = YES;
				GCC_PREFIX_HEADER = "Pelotonia/Pelotonia-Prefix.pch";
				GCC_PREPROCESSOR_DEFINITIONS = (
					"TESTING=1",
					"DEBUG=1",
					"$(inherited)",
				);
				HEADER_SEARCH_PATHS = (
					"$(inherited)",
					"\"${PODS_ROOT}/Headers\"",
					"\"${PODS_ROOT}/Headers/AAPullToRefresh\"",
					"\"${PODS_ROOT}/Headers/AFNetworking\"",
					"\"${PODS_ROOT}/Headers/Appirater\"",
					"\"${PODS_ROOT}/Headers/ECSlidingViewController\"",
					"\"${PODS_ROOT}/Headers/MBProgressHUD\"",
					"\"${PODS_ROOT}/Headers/SDWebImage\"",
					"\"${PODS_ROOT}/Headers/UIActivityIndicator-for-SDWebImage\"",
					"\"$(SDK_DIR)\"/usr/include/libxml2",
					"\"$(PODS_ROOT)/Headers/MagicalRecord\"/**",
				);
				INFOPLIST_FILE = "Pelotonia/Pelotonia-Info.plist";
				IPHONEOS_DEPLOYMENT_TARGET = 9.0;
				LD_RUNPATH_SEARCH_PATHS = "$(inherited) @executable_path/Frameworks";
				LIBRARY_SEARCH_PATHS = "$(inherited)";
				ONLY_ACTIVE_ARCH = YES;
				OTHER_CFLAGS = (
					"$(inherited)",
					"-DDEBUG=1",
				);
				OTHER_LDFLAGS = (
					"-ObjC",
					"-all_load",
					"$(inherited)",
				);
				PRODUCT_BUNDLE_IDENTIFIER = "org.pelotonia.${PRODUCT_NAME:rfc1034identifier}";
				PRODUCT_NAME = "$(TARGET_NAME)";
				PROVISIONING_PROFILE = "";
				SWIFT_OBJC_BRIDGING_HEADER = "Pelotonia/Pelotonia-Bridging-Header.h";
				SWIFT_OPTIMIZATION_LEVEL = "-Onone";
				TARGETED_DEVICE_FAMILY = 1;
				USER_HEADER_SEARCH_PATHS = "Pelotonia/Vendor/**";
				VALID_ARCHS = "armv7 armv7s arm64";
				VERSIONING_SYSTEM = "apple-generic";
				WRAPPER_EXTENSION = app;
			};
			name = Debug;
		};
		BCE3B7CC15AE49DA00205530 /* Release */ = {
			isa = XCBuildConfiguration;
			baseConfigurationReference = D2604BC7990A390B9AA5A1E0 /* Pods.release.xcconfig */;
			buildSettings = {
				ASSETCATALOG_COMPILER_APPICON_NAME = AppIcon;
				ASSETCATALOG_COMPILER_LAUNCHIMAGE_NAME = LaunchImage;
				CLANG_ENABLE_MODULES = YES;
				CLANG_ENABLE_OBJC_WEAK = NO;
				CODE_SIGN_IDENTITY = "iPhone Distribution: Sandlot Software, LLC (E8N9T3D525)";
				"CODE_SIGN_IDENTITY[sdk=iphoneos*]" = "iPhone Distribution: Sandlot Software, LLC (E8N9T3D525)";
				CURRENT_PROJECT_VERSION = 17;
				FRAMEWORK_SEARCH_PATHS = (
					"$(inherited)",
					"$(SRCROOT)/**",
					"$(SRCROOT)/Socialize.embeddedframework/**",
					"\"$(SDK_DIR)\"/usr/include/libxml2/**",
					"$(PROJECT_DIR)/Socialize.embeddedframework",
				);
				GCC_PRECOMPILE_PREFIX_HEADER = YES;
				GCC_PREFIX_HEADER = "Pelotonia/Pelotonia-Prefix.pch";
				HEADER_SEARCH_PATHS = (
					"$(inherited)",
					"\"${PODS_ROOT}/Headers\"",
					"\"${PODS_ROOT}/Headers/AAPullToRefresh\"",
					"\"${PODS_ROOT}/Headers/AFNetworking\"",
					"\"${PODS_ROOT}/Headers/Appirater\"",
					"\"${PODS_ROOT}/Headers/ECSlidingViewController\"",
					"\"${PODS_ROOT}/Headers/MBProgressHUD\"",
					"\"${PODS_ROOT}/Headers/SDWebImage\"",
					"\"${PODS_ROOT}/Headers/UIActivityIndicator-for-SDWebImage\"",
					"\"$(SDK_DIR)\"/usr/include/libxml2",
					"\"$(PODS_ROOT)/Headers/MagicalRecord\"/**",
				);
				INFOPLIST_FILE = "Pelotonia/Pelotonia-Info.plist";
				IPHONEOS_DEPLOYMENT_TARGET = 9.0;
				LD_RUNPATH_SEARCH_PATHS = "$(inherited) @executable_path/Frameworks";
				LIBRARY_SEARCH_PATHS = "$(inherited)";
				OTHER_LDFLAGS = (
					"-ObjC",
					"-all_load",
					"$(inherited)",
				);
				PRODUCT_BUNDLE_IDENTIFIER = "org.pelotonia.${PRODUCT_NAME:rfc1034identifier}";
				PRODUCT_NAME = "$(TARGET_NAME)";
				PROVISIONING_PROFILE = "519b2e82-5cc1-4582-8148-940d264e4454";
				"PROVISIONING_PROFILE[sdk=iphoneos*]" = "519b2e82-5cc1-4582-8148-940d264e4454";
				SWIFT_OBJC_BRIDGING_HEADER = "Pelotonia/Pelotonia-Bridging-Header.h";
				TARGETED_DEVICE_FAMILY = 1;
				USER_HEADER_SEARCH_PATHS = "Pelotonia/Vendor/**";
				VALID_ARCHS = "armv7 armv7s arm64";
				VERSIONING_SYSTEM = "apple-generic";
				WRAPPER_EXTENSION = app;
			};
			name = Release;
		};
/* End XCBuildConfiguration section */

/* Begin XCConfigurationList section */
		BCE3B7AC15AE49DA00205530 /* Build configuration list for PBXProject "Pelotonia" */ = {
			isa = XCConfigurationList;
			buildConfigurations = (
				BCE3B7C815AE49DA00205530 /* Debug */,
				BCE3B7C915AE49DA00205530 /* Release */,
				4D6768C515CA17A000EA0547 /* AdHoc Distribution */,
			);
			defaultConfigurationIsVisible = 0;
			defaultConfigurationName = Release;
		};
		BCE3B7CA15AE49DA00205530 /* Build configuration list for PBXNativeTarget "Pelotonia" */ = {
			isa = XCConfigurationList;
			buildConfigurations = (
				BCE3B7CB15AE49DA00205530 /* Debug */,
				BCE3B7CC15AE49DA00205530 /* Release */,
				4D6768C615CA17A000EA0547 /* AdHoc Distribution */,
			);
			defaultConfigurationIsVisible = 0;
			defaultConfigurationName = Release;
		};
/* End XCConfigurationList section */

/* Begin XCVersionGroup section */
		BBDF062F195253C300FEED39 /* PelotoniaModel.xcdatamodeld */ = {
			isa = XCVersionGroup;
			children = (
				BBDF0630195253C300FEED39 /* PelotoniaModel.xcdatamodel */,
			);
			currentVersion = BBDF0630195253C300FEED39 /* PelotoniaModel.xcdatamodel */;
			name = PelotoniaModel.xcdatamodeld;
			path = Models/PelotoniaModel.xcdatamodeld;
			sourceTree = "<group>";
			versionGroupType = wrapper.xcdatamodel;
		};
/* End XCVersionGroup section */
	};
	rootObject = BCE3B7A915AE49DA00205530 /* Project object */;
}
